{
  "version": 4,
  "terraform_version": "1.3.7",
  "serial": 251,
  "lineage": "43156edf-22f4-ca12-a605-bf24964aa333",
  "outputs": {
    "private_subnet_ids": {
      "value": [
        "10.0.1.0/24",
        "10.0.2.0/24",
        "10.0.3.0/24"
      ],
      "type": [
        "list",
        "string"
      ]
    },
    "public_subnet_ids": {
      "value": [
        "10.0.101.0/24",
        "10.0.102.0/24",
        "10.0.103.0/24"
      ],
      "type": [
        "list",
        "string"
      ]
    },
    "vpc_id": {
      "value": "laravel-private-vpc",
      "type": "string"
    }
  },
  "resources": [
    {
      "module": "module.eks",
      "mode": "managed",
      "type": "random_string",
      "name": "suffix",
      "provider": "provider[\"registry.terraform.io/hashicorp/random\"]",
      "instances": [
        {
          "schema_version": 2,
          "attributes": {
            "id": "V8V64qfV",
            "keepers": null,
            "length": 8,
            "lower": true,
            "min_lower": 0,
            "min_numeric": 0,
            "min_special": 0,
            "min_upper": 0,
            "number": true,
            "numeric": true,
            "override_special": null,
            "result": "V8V64qfV",
            "special": false,
            "upper": true
          },
          "sensitive_attributes": [],
          "create_before_destroy": true
        }
      ]
    },
    {
      "module": "module.eks.module.ebs_csi_irsa_role",
      "mode": "data",
      "type": "aws_caller_identity",
      "name": "current",
      "provider": "provider[\"registry.terraform.io/hashicorp/aws\"]",
      "instances": [
        {
          "schema_version": 0,
          "attributes": {
            "account_id": "905418387368",
            "arn": "arn:aws:iam::905418387368:root",
            "id": "905418387368",
            "user_id": "905418387368"
          },
          "sensitive_attributes": []
        }
      ]
    },
    {
      "module": "module.eks.module.ebs_csi_irsa_role",
      "mode": "data",
      "type": "aws_iam_policy_document",
      "name": "ebs_csi",
      "provider": "provider[\"registry.terraform.io/hashicorp/aws\"]",
      "instances": [
        {
          "index_key": 0,
          "schema_version": 0,
          "attributes": {
            "id": "212299854",
            "json": "{\n  \"Version\": \"2012-10-17\",\n  \"Statement\": [\n    {\n      \"Effect\": \"Allow\",\n      \"Action\": [\n        \"ec2:ModifyVolume\",\n        \"ec2:EnableFastSnapshotRestores\",\n        \"ec2:DetachVolume\",\n        \"ec2:DescribeVolumesModifications\",\n        \"ec2:DescribeVolumes\",\n        \"ec2:DescribeTags\",\n        \"ec2:DescribeSnapshots\",\n        \"ec2:DescribeInstances\",\n        \"ec2:DescribeAvailabilityZones\",\n        \"ec2:CreateSnapshot\",\n        \"ec2:AttachVolume\"\n      ],\n      \"Resource\": \"*\"\n    },\n    {\n      \"Effect\": \"Allow\",\n      \"Action\": \"ec2:CreateTags\",\n      \"Resource\": [\n        \"arn:aws:ec2:*:*:volume/*\",\n        \"arn:aws:ec2:*:*:snapshot/*\"\n      ],\n      \"Condition\": {\n        \"StringEquals\": {\n          \"ec2:CreateAction\": [\n            \"CreateVolume\",\n            \"CreateSnapshot\"\n          ]\n        }\n      }\n    },\n    {\n      \"Effect\": \"Allow\",\n      \"Action\": \"ec2:DeleteTags\",\n      \"Resource\": [\n        \"arn:aws:ec2:*:*:volume/*\",\n        \"arn:aws:ec2:*:*:snapshot/*\"\n      ]\n    },\n    {\n      \"Effect\": \"Allow\",\n      \"Action\": \"ec2:CreateVolume\",\n      \"Resource\": \"*\",\n      \"Condition\": {\n        \"StringLike\": {\n          \"aws:RequestTag/ebs.csi.aws.com/cluster\": \"true\"\n        }\n      }\n    },\n    {\n      \"Effect\": \"Allow\",\n      \"Action\": \"ec2:CreateVolume\",\n      \"Resource\": \"*\",\n      \"Condition\": {\n        \"StringLike\": {\n          \"aws:RequestTag/CSIVolumeName\": \"*\"\n        }\n      }\n    },\n    {\n      \"Effect\": \"Allow\",\n      \"Action\": \"ec2:CreateVolume\",\n      \"Resource\": \"*\",\n      \"Condition\": {\n        \"StringLike\": {\n          \"aws:RequestTag/kubernetes.io/cluster/*\": \"owned\"\n        }\n      }\n    },\n    {\n      \"Effect\": \"Allow\",\n      \"Action\": \"ec2:DeleteVolume\",\n      \"Resource\": \"*\",\n      \"Condition\": {\n        \"StringLike\": {\n          \"ec2:ResourceTag/ebs.csi.aws.com/cluster\": \"true\"\n        }\n      }\n    },\n    {\n      \"Effect\": \"Allow\",\n      \"Action\": \"ec2:DeleteVolume\",\n      \"Resource\": \"*\",\n      \"Condition\": {\n        \"StringLike\": {\n          \"ec2:ResourceTag/CSIVolumeName\": \"*\"\n        }\n      }\n    },\n    {\n      \"Effect\": \"Allow\",\n      \"Action\": \"ec2:DeleteVolume\",\n      \"Resource\": \"*\",\n      \"Condition\": {\n        \"StringLike\": {\n          \"ec2:ResourceTag/kubernetes.io/cluster/*\": \"owned\"\n        }\n      }\n    },\n    {\n      \"Effect\": \"Allow\",\n      \"Action\": \"ec2:DeleteVolume\",\n      \"Resource\": \"*\",\n      \"Condition\": {\n        \"StringLike\": {\n          \"ec2:ResourceTag/kubernetes.io/created-for/pvc/name\": \"*\"\n        }\n      }\n    },\n    {\n      \"Effect\": \"Allow\",\n      \"Action\": \"ec2:DeleteSnapshot\",\n      \"Resource\": \"*\",\n      \"Condition\": {\n        \"StringLike\": {\n          \"ec2:ResourceTag/CSIVolumeSnapshotName\": \"*\"\n        }\n      }\n    },\n    {\n      \"Effect\": \"Allow\",\n      \"Action\": \"ec2:DeleteSnapshot\",\n      \"Resource\": \"*\",\n      \"Condition\": {\n        \"StringLike\": {\n          \"ec2:ResourceTag/ebs.csi.aws.com/cluster\": \"true\"\n        }\n      }\n    }\n  ]\n}",
            "minified_json": "{\"Version\":\"2012-10-17\",\"Statement\":[{\"Effect\":\"Allow\",\"Action\":[\"ec2:ModifyVolume\",\"ec2:EnableFastSnapshotRestores\",\"ec2:DetachVolume\",\"ec2:DescribeVolumesModifications\",\"ec2:DescribeVolumes\",\"ec2:DescribeTags\",\"ec2:DescribeSnapshots\",\"ec2:DescribeInstances\",\"ec2:DescribeAvailabilityZones\",\"ec2:CreateSnapshot\",\"ec2:AttachVolume\"],\"Resource\":\"*\"},{\"Effect\":\"Allow\",\"Action\":\"ec2:CreateTags\",\"Resource\":[\"arn:aws:ec2:*:*:volume/*\",\"arn:aws:ec2:*:*:snapshot/*\"],\"Condition\":{\"StringEquals\":{\"ec2:CreateAction\":[\"CreateVolume\",\"CreateSnapshot\"]}}},{\"Effect\":\"Allow\",\"Action\":\"ec2:DeleteTags\",\"Resource\":[\"arn:aws:ec2:*:*:volume/*\",\"arn:aws:ec2:*:*:snapshot/*\"]},{\"Effect\":\"Allow\",\"Action\":\"ec2:CreateVolume\",\"Resource\":\"*\",\"Condition\":{\"StringLike\":{\"aws:RequestTag/ebs.csi.aws.com/cluster\":\"true\"}}},{\"Effect\":\"Allow\",\"Action\":\"ec2:CreateVolume\",\"Resource\":\"*\",\"Condition\":{\"StringLike\":{\"aws:RequestTag/CSIVolumeName\":\"*\"}}},{\"Effect\":\"Allow\",\"Action\":\"ec2:CreateVolume\",\"Resource\":\"*\",\"Condition\":{\"StringLike\":{\"aws:RequestTag/kubernetes.io/cluster/*\":\"owned\"}}},{\"Effect\":\"Allow\",\"Action\":\"ec2:DeleteVolume\",\"Resource\":\"*\",\"Condition\":{\"StringLike\":{\"ec2:ResourceTag/ebs.csi.aws.com/cluster\":\"true\"}}},{\"Effect\":\"Allow\",\"Action\":\"ec2:DeleteVolume\",\"Resource\":\"*\",\"Condition\":{\"StringLike\":{\"ec2:ResourceTag/CSIVolumeName\":\"*\"}}},{\"Effect\":\"Allow\",\"Action\":\"ec2:DeleteVolume\",\"Resource\":\"*\",\"Condition\":{\"StringLike\":{\"ec2:ResourceTag/kubernetes.io/cluster/*\":\"owned\"}}},{\"Effect\":\"Allow\",\"Action\":\"ec2:DeleteVolume\",\"Resource\":\"*\",\"Condition\":{\"StringLike\":{\"ec2:ResourceTag/kubernetes.io/created-for/pvc/name\":\"*\"}}},{\"Effect\":\"Allow\",\"Action\":\"ec2:DeleteSnapshot\",\"Resource\":\"*\",\"Condition\":{\"StringLike\":{\"ec2:ResourceTag/CSIVolumeSnapshotName\":\"*\"}}},{\"Effect\":\"Allow\",\"Action\":\"ec2:DeleteSnapshot\",\"Resource\":\"*\",\"Condition\":{\"StringLike\":{\"ec2:ResourceTag/ebs.csi.aws.com/cluster\":\"true\"}}}]}",
            "override_json": null,
            "override_policy_documents": null,
            "policy_id": null,
            "source_json": null,
            "source_policy_documents": null,
            "statement": [
              {
                "actions": [
                  "ec2:AttachVolume",
                  "ec2:CreateSnapshot",
                  "ec2:DescribeAvailabilityZones",
                  "ec2:DescribeInstances",
                  "ec2:DescribeSnapshots",
                  "ec2:DescribeTags",
                  "ec2:DescribeVolumes",
                  "ec2:DescribeVolumesModifications",
                  "ec2:DetachVolume",
                  "ec2:EnableFastSnapshotRestores",
                  "ec2:ModifyVolume"
                ],
                "condition": [],
                "effect": "Allow",
                "not_actions": [],
                "not_principals": [],
                "not_resources": [],
                "principals": [],
                "resources": [
                  "*"
                ],
                "sid": ""
              },
              {
                "actions": [
                  "ec2:CreateTags"
                ],
                "condition": [
                  {
                    "test": "StringEquals",
                    "values": [
                      "CreateVolume",
                      "CreateSnapshot"
                    ],
                    "variable": "ec2:CreateAction"
                  }
                ],
                "effect": "Allow",
                "not_actions": [],
                "not_principals": [],
                "not_resources": [],
                "principals": [],
                "resources": [
                  "arn:aws:ec2:*:*:snapshot/*",
                  "arn:aws:ec2:*:*:volume/*"
                ],
                "sid": ""
              },
              {
                "actions": [
                  "ec2:DeleteTags"
                ],
                "condition": [],
                "effect": "Allow",
                "not_actions": [],
                "not_principals": [],
                "not_resources": [],
                "principals": [],
                "resources": [
                  "arn:aws:ec2:*:*:snapshot/*",
                  "arn:aws:ec2:*:*:volume/*"
                ],
                "sid": ""
              },
              {
                "actions": [
                  "ec2:CreateVolume"
                ],
                "condition": [
                  {
                    "test": "StringLike",
                    "values": [
                      "true"
                    ],
                    "variable": "aws:RequestTag/ebs.csi.aws.com/cluster"
                  }
                ],
                "effect": "Allow",
                "not_actions": [],
                "not_principals": [],
                "not_resources": [],
                "principals": [],
                "resources": [
                  "*"
                ],
                "sid": ""
              },
              {
                "actions": [
                  "ec2:CreateVolume"
                ],
                "condition": [
                  {
                    "test": "StringLike",
                    "values": [
                      "*"
                    ],
                    "variable": "aws:RequestTag/CSIVolumeName"
                  }
                ],
                "effect": "Allow",
                "not_actions": [],
                "not_principals": [],
                "not_resources": [],
                "principals": [],
                "resources": [
                  "*"
                ],
                "sid": ""
              },
              {
                "actions": [
                  "ec2:CreateVolume"
                ],
                "condition": [
                  {
                    "test": "StringLike",
                    "values": [
                      "owned"
                    ],
                    "variable": "aws:RequestTag/kubernetes.io/cluster/*"
                  }
                ],
                "effect": "Allow",
                "not_actions": [],
                "not_principals": [],
                "not_resources": [],
                "principals": [],
                "resources": [
                  "*"
                ],
                "sid": ""
              },
              {
                "actions": [
                  "ec2:DeleteVolume"
                ],
                "condition": [
                  {
                    "test": "StringLike",
                    "values": [
                      "true"
                    ],
                    "variable": "ec2:ResourceTag/ebs.csi.aws.com/cluster"
                  }
                ],
                "effect": "Allow",
                "not_actions": [],
                "not_principals": [],
                "not_resources": [],
                "principals": [],
                "resources": [
                  "*"
                ],
                "sid": ""
              },
              {
                "actions": [
                  "ec2:DeleteVolume"
                ],
                "condition": [
                  {
                    "test": "StringLike",
                    "values": [
                      "*"
                    ],
                    "variable": "ec2:ResourceTag/CSIVolumeName"
                  }
                ],
                "effect": "Allow",
                "not_actions": [],
                "not_principals": [],
                "not_resources": [],
                "principals": [],
                "resources": [
                  "*"
                ],
                "sid": ""
              },
              {
                "actions": [
                  "ec2:DeleteVolume"
                ],
                "condition": [
                  {
                    "test": "StringLike",
                    "values": [
                      "owned"
                    ],
                    "variable": "ec2:ResourceTag/kubernetes.io/cluster/*"
                  }
                ],
                "effect": "Allow",
                "not_actions": [],
                "not_principals": [],
                "not_resources": [],
                "principals": [],
                "resources": [
                  "*"
                ],
                "sid": ""
              },
              {
                "actions": [
                  "ec2:DeleteVolume"
                ],
                "condition": [
                  {
                    "test": "StringLike",
                    "values": [
                      "*"
                    ],
                    "variable": "ec2:ResourceTag/kubernetes.io/created-for/pvc/name"
                  }
                ],
                "effect": "Allow",
                "not_actions": [],
                "not_principals": [],
                "not_resources": [],
                "principals": [],
                "resources": [
                  "*"
                ],
                "sid": ""
              },
              {
                "actions": [
                  "ec2:DeleteSnapshot"
                ],
                "condition": [
                  {
                    "test": "StringLike",
                    "values": [
                      "*"
                    ],
                    "variable": "ec2:ResourceTag/CSIVolumeSnapshotName"
                  }
                ],
                "effect": "Allow",
                "not_actions": [],
                "not_principals": [],
                "not_resources": [],
                "principals": [],
                "resources": [
                  "*"
                ],
                "sid": ""
              },
              {
                "actions": [
                  "ec2:DeleteSnapshot"
                ],
                "condition": [
                  {
                    "test": "StringLike",
                    "values": [
                      "true"
                    ],
                    "variable": "ec2:ResourceTag/ebs.csi.aws.com/cluster"
                  }
                ],
                "effect": "Allow",
                "not_actions": [],
                "not_principals": [],
                "not_resources": [],
                "principals": [],
                "resources": [
                  "*"
                ],
                "sid": ""
              }
            ],
            "version": "2012-10-17"
          },
          "sensitive_attributes": []
        }
      ]
    },
    {
      "module": "module.eks.module.ebs_csi_irsa_role",
      "mode": "data",
      "type": "aws_iam_policy_document",
      "name": "this",
      "provider": "provider[\"registry.terraform.io/hashicorp/aws\"]",
      "instances": [
        {
          "index_key": 0,
          "schema_version": 0,
          "attributes": {
            "id": "2380353183",
            "json": "{\n  \"Version\": \"2012-10-17\",\n  \"Statement\": [\n    {\n      \"Effect\": \"Allow\",\n      \"Action\": \"sts:AssumeRoleWithWebIdentity\",\n      \"Principal\": {\n        \"Federated\": \"arn:aws:iam::905418387368:oidc-provider/oidc.eks.eu-central-1.amazonaws.com/id/CBC8C776D209862A2E2042E537127E55\"\n      },\n      \"Condition\": {\n        \"StringEquals\": {\n          \"oidc.eks.eu-central-1.amazonaws.com/id/CBC8C776D209862A2E2042E537127E55:aud\": \"sts.amazonaws.com\",\n          \"oidc.eks.eu-central-1.amazonaws.com/id/CBC8C776D209862A2E2042E537127E55:sub\": \"system:serviceaccount:kube-system:ebs-csi-controller-sa\"\n        }\n      }\n    }\n  ]\n}",
            "minified_json": "{\"Version\":\"2012-10-17\",\"Statement\":[{\"Effect\":\"Allow\",\"Action\":\"sts:AssumeRoleWithWebIdentity\",\"Principal\":{\"Federated\":\"arn:aws:iam::905418387368:oidc-provider/oidc.eks.eu-central-1.amazonaws.com/id/CBC8C776D209862A2E2042E537127E55\"},\"Condition\":{\"StringEquals\":{\"oidc.eks.eu-central-1.amazonaws.com/id/CBC8C776D209862A2E2042E537127E55:aud\":\"sts.amazonaws.com\",\"oidc.eks.eu-central-1.amazonaws.com/id/CBC8C776D209862A2E2042E537127E55:sub\":\"system:serviceaccount:kube-system:ebs-csi-controller-sa\"}}}]}",
            "override_json": null,
            "override_policy_documents": null,
            "policy_id": null,
            "source_json": null,
            "source_policy_documents": null,
            "statement": [
              {
                "actions": [
                  "sts:AssumeRoleWithWebIdentity"
                ],
                "condition": [
                  {
                    "test": "StringEquals",
                    "values": [
                      "sts.amazonaws.com"
                    ],
                    "variable": "oidc.eks.eu-central-1.amazonaws.com/id/CBC8C776D209862A2E2042E537127E55:aud"
                  },
                  {
                    "test": "StringEquals",
                    "values": [
                      "system:serviceaccount:kube-system:ebs-csi-controller-sa"
                    ],
                    "variable": "oidc.eks.eu-central-1.amazonaws.com/id/CBC8C776D209862A2E2042E537127E55:sub"
                  }
                ],
                "effect": "Allow",
                "not_actions": [],
                "not_principals": [],
                "not_resources": [],
                "principals": [
                  {
                    "identifiers": [
                      "arn:aws:iam::905418387368:oidc-provider/oidc.eks.eu-central-1.amazonaws.com/id/CBC8C776D209862A2E2042E537127E55"
                    ],
                    "type": "Federated"
                  }
                ],
                "resources": [],
                "sid": ""
              }
            ],
            "version": "2012-10-17"
          },
          "sensitive_attributes": []
        }
      ]
    },
    {
      "module": "module.eks.module.ebs_csi_irsa_role",
      "mode": "data",
      "type": "aws_partition",
      "name": "current",
      "provider": "provider[\"registry.terraform.io/hashicorp/aws\"]",
      "instances": [
        {
          "schema_version": 0,
          "attributes": {
            "dns_suffix": "amazonaws.com",
            "id": "aws",
            "partition": "aws",
            "reverse_dns_prefix": "com.amazonaws"
          },
          "sensitive_attributes": []
        }
      ]
    },
    {
      "module": "module.eks.module.ebs_csi_irsa_role",
      "mode": "data",
      "type": "aws_region",
      "name": "current",
      "provider": "provider[\"registry.terraform.io/hashicorp/aws\"]",
      "instances": [
        {
          "schema_version": 0,
          "attributes": {
            "description": "Europe (Frankfurt)",
            "endpoint": "ec2.eu-central-1.amazonaws.com",
            "id": "eu-central-1",
            "name": "eu-central-1"
          },
          "sensitive_attributes": []
        }
      ]
    },
    {
      "module": "module.eks.module.ebs_csi_irsa_role",
      "mode": "managed",
      "type": "aws_iam_policy",
      "name": "ebs_csi",
      "provider": "provider[\"registry.terraform.io/hashicorp/aws\"]",
      "instances": [
        {
          "index_key": 0,
          "schema_version": 0,
          "attributes": {
            "arn": "arn:aws:iam::905418387368:policy/AmazonEKS_EBS_CSI_Policy-20240604104211244700000001",
            "attachment_count": 0,
            "description": "Provides permissions to manage EBS volumes via the container storage interface driver",
            "id": "arn:aws:iam::905418387368:policy/AmazonEKS_EBS_CSI_Policy-20240604104211244700000001",
            "name": "AmazonEKS_EBS_CSI_Policy-20240604104211244700000001",
            "name_prefix": "AmazonEKS_EBS_CSI_Policy-",
            "path": "/",
            "policy": "{\"Statement\":[{\"Action\":[\"ec2:ModifyVolume\",\"ec2:EnableFastSnapshotRestores\",\"ec2:DetachVolume\",\"ec2:DescribeVolumesModifications\",\"ec2:DescribeVolumes\",\"ec2:DescribeTags\",\"ec2:DescribeSnapshots\",\"ec2:DescribeInstances\",\"ec2:DescribeAvailabilityZones\",\"ec2:CreateSnapshot\",\"ec2:AttachVolume\"],\"Effect\":\"Allow\",\"Resource\":\"*\"},{\"Action\":\"ec2:CreateTags\",\"Condition\":{\"StringEquals\":{\"ec2:CreateAction\":[\"CreateVolume\",\"CreateSnapshot\"]}},\"Effect\":\"Allow\",\"Resource\":[\"arn:aws:ec2:*:*:volume/*\",\"arn:aws:ec2:*:*:snapshot/*\"]},{\"Action\":\"ec2:DeleteTags\",\"Effect\":\"Allow\",\"Resource\":[\"arn:aws:ec2:*:*:volume/*\",\"arn:aws:ec2:*:*:snapshot/*\"]},{\"Action\":\"ec2:CreateVolume\",\"Condition\":{\"StringLike\":{\"aws:RequestTag/ebs.csi.aws.com/cluster\":\"true\"}},\"Effect\":\"Allow\",\"Resource\":\"*\"},{\"Action\":\"ec2:CreateVolume\",\"Condition\":{\"StringLike\":{\"aws:RequestTag/CSIVolumeName\":\"*\"}},\"Effect\":\"Allow\",\"Resource\":\"*\"},{\"Action\":\"ec2:CreateVolume\",\"Condition\":{\"StringLike\":{\"aws:RequestTag/kubernetes.io/cluster/*\":\"owned\"}},\"Effect\":\"Allow\",\"Resource\":\"*\"},{\"Action\":\"ec2:DeleteVolume\",\"Condition\":{\"StringLike\":{\"ec2:ResourceTag/ebs.csi.aws.com/cluster\":\"true\"}},\"Effect\":\"Allow\",\"Resource\":\"*\"},{\"Action\":\"ec2:DeleteVolume\",\"Condition\":{\"StringLike\":{\"ec2:ResourceTag/CSIVolumeName\":\"*\"}},\"Effect\":\"Allow\",\"Resource\":\"*\"},{\"Action\":\"ec2:DeleteVolume\",\"Condition\":{\"StringLike\":{\"ec2:ResourceTag/kubernetes.io/cluster/*\":\"owned\"}},\"Effect\":\"Allow\",\"Resource\":\"*\"},{\"Action\":\"ec2:DeleteVolume\",\"Condition\":{\"StringLike\":{\"ec2:ResourceTag/kubernetes.io/created-for/pvc/name\":\"*\"}},\"Effect\":\"Allow\",\"Resource\":\"*\"},{\"Action\":\"ec2:DeleteSnapshot\",\"Condition\":{\"StringLike\":{\"ec2:ResourceTag/CSIVolumeSnapshotName\":\"*\"}},\"Effect\":\"Allow\",\"Resource\":\"*\"},{\"Action\":\"ec2:DeleteSnapshot\",\"Condition\":{\"StringLike\":{\"ec2:ResourceTag/ebs.csi.aws.com/cluster\":\"true\"}},\"Effect\":\"Allow\",\"Resource\":\"*\"}],\"Version\":\"2012-10-17\"}",
            "policy_id": "ANPA5FTZEF6UPLQNO3J4I",
            "tags": null,
            "tags_all": {}
          },
          "sensitive_attributes": [],
          "private": "bnVsbA==",
          "dependencies": [
            "module.eks.module.ebs_csi_irsa_role.data.aws_iam_policy_document.ebs_csi"
          ]
        }
      ]
    },
    {
      "module": "module.eks.module.ebs_csi_irsa_role",
      "mode": "managed",
      "type": "aws_iam_role",
      "name": "this",
      "provider": "provider[\"registry.terraform.io/hashicorp/aws\"]",
      "instances": [
        {
          "index_key": 0,
          "schema_version": 0,
          "attributes": {
            "arn": "arn:aws:iam::905418387368:role/laravel-eks-V8V64qfV-ebs-csi",
            "assume_role_policy": "{\"Statement\":[{\"Action\":\"sts:AssumeRoleWithWebIdentity\",\"Condition\":{\"StringEquals\":{\"oidc.eks.eu-central-1.amazonaws.com/id/CBC8C776D209862A2E2042E537127E55:aud\":\"sts.amazonaws.com\",\"oidc.eks.eu-central-1.amazonaws.com/id/CBC8C776D209862A2E2042E537127E55:sub\":\"system:serviceaccount:kube-system:ebs-csi-controller-sa\"}},\"Effect\":\"Allow\",\"Principal\":{\"Federated\":\"arn:aws:iam::905418387368:oidc-provider/oidc.eks.eu-central-1.amazonaws.com/id/CBC8C776D209862A2E2042E537127E55\"}}],\"Version\":\"2012-10-17\"}",
            "create_date": "2024-06-04T10:42:12Z",
            "description": "",
            "force_detach_policies": true,
            "id": "laravel-eks-V8V64qfV-ebs-csi",
            "inline_policy": [],
            "managed_policy_arns": [],
            "max_session_duration": 3600,
            "name": "laravel-eks-V8V64qfV-ebs-csi",
            "name_prefix": "",
            "path": "/",
            "permissions_boundary": "",
            "tags": null,
            "tags_all": {},
            "unique_id": "AROA5FTZEF6UAFB34IRZA"
          },
          "sensitive_attributes": [],
          "private": "bnVsbA==",
          "dependencies": [
            "module.eks.module.ebs_csi_irsa_role.data.aws_iam_policy_document.this",
            "module.eks.random_string.suffix"
          ]
        }
      ]
    },
    {
      "module": "module.eks.module.ebs_csi_irsa_role",
      "mode": "managed",
      "type": "aws_iam_role_policy_attachment",
      "name": "ebs_csi",
      "provider": "provider[\"registry.terraform.io/hashicorp/aws\"]",
      "instances": [
        {
          "index_key": 0,
          "schema_version": 0,
          "attributes": {
            "id": "laravel-eks-V8V64qfV-ebs-csi-20240604104212802800000003",
            "policy_arn": "arn:aws:iam::905418387368:policy/AmazonEKS_EBS_CSI_Policy-20240604104211244700000001",
            "role": "laravel-eks-V8V64qfV-ebs-csi"
          },
          "sensitive_attributes": [],
          "private": "bnVsbA==",
          "dependencies": [
            "module.eks.module.ebs_csi_irsa_role.aws_iam_policy.ebs_csi",
            "module.eks.module.ebs_csi_irsa_role.aws_iam_role.this",
            "module.eks.module.ebs_csi_irsa_role.data.aws_iam_policy_document.ebs_csi",
            "module.eks.module.ebs_csi_irsa_role.data.aws_iam_policy_document.this",
            "module.eks.random_string.suffix"
          ]
        }
      ]
    },
    {
      "module": "module.eks.module.eks",
      "mode": "data",
      "type": "aws_caller_identity",
      "name": "current",
      "provider": "provider[\"registry.terraform.io/hashicorp/aws\"]",
      "instances": [
        {
          "schema_version": 0,
          "attributes": {
            "account_id": "905418387368",
            "arn": "arn:aws:iam::905418387368:root",
            "id": "905418387368",
            "user_id": "905418387368"
          },
          "sensitive_attributes": []
        }
      ]
    },
    {
      "module": "module.eks.module.eks",
      "mode": "data",
      "type": "aws_eks_addon_version",
      "name": "this",
      "provider": "provider[\"registry.terraform.io/hashicorp/aws\"]",
      "instances": [
        {
          "index_key": "aws-ebs-csi-driver",
          "schema_version": 0,
          "attributes": {
            "addon_name": "aws-ebs-csi-driver",
            "id": "aws-ebs-csi-driver",
            "kubernetes_version": "1.29",
            "most_recent": true,
            "version": "v1.31.0-eksbuild.1"
          },
          "sensitive_attributes": []
        },
        {
          "index_key": "coredns",
          "schema_version": 0,
          "attributes": {
            "addon_name": "coredns",
            "id": "coredns",
            "kubernetes_version": "1.29",
            "most_recent": true,
            "version": "v1.11.1-eksbuild.9"
          },
          "sensitive_attributes": []
        },
        {
          "index_key": "kube-proxy",
          "schema_version": 0,
          "attributes": {
            "addon_name": "kube-proxy",
            "id": "kube-proxy",
            "kubernetes_version": "1.29",
            "most_recent": true,
            "version": "v1.29.3-eksbuild.2"
          },
          "sensitive_attributes": []
        },
        {
          "index_key": "vpc-cni",
          "schema_version": 0,
          "attributes": {
            "addon_name": "vpc-cni",
            "id": "vpc-cni",
            "kubernetes_version": "1.29",
            "most_recent": true,
            "version": "v1.18.1-eksbuild.3"
          },
          "sensitive_attributes": []
        }
      ]
    },
    {
      "module": "module.eks.module.eks",
      "mode": "data",
      "type": "aws_iam_policy_document",
      "name": "assume_role_policy",
      "provider": "provider[\"registry.terraform.io/hashicorp/aws\"]",
      "instances": [
        {
          "index_key": 0,
          "schema_version": 0,
          "attributes": {
            "id": "2764486067",
            "json": "{\n  \"Version\": \"2012-10-17\",\n  \"Statement\": [\n    {\n      \"Sid\": \"EKSClusterAssumeRole\",\n      \"Effect\": \"Allow\",\n      \"Action\": \"sts:AssumeRole\",\n      \"Principal\": {\n        \"Service\": \"eks.amazonaws.com\"\n      }\n    }\n  ]\n}",
            "minified_json": "{\"Version\":\"2012-10-17\",\"Statement\":[{\"Sid\":\"EKSClusterAssumeRole\",\"Effect\":\"Allow\",\"Action\":\"sts:AssumeRole\",\"Principal\":{\"Service\":\"eks.amazonaws.com\"}}]}",
            "override_json": null,
            "override_policy_documents": null,
            "policy_id": null,
            "source_json": null,
            "source_policy_documents": null,
            "statement": [
              {
                "actions": [
                  "sts:AssumeRole"
                ],
                "condition": [],
                "effect": "Allow",
                "not_actions": [],
                "not_principals": [],
                "not_resources": [],
                "principals": [
                  {
                    "identifiers": [
                      "eks.amazonaws.com"
                    ],
                    "type": "Service"
                  }
                ],
                "resources": [],
                "sid": "EKSClusterAssumeRole"
              }
            ],
            "version": "2012-10-17"
          },
          "sensitive_attributes": []
        }
      ]
    },
    {
      "module": "module.eks.module.eks",
      "mode": "data",
      "type": "aws_iam_session_context",
      "name": "current",
      "provider": "provider[\"registry.terraform.io/hashicorp/aws\"]",
      "instances": [
        {
          "schema_version": 0,
          "attributes": {
            "arn": "arn:aws:iam::905418387368:root",
            "id": "arn:aws:iam::905418387368:root",
            "issuer_arn": "arn:aws:iam::905418387368:root",
            "issuer_id": "",
            "issuer_name": "",
            "session_name": ""
          },
          "sensitive_attributes": []
        }
      ]
    },
    {
      "module": "module.eks.module.eks",
      "mode": "data",
      "type": "aws_partition",
      "name": "current",
      "provider": "provider[\"registry.terraform.io/hashicorp/aws\"]",
      "instances": [
        {
          "schema_version": 0,
          "attributes": {
            "dns_suffix": "amazonaws.com",
            "id": "aws",
            "partition": "aws",
            "reverse_dns_prefix": "com.amazonaws"
          },
          "sensitive_attributes": []
        }
      ]
    },
    {
      "module": "module.eks.module.eks",
      "mode": "data",
      "type": "tls_certificate",
      "name": "this",
      "provider": "provider[\"registry.terraform.io/hashicorp/tls\"]",
      "instances": [
        {
          "index_key": 0,
          "schema_version": 0,
          "attributes": {
            "certificates": [
              {
                "cert_pem": "-----BEGIN CERTIFICATE-----\nMIIEdTCCA12gAwIBAgIJAKcOSkw0grd/MA0GCSqGSIb3DQEBCwUAMGgxCzAJBgNV\nBAYTAlVTMSUwIwYDVQQKExxTdGFyZmllbGQgVGVjaG5vbG9naWVzLCBJbmMuMTIw\nMAYDVQQLEylTdGFyZmllbGQgQ2xhc3MgMiBDZXJ0aWZpY2F0aW9uIEF1dGhvcml0\neTAeFw0wOTA5MDIwMDAwMDBaFw0zNDA2MjgxNzM5MTZaMIGYMQswCQYDVQQGEwJV\nUzEQMA4GA1UECBMHQXJpem9uYTETMBEGA1UEBxMKU2NvdHRzZGFsZTElMCMGA1UE\nChMcU3RhcmZpZWxkIFRlY2hub2xvZ2llcywgSW5jLjE7MDkGA1UEAxMyU3RhcmZp\nZWxkIFNlcnZpY2VzIFJvb3QgQ2VydGlmaWNhdGUgQXV0aG9yaXR5IC0gRzIwggEi\nMA0GCSqGSIb3DQEBAQUAA4IBDwAwggEKAoIBAQDVDDrEKvlO4vW+GZdfjohTsR8/\ny8+fIBNtKTrID30892t2OGPZNmCom15cAICyL1l/9of5JUOG52kbUpqQ4XHj2C0N\nTm/2yEnZtvMaVq4rtnQU68/7JuMauh2WLmo7WJSJR1b/JaCTcFOD2oR0FMNnngRo\nOt+OQFodSk7PQ5E751bWAHDLUu57fa4657wx+UX2wmDPE1kCK4DMNEffud6QZW0C\nzyyRpqbn3oUYSXxmTqM6bam17jQuug0DuDPfR+uxa40l2ZvOgdFFRjKWcIfeAg5J\nQ4W2bHO7ZOphQazJ1FTfhy/HIrImzJ9ZVGif/L4qL8RVHHVAYBeFAlU5i38FAgMB\nAAGjgfAwge0wDwYDVR0TAQH/BAUwAwEB/zAOBgNVHQ8BAf8EBAMCAYYwHQYDVR0O\nBBYEFJxfAN+qAdcwKziIorhtSpzyEZGDMB8GA1UdIwQYMBaAFL9ft9HO3R+G9FtV\nrNzXEMIOqYjnME8GCCsGAQUFBwEBBEMwQTAcBggrBgEFBQcwAYYQaHR0cDovL28u\nc3MyLnVzLzAhBggrBgEFBQcwAoYVaHR0cDovL3guc3MyLnVzL3guY2VyMCYGA1Ud\nHwQfMB0wG6AZoBeGFWh0dHA6Ly9zLnNzMi51cy9yLmNybDARBgNVHSAECjAIMAYG\nBFUdIAAwDQYJKoZIhvcNAQELBQADggEBACMd44pXyn3pF3lM8R5V/cxTbj5HD9/G\nVfKyBDbtgB9TxF00KGu+x1X8Z+rLP3+QsjPNG1gQggL4+C/1E2DUBc7xgQjB3ad1\nl08YuW3e95ORCLp+QCztweq7dp4zBncdDQh/U90bZKuCJ/Fp1U1ervShw3WnWEQt\n8jxwmKy6abaVd38PMV4s/KCHOkdp8Hlf9BRUpJVeEXgSYCfOn8J3/yNTd126/+pZ\n59vPr5KW7ySaNRB6nJHGDn2Z9j8Z3/VyVOEVqQdZe4O/Ui5GjLIAZHYcSNPYeehu\nVsyuLAOQ1xk4meTKCRlb/weWsKh/NEnfVqn3sF/tM+2MR7cwA130A4w=\n-----END CERTIFICATE-----\n",
                "is_ca": true,
                "issuer": "OU=Starfield Class 2 Certification Authority,O=Starfield Technologies\\, Inc.,C=US",
                "not_after": "2034-06-28T17:39:16Z",
                "not_before": "2009-09-02T00:00:00Z",
                "public_key_algorithm": "RSA",
                "serial_number": "12037640545166866303",
                "sha1_fingerprint": "9e99a48a9960b14926bb7f3b02e22da2b0ab7280",
                "signature_algorithm": "SHA256-RSA",
                "subject": "CN=Starfield Services Root Certificate Authority - G2,O=Starfield Technologies\\, Inc.,L=Scottsdale,ST=Arizona,C=US",
                "version": 3
              },
              {
                "cert_pem": "-----BEGIN CERTIFICATE-----\nMIIEkjCCA3qgAwIBAgITBn+USionzfP6wq4rAfkI7rnExjANBgkqhkiG9w0BAQsF\nADCBmDELMAkGA1UEBhMCVVMxEDAOBgNVBAgTB0FyaXpvbmExEzARBgNVBAcTClNj\nb3R0c2RhbGUxJTAjBgNVBAoTHFN0YXJmaWVsZCBUZWNobm9sb2dpZXMsIEluYy4x\nOzA5BgNVBAMTMlN0YXJmaWVsZCBTZXJ2aWNlcyBSb290IENlcnRpZmljYXRlIEF1\ndGhvcml0eSAtIEcyMB4XDTE1MDUyNTEyMDAwMFoXDTM3MTIzMTAxMDAwMFowOTEL\nMAkGA1UEBhMCVVMxDzANBgNVBAoTBkFtYXpvbjEZMBcGA1UEAxMQQW1hem9uIFJv\nb3QgQ0EgMTCCASIwDQYJKoZIhvcNAQEBBQADggEPADCCAQoCggEBALJ4gHHKeNXj\nca9HgFB0fW7Y14h29Jlo91ghYPl0hAEvrAIthtOgQ3pOsqTQNroBvo3bSMgHFzZM\n9O6II8c+6zf1tRn4SWiw3te5djgdYZ6k/oI2peVKVuRF4fn9tBb6dNqcmzU5L/qw\nIFAGbHrQgLKm+a/sRxmPUDgH3KKHOVj4utWp+UhnMJbulHheb4mjUcAwhmahRWa6\nVOujw5H5SNz/0egwLX0tdHA114gk957EWW67c4cX8jJGKLhD+rcdqsq08p8kDi1L\n93FcXmn/6pUCyziKrlA4b9v7LWIbxcceVOF34GfID5yHI9Y/QCB/IIDEgEw+OyQm\njgSubJrIqg0CAwEAAaOCATEwggEtMA8GA1UdEwEB/wQFMAMBAf8wDgYDVR0PAQH/\nBAQDAgGGMB0GA1UdDgQWBBSEGMyFNOy8DJSULghZnMeyEE4KCDAfBgNVHSMEGDAW\ngBScXwDfqgHXMCs4iKK4bUqc8hGRgzB4BggrBgEFBQcBAQRsMGowLgYIKwYBBQUH\nMAGGImh0dHA6Ly9vY3NwLnJvb3RnMi5hbWF6b250cnVzdC5jb20wOAYIKwYBBQUH\nMAKGLGh0dHA6Ly9jcnQucm9vdGcyLmFtYXpvbnRydXN0LmNvbS9yb290ZzIuY2Vy\nMD0GA1UdHwQ2MDQwMqAwoC6GLGh0dHA6Ly9jcmwucm9vdGcyLmFtYXpvbnRydXN0\nLmNvbS9yb290ZzIuY3JsMBEGA1UdIAQKMAgwBgYEVR0gADANBgkqhkiG9w0BAQsF\nAAOCAQEAYjdCXLwQtT6LLOkMm2xF4gcAevnFWAu5CIw+7bMlPLVvUOTNNWqnkzSW\nMiGpSESrnO09tKpzbeR/FoCJbM8oAxiDR3mjEH4wW6w7sGDgd9QIpuEdfF7Au/ma\neyKdpwAJfqxGF4PcnCZXmTA5YpaP7dreqsXMGz7KQ2hsVxa81Q4gLv7/wmpdLqBK\nbRRYh5TmOTFffHPLkIhqhBGWJ6bt2YFGpn6jcgAKUj6DiAdjd4lpFw85hdKrCEVN\n0FE6/V1dN2RMfjCyVSRCnTawXZwXgWHxyvkQAiSr6w10kY17RSlQOYiypok1JR4U\nakcjMS9cmvqtmg5iUaQqqcT5NJ0hGA==\n-----END CERTIFICATE-----\n",
                "is_ca": true,
                "issuer": "CN=Starfield Services Root Certificate Authority - G2,O=Starfield Technologies\\, Inc.,L=Scottsdale,ST=Arizona,C=US",
                "not_after": "2037-12-31T01:00:00Z",
                "not_before": "2015-05-25T12:00:00Z",
                "public_key_algorithm": "RSA",
                "serial_number": "144918191876577076464031512351042010504348870",
                "sha1_fingerprint": "06b25927c42a721631c1efd9431e648fa62e1e39",
                "signature_algorithm": "SHA256-RSA",
                "subject": "CN=Amazon Root CA 1,O=Amazon,C=US",
                "version": 3
              },
              {
                "cert_pem": "-----BEGIN CERTIFICATE-----\nMIIEXjCCA0agAwIBAgITB3MSTNQG0mfAmRzdKZqfODF5hTANBgkqhkiG9w0BAQsF\nADA5MQswCQYDVQQGEwJVUzEPMA0GA1UEChMGQW1hem9uMRkwFwYDVQQDExBBbWF6\nb24gUm9vdCBDQSAxMB4XDTIyMDgyMzIyMjYwNFoXDTMwMDgyMzIyMjYwNFowPDEL\nMAkGA1UEBhMCVVMxDzANBgNVBAoTBkFtYXpvbjEcMBoGA1UEAxMTQW1hem9uIFJT\nQSAyMDQ4IE0wMzCCASIwDQYJKoZIhvcNAQEBBQADggEPADCCAQoCggEBALd/pVko\n8vuM475Tf45HV3BbCl/B9Jy89G1CRkFjcPY06WA9lS+7dWbUA7GtWUKoksr69hKM\nwcMsNpxlw7b3jeXFgxB09/nmalcAWtnLzF+LaDKEA5DQmvKzuh1nfIfqEiKCQSmX\nXh09Xs+dO7cm5qbaL2hhNJCSAejciwcvOFgFNgEMR42wm6KIFHsQW28jhA+1u/M0\np6fVwReuEgZfLfdx82Px0LJck3lST3EB/JfbdsdOzzzg5YkY1dfuqf8y5fUeZ7Cz\nWXbTjujwX/TovmeWKA36VLCz75azW6tDNuDn66FOpADZZ9omVaF6BqNJiLMVl6P3\n/c0OiUMC6Z5OfKcCAwEAAaOCAVowggFWMBIGA1UdEwEB/wQIMAYBAf8CAQAwDgYD\nVR0PAQH/BAQDAgGGMB0GA1UdJQQWMBQGCCsGAQUFBwMBBggrBgEFBQcDAjAdBgNV\nHQ4EFgQUVdkYX9IczAHhWLS+q9lVQgHXLgIwHwYDVR0jBBgwFoAUhBjMhTTsvAyU\nlC4IWZzHshBOCggwewYIKwYBBQUHAQEEbzBtMC8GCCsGAQUFBzABhiNodHRwOi8v\nb2NzcC5yb290Y2ExLmFtYXpvbnRydXN0LmNvbTA6BggrBgEFBQcwAoYuaHR0cDov\nL2NydC5yb290Y2ExLmFtYXpvbnRydXN0LmNvbS9yb290Y2ExLmNlcjA/BgNVHR8E\nODA2MDSgMqAwhi5odHRwOi8vY3JsLnJvb3RjYTEuYW1hem9udHJ1c3QuY29tL3Jv\nb3RjYTEuY3JsMBMGA1UdIAQMMAowCAYGZ4EMAQIBMA0GCSqGSIb3DQEBCwUAA4IB\nAQAGjeWm2cC+3z2MzSCnte46/7JZvj3iQZDY7EvODNdZF41n71Lrk9kbfNwerK0d\nVNzW36Wefr7j7ZSwBVg50W5ay65jNSN74TTQV1yt4WnSbVvN6KlMs1hiyOZdoHKs\nKDV2UGNxbdoBYCQNa2GYF8FQIWLugNp35aSOpMy6cFlymFQomIrnOQHwK1nvVY4q\nxDSJMU/gNJz17D8ArPN3ngnyZ2TwepJ0uBINz3G5te2rdFUF4i4Y3Bb7FUlHDYm4\nu8aIRGpk2ZpfXmxaoxnbIBZRvGLPSUuPwnwoUOMsJ8jirI5vs2dvchPb7MtI1rle\ni02f2ivH2vxkjDLltSpe2fiC\n-----END CERTIFICATE-----\n",
                "is_ca": true,
                "issuer": "CN=Amazon Root CA 1,O=Amazon,C=US",
                "not_after": "2030-08-23T22:26:04Z",
                "not_before": "2022-08-23T22:26:04Z",
                "public_key_algorithm": "RSA",
                "serial_number": "166129356476704345391986644047206454194698629",
                "sha1_fingerprint": "d9fe0a65fa00cabf61f5120d373a8135e1461f15",
                "signature_algorithm": "SHA256-RSA",
                "subject": "CN=Amazon RSA 2048 M03,O=Amazon,C=US",
                "version": 3
              },
              {
                "cert_pem": "-----BEGIN CERTIFICATE-----\nMIIF7TCCBNWgAwIBAgIQA1SNFWO5W8yYJGAGJt7mOTANBgkqhkiG9w0BAQsFADA8\nMQswCQYDVQQGEwJVUzEPMA0GA1UEChMGQW1hem9uMRwwGgYDVQQDExNBbWF6b24g\nUlNBIDIwNDggTTAzMB4XDTI0MDMyODAwMDAwMFoXDTI1MDQyNjIzNTk1OVowKzEp\nMCcGA1UEAwwgKi5la3MuZXUtY2VudHJhbC0xLmFtYXpvbmF3cy5jb20wggEiMA0G\nCSqGSIb3DQEBAQUAA4IBDwAwggEKAoIBAQCvMgjeWyaWqufTn1LAL7KJRIA8d55b\nVkg39Vd9hl8Xkm7Y2yomN4HVzANJsCehb1wNCOJBOQ6Po5nM0x0AREH6T0Ky9Si4\n/+Bsy05fv0/+mltxbiCzBbhMhoF+8bV4gETWbWdx2jRaZnXfmNfr8JA1kpzagsXX\nK5n5kmT70DTnBdcL3K840A2WSIKqjL0Tq8CLawI+0CrKS8+BL6uTtIUU/aNDWcBh\n25+hb/eqU6ltq+/GTxxOwFaXFiB43ApdlIJrGEvOOiFJnqjSe/z9B14o0gHOI9uI\n2uFCUyyjxXD6Fqb4WW2g1n7A0tgHs3iXUkfhJvp9VQLHjwi3zFToFT2dAgMBAAGj\nggL6MIIC9jAfBgNVHSMEGDAWgBRV2Rhf0hzMAeFYtL6r2VVCAdcuAjAdBgNVHQ4E\nFgQUl49AxXLvDk7YGfsgMl8veMnwmvAwKwYDVR0RBCQwIoIgKi5la3MuZXUtY2Vu\ndHJhbC0xLmFtYXpvbmF3cy5jb20wEwYDVR0gBAwwCjAIBgZngQwBAgEwDgYDVR0P\nAQH/BAQDAgWgMB0GA1UdJQQWMBQGCCsGAQUFBwMBBggrBgEFBQcDAjA7BgNVHR8E\nNDAyMDCgLqAshipodHRwOi8vY3JsLnIybTAzLmFtYXpvbnRydXN0LmNvbS9yMm0w\nMy5jcmwwdQYIKwYBBQUHAQEEaTBnMC0GCCsGAQUFBzABhiFodHRwOi8vb2NzcC5y\nMm0wMy5hbWF6b250cnVzdC5jb20wNgYIKwYBBQUHMAKGKmh0dHA6Ly9jcnQucjJt\nMDMuYW1hem9udHJ1c3QuY29tL3IybTAzLmNlcjAMBgNVHRMBAf8EAjAAMIIBfwYK\nKwYBBAHWeQIEAgSCAW8EggFrAWkAdwBOdaMnXJoQwzhbbNTfP1LrHfDgjhuNacCx\n+mSxYpo53wAAAY6FnQD7AAAEAwBIMEYCIQDAgRrjRgQDQvQI4ymmqomds4XdFaWT\n+buOhQs5aX5sYgIhAKLiZL0IG8+OVwf54M9c+kjgBsGT0KjqA54NMubynjEbAHYA\nfVkeEuF4KnscYWd8Xv340IdcFKBOlZ65Ay/ZDowuebgAAAGOhZ0AbwAABAMARzBF\nAiArIAW+EniGQTcCq7mj07BtSIUZC6jJVoPzKPApZyt5tQIhAJabM+fw1MsTAx6z\nA4AUUDo+8P6pD9aT6EXMu2NTbUFdAHYA5tIxY0B3jMEQQQbXcbnOwdJA9paEhvu6\nhzId/R43jlAAAAGOhZ0AhQAABAMARzBFAiEA+gzSq672FXIFkKjZPQBnEhqvIFgx\njz+SGfI0ZJ+jr1ICICJGhSrumZPRqxDDhqxQLJg1lAcpSSvk50JDScvTiyQOMA0G\nCSqGSIb3DQEBCwUAA4IBAQAYOfGmMDFOMD24DUstZTmNn0Qg0hP3Z59QENXUNSLH\nwm+9hWrU0o5y4+nBQRJQh/uDJXUrCt3ZSYidXiIE16mTPxQf99LXdQjbdRr/ifjV\nBLuWskuLE67ORD7js3qAUX3NCzgZtUb7KbE8h3KoJehkbLKMh6/ARNfsfN7qo4hc\n+hH6aXShPL45nUneY8a2kEiUnKa2wn1fm4S79HqAAOTfHJC8WE2ydreZHpz0RjB7\n7rdNjibGiAcLk/HRrWIRHunb6rnqsZu3YRuvkejuj3hK7uGcf0ZKf66rpSNDfhVL\n+8DaY1UF51pR8vccpZ5Mi7kelrXZEfeb4GP2twpSYKBq\n-----END CERTIFICATE-----\n",
                "is_ca": false,
                "issuer": "CN=Amazon RSA 2048 M03,O=Amazon,C=US",
                "not_after": "2025-04-26T23:59:59Z",
                "not_before": "2024-03-28T00:00:00Z",
                "public_key_algorithm": "RSA",
                "serial_number": "4426698437880301582979442247351592505",
                "sha1_fingerprint": "e0e26d9ed4d742902002f2debc267811c0f31f1d",
                "signature_algorithm": "SHA256-RSA",
                "subject": "CN=*.eks.eu-central-1.amazonaws.com",
                "version": 3
              }
            ],
            "content": null,
            "id": "0fec78e2228057fe710f52c784cacb6ef0a852b4",
            "url": "https://oidc.eks.eu-central-1.amazonaws.com/id/CBC8C776D209862A2E2042E537127E55",
            "verify_chain": true
          },
          "sensitive_attributes": []
        }
      ]
    },
    {
      "module": "module.eks.module.eks",
      "mode": "managed",
      "type": "aws_cloudwatch_log_group",
      "name": "this",
      "provider": "provider[\"registry.terraform.io/hashicorp/aws\"]",
      "instances": [
        {
          "index_key": 0,
          "schema_version": 0,
          "attributes": {
            "arn": "arn:aws:logs:eu-central-1:905418387368:log-group:/aws/eks/laravel-eks-V8V64qfV/cluster",
            "id": "/aws/eks/laravel-eks-V8V64qfV/cluster",
            "kms_key_id": "",
            "log_group_class": "STANDARD",
            "name": "/aws/eks/laravel-eks-V8V64qfV/cluster",
            "name_prefix": "",
            "retention_in_days": 90,
            "skip_destroy": false,
            "tags": {
              "Name": "/aws/eks/laravel-eks-V8V64qfV/cluster"
            },
            "tags_all": {
              "Name": "/aws/eks/laravel-eks-V8V64qfV/cluster"
            }
          },
          "sensitive_attributes": [],
          "private": "bnVsbA==",
          "dependencies": [
            "module.eks.random_string.suffix"
          ],
          "create_before_destroy": true
        }
      ]
    },
    {
      "module": "module.eks.module.eks",
      "mode": "managed",
      "type": "aws_eks_access_entry",
      "name": "this",
      "provider": "provider[\"registry.terraform.io/hashicorp/aws\"]",
      "instances": [
        {
          "index_key": "cluster_creator",
          "schema_version": 0,
          "attributes": {
            "access_entry_arn": "arn:aws:eks:eu-central-1:905418387368:access-entry/laravel-eks-V8V64qfV/root/905418387368//92c7f146-3b5f-956a-edff-3467a009f004",
            "cluster_name": "laravel-eks-V8V64qfV",
            "created_at": "2024-06-04T09:20:07Z",
            "id": "laravel-eks-V8V64qfV:arn:aws:iam::905418387368:root",
            "kubernetes_groups": [],
            "modified_at": "2024-06-04T09:20:07Z",
            "principal_arn": "arn:aws:iam::905418387368:root",
            "tags": {},
            "tags_all": {},
            "timeouts": null,
            "type": "STANDARD",
            "user_name": "arn:aws:iam::905418387368:root"
          },
          "sensitive_attributes": [],
          "private": "eyJlMmJmYjczMC1lY2FhLTExZTYtOGY4OC0zNDM2M2JjN2M0YzAiOnsiY3JlYXRlIjo2MDAwMDAwMDAwMDAsImRlbGV0ZSI6NjAwMDAwMDAwMDAwfX0=",
          "dependencies": [
            "module.eks.module.eks.aws_cloudwatch_log_group.this",
            "module.eks.module.eks.aws_eks_cluster.this",
            "module.eks.module.eks.aws_iam_policy.cni_ipv6_policy",
            "module.eks.module.eks.aws_iam_role.this",
            "module.eks.module.eks.aws_iam_role_policy_attachment.this",
            "module.eks.module.eks.aws_security_group.cluster",
            "module.eks.module.eks.aws_security_group.node",
            "module.eks.module.eks.aws_security_group_rule.cluster",
            "module.eks.module.eks.aws_security_group_rule.node",
            "module.eks.module.eks.data.aws_caller_identity.current",
            "module.eks.module.eks.data.aws_iam_policy_document.assume_role_policy",
            "module.eks.module.eks.data.aws_iam_policy_document.cni_ipv6_policy",
            "module.eks.module.eks.data.aws_iam_session_context.current",
            "module.eks.module.eks.data.aws_partition.current",
            "module.eks.module.eks.module.kms.aws_kms_external_key.this",
            "module.eks.module.eks.module.kms.aws_kms_key.this",
            "module.eks.module.eks.module.kms.aws_kms_replica_external_key.this",
            "module.eks.module.eks.module.kms.aws_kms_replica_key.this",
            "module.eks.module.eks.module.kms.data.aws_caller_identity.current",
            "module.eks.module.eks.module.kms.data.aws_iam_policy_document.this",
            "module.eks.module.eks.module.kms.data.aws_partition.current",
            "module.eks.module.vpc.aws_subnet.private",
            "module.eks.module.vpc.aws_vpc.this",
            "module.eks.module.vpc.aws_vpc_ipv4_cidr_block_association.this",
            "module.eks.random_string.suffix"
          ]
        }
      ]
    },
    {
      "module": "module.eks.module.eks",
      "mode": "managed",
      "type": "aws_eks_access_policy_association",
      "name": "this",
      "provider": "provider[\"registry.terraform.io/hashicorp/aws\"]",
      "instances": [
        {
          "index_key": "cluster_creator_admin",
          "schema_version": 0,
          "attributes": {
            "access_scope": [
              {
                "namespaces": [],
                "type": "cluster"
              }
            ],
            "associated_at": "2024-06-04 09:38:58.915 +0000 UTC",
            "cluster_name": "laravel-eks-V8V64qfV",
            "id": "laravel-eks-V8V64qfV#arn:aws:iam::905418387368:root#arn:aws:eks::aws:cluster-access-policy/AmazonEKSClusterAdminPolicy",
            "modified_at": "2024-06-04 09:38:58.915 +0000 UTC",
            "policy_arn": "arn:aws:eks::aws:cluster-access-policy/AmazonEKSClusterAdminPolicy",
            "principal_arn": "arn:aws:iam::905418387368:root",
            "timeouts": null
          },
          "sensitive_attributes": [],
          "private": "eyJlMmJmYjczMC1lY2FhLTExZTYtOGY4OC0zNDM2M2JjN2M0YzAiOnsiY3JlYXRlIjo2MDAwMDAwMDAwMDAsImRlbGV0ZSI6NjAwMDAwMDAwMDAwfX0=",
          "dependencies": [
            "module.eks.module.eks.aws_cloudwatch_log_group.this",
            "module.eks.module.eks.aws_eks_access_entry.this",
            "module.eks.module.eks.aws_eks_cluster.this",
            "module.eks.module.eks.aws_iam_policy.cni_ipv6_policy",
            "module.eks.module.eks.aws_iam_role.this",
            "module.eks.module.eks.aws_iam_role_policy_attachment.this",
            "module.eks.module.eks.aws_security_group.cluster",
            "module.eks.module.eks.aws_security_group.node",
            "module.eks.module.eks.aws_security_group_rule.cluster",
            "module.eks.module.eks.aws_security_group_rule.node",
            "module.eks.module.eks.data.aws_caller_identity.current",
            "module.eks.module.eks.data.aws_iam_policy_document.assume_role_policy",
            "module.eks.module.eks.data.aws_iam_policy_document.cni_ipv6_policy",
            "module.eks.module.eks.data.aws_iam_session_context.current",
            "module.eks.module.eks.data.aws_partition.current",
            "module.eks.module.eks.module.kms.aws_kms_external_key.this",
            "module.eks.module.eks.module.kms.aws_kms_key.this",
            "module.eks.module.eks.module.kms.aws_kms_replica_external_key.this",
            "module.eks.module.eks.module.kms.aws_kms_replica_key.this",
            "module.eks.module.eks.module.kms.data.aws_caller_identity.current",
            "module.eks.module.eks.module.kms.data.aws_iam_policy_document.this",
            "module.eks.module.eks.module.kms.data.aws_partition.current",
            "module.eks.module.vpc.aws_subnet.private",
            "module.eks.module.vpc.aws_vpc.this",
            "module.eks.module.vpc.aws_vpc_ipv4_cidr_block_association.this",
            "module.eks.random_string.suffix"
          ]
        }
      ]
    },
    {
      "module": "module.eks.module.eks",
      "mode": "managed",
      "type": "aws_eks_addon",
      "name": "this",
      "provider": "provider[\"registry.terraform.io/hashicorp/aws\"]",
      "instances": [
        {
          "index_key": "aws-ebs-csi-driver",
          "schema_version": 0,
          "attributes": {
            "addon_name": "aws-ebs-csi-driver",
            "addon_version": "v1.31.0-eksbuild.1",
            "arn": "arn:aws:eks:eu-central-1:905418387368:addon/laravel-eks-V8V64qfV/aws-ebs-csi-driver/78c7f16b-cf8b-daad-3760-4d009b504f80",
            "cluster_name": "laravel-eks-V8V64qfV",
            "configuration_values": "",
            "created_at": "2024-06-04T10:42:13Z",
            "id": "laravel-eks-V8V64qfV:aws-ebs-csi-driver",
            "modified_at": "2024-06-04T10:43:01Z",
            "preserve": true,
            "resolve_conflicts": null,
            "resolve_conflicts_on_create": "OVERWRITE",
            "resolve_conflicts_on_update": "OVERWRITE",
            "service_account_role_arn": "arn:aws:iam::905418387368:role/laravel-eks-V8V64qfV-ebs-csi",
            "tags": null,
            "tags_all": {},
            "timeouts": {
              "create": null,
              "delete": null,
              "update": null
            }
          },
          "sensitive_attributes": [],
          "private": "eyJlMmJmYjczMC1lY2FhLTExZTYtOGY4OC0zNDM2M2JjN2M0YzAiOnsiY3JlYXRlIjoxMjAwMDAwMDAwMDAwLCJkZWxldGUiOjI0MDAwMDAwMDAwMDAsInVwZGF0ZSI6MTIwMDAwMDAwMDAwMH19",
          "dependencies": [
            "module.eks.module.ebs_csi_irsa_role.aws_iam_role.this",
            "module.eks.module.ebs_csi_irsa_role.data.aws_iam_policy_document.this",
            "module.eks.module.eks.aws_eks_cluster.this",
            "module.eks.module.eks.aws_security_group.node",
            "module.eks.module.eks.data.aws_eks_addon_version.this",
            "module.eks.module.eks.module.eks_managed_node_group.aws_autoscaling_schedule.this",
            "module.eks.module.eks.module.eks_managed_node_group.aws_eks_node_group.this",
            "module.eks.module.eks.module.eks_managed_node_group.aws_iam_role.this",
            "module.eks.module.eks.module.eks_managed_node_group.aws_iam_role_policy_attachment.additional",
            "module.eks.module.eks.module.eks_managed_node_group.aws_iam_role_policy_attachment.this",
            "module.eks.module.eks.module.eks_managed_node_group.aws_launch_template.this",
            "module.eks.module.eks.module.eks_managed_node_group.aws_placement_group.this",
            "module.eks.module.eks.module.eks_managed_node_group.data.aws_caller_identity.current",
            "module.eks.module.eks.module.eks_managed_node_group.data.aws_ec2_instance_type.this",
            "module.eks.module.eks.module.eks_managed_node_group.data.aws_ec2_instance_type_offerings.this",
            "module.eks.module.eks.module.eks_managed_node_group.data.aws_iam_policy_document.assume_role_policy",
            "module.eks.module.eks.module.eks_managed_node_group.data.aws_partition.current",
            "module.eks.module.eks.module.eks_managed_node_group.data.aws_ssm_parameter.ami",
            "module.eks.module.eks.module.eks_managed_node_group.data.aws_subnets.efa",
            "module.eks.module.eks.module.eks_managed_node_group.module.user_data.data.cloudinit_config.al2023_eks_managed_node_group",
            "module.eks.module.eks.module.eks_managed_node_group.module.user_data.data.cloudinit_config.linux_eks_managed_node_group",
            "module.eks.module.eks.module.eks_managed_node_group.module.user_data.null_resource.validate_cluster_service_cidr",
            "module.eks.module.eks.module.fargate_profile.aws_eks_fargate_profile.this",
            "module.eks.module.eks.module.fargate_profile.aws_iam_role.this",
            "module.eks.module.eks.module.fargate_profile.aws_iam_role_policy_attachment.additional",
            "module.eks.module.eks.module.fargate_profile.aws_iam_role_policy_attachment.this",
            "module.eks.module.eks.module.fargate_profile.data.aws_caller_identity.current",
            "module.eks.module.eks.module.fargate_profile.data.aws_iam_policy_document.assume_role_policy",
            "module.eks.module.eks.module.fargate_profile.data.aws_partition.current",
            "module.eks.module.eks.module.self_managed_node_group.aws_autoscaling_group.this",
            "module.eks.module.eks.module.self_managed_node_group.aws_autoscaling_schedule.this",
            "module.eks.module.eks.module.self_managed_node_group.aws_eks_access_entry.this",
            "module.eks.module.eks.module.self_managed_node_group.aws_iam_instance_profile.this",
            "module.eks.module.eks.module.self_managed_node_group.aws_iam_role.this",
            "module.eks.module.eks.module.self_managed_node_group.aws_iam_role_policy_attachment.additional",
            "module.eks.module.eks.module.self_managed_node_group.aws_iam_role_policy_attachment.this",
            "module.eks.module.eks.module.self_managed_node_group.aws_launch_template.this",
            "module.eks.module.eks.module.self_managed_node_group.aws_placement_group.this",
            "module.eks.module.eks.module.self_managed_node_group.data.aws_ami.eks_default",
            "module.eks.module.eks.module.self_managed_node_group.data.aws_caller_identity.current",
            "module.eks.module.eks.module.self_managed_node_group.data.aws_ec2_instance_type.this",
            "module.eks.module.eks.module.self_managed_node_group.data.aws_ec2_instance_type_offerings.this",
            "module.eks.module.eks.module.self_managed_node_group.data.aws_iam_policy_document.assume_role_policy",
            "module.eks.module.eks.module.self_managed_node_group.data.aws_partition.current",
            "module.eks.module.eks.module.self_managed_node_group.data.aws_subnets.efa",
            "module.eks.module.eks.module.self_managed_node_group.module.user_data.data.cloudinit_config.al2023_eks_managed_node_group",
            "module.eks.module.eks.module.self_managed_node_group.module.user_data.data.cloudinit_config.linux_eks_managed_node_group",
            "module.eks.module.eks.module.self_managed_node_group.module.user_data.null_resource.validate_cluster_service_cidr",
            "module.eks.module.eks.time_sleep.this",
            "module.eks.module.vpc.aws_subnet.private",
            "module.eks.random_string.suffix"
          ]
        },
        {
          "index_key": "coredns",
          "schema_version": 0,
          "attributes": {
            "addon_name": "coredns",
            "addon_version": "v1.11.1-eksbuild.9",
            "arn": "arn:aws:eks:eu-central-1:905418387368:addon/laravel-eks-V8V64qfV/coredns/c0c7f14f-d3e5-25d7-6b4b-3be5e20b7f49",
            "cluster_name": "laravel-eks-V8V64qfV",
            "configuration_values": "",
            "created_at": "2024-06-04T09:41:05Z",
            "id": "laravel-eks-V8V64qfV:coredns",
            "modified_at": "2024-06-04T09:41:17Z",
            "preserve": true,
            "resolve_conflicts": null,
            "resolve_conflicts_on_create": "OVERWRITE",
            "resolve_conflicts_on_update": "OVERWRITE",
            "service_account_role_arn": "",
            "tags": {},
            "tags_all": {},
            "timeouts": {
              "create": null,
              "delete": null,
              "update": null
            }
          },
          "sensitive_attributes": [],
          "private": "eyJlMmJmYjczMC1lY2FhLTExZTYtOGY4OC0zNDM2M2JjN2M0YzAiOnsiY3JlYXRlIjoxMjAwMDAwMDAwMDAwLCJkZWxldGUiOjI0MDAwMDAwMDAwMDAsInVwZGF0ZSI6MTIwMDAwMDAwMDAwMH19",
          "dependencies": [
            "module.eks.module.ebs_csi_irsa_role.aws_iam_role.this",
            "module.eks.module.ebs_csi_irsa_role.data.aws_caller_identity.current",
            "module.eks.module.ebs_csi_irsa_role.data.aws_iam_policy_document.this",
            "module.eks.module.ebs_csi_irsa_role.data.aws_partition.current",
            "module.eks.module.eks.aws_cloudwatch_log_group.this",
            "module.eks.module.eks.aws_eks_cluster.this",
            "module.eks.module.eks.aws_iam_openid_connect_provider.oidc_provider",
            "module.eks.module.eks.aws_iam_policy.cni_ipv6_policy",
            "module.eks.module.eks.aws_iam_role.this",
            "module.eks.module.eks.aws_iam_role_policy_attachment.this",
            "module.eks.module.eks.aws_security_group.cluster",
            "module.eks.module.eks.aws_security_group.node",
            "module.eks.module.eks.aws_security_group_rule.cluster",
            "module.eks.module.eks.aws_security_group_rule.node",
            "module.eks.module.eks.data.aws_caller_identity.current",
            "module.eks.module.eks.data.aws_eks_addon_version.this",
            "module.eks.module.eks.data.aws_iam_policy_document.assume_role_policy",
            "module.eks.module.eks.data.aws_iam_policy_document.cni_ipv6_policy",
            "module.eks.module.eks.data.aws_iam_session_context.current",
            "module.eks.module.eks.data.aws_partition.current",
            "module.eks.module.eks.data.tls_certificate.this",
            "module.eks.module.eks.module.eks_managed_node_group.aws_autoscaling_schedule.this",
            "module.eks.module.eks.module.eks_managed_node_group.aws_eks_node_group.this",
            "module.eks.module.eks.module.eks_managed_node_group.aws_iam_role.this",
            "module.eks.module.eks.module.eks_managed_node_group.aws_iam_role_policy_attachment.additional",
            "module.eks.module.eks.module.eks_managed_node_group.aws_iam_role_policy_attachment.this",
            "module.eks.module.eks.module.eks_managed_node_group.aws_launch_template.this",
            "module.eks.module.eks.module.eks_managed_node_group.aws_placement_group.this",
            "module.eks.module.eks.module.eks_managed_node_group.data.aws_caller_identity.current",
            "module.eks.module.eks.module.eks_managed_node_group.data.aws_ec2_instance_type.this",
            "module.eks.module.eks.module.eks_managed_node_group.data.aws_ec2_instance_type_offerings.this",
            "module.eks.module.eks.module.eks_managed_node_group.data.aws_iam_policy_document.assume_role_policy",
            "module.eks.module.eks.module.eks_managed_node_group.data.aws_partition.current",
            "module.eks.module.eks.module.eks_managed_node_group.data.aws_ssm_parameter.ami",
            "module.eks.module.eks.module.eks_managed_node_group.data.aws_subnets.efa",
            "module.eks.module.eks.module.eks_managed_node_group.module.user_data.data.cloudinit_config.al2023_eks_managed_node_group",
            "module.eks.module.eks.module.eks_managed_node_group.module.user_data.data.cloudinit_config.linux_eks_managed_node_group",
            "module.eks.module.eks.module.eks_managed_node_group.module.user_data.null_resource.validate_cluster_service_cidr",
            "module.eks.module.eks.module.fargate_profile.aws_eks_fargate_profile.this",
            "module.eks.module.eks.module.fargate_profile.aws_iam_role.this",
            "module.eks.module.eks.module.fargate_profile.aws_iam_role_policy_attachment.additional",
            "module.eks.module.eks.module.fargate_profile.aws_iam_role_policy_attachment.this",
            "module.eks.module.eks.module.fargate_profile.data.aws_caller_identity.current",
            "module.eks.module.eks.module.fargate_profile.data.aws_iam_policy_document.assume_role_policy",
            "module.eks.module.eks.module.fargate_profile.data.aws_partition.current",
            "module.eks.module.eks.module.kms.aws_kms_external_key.this",
            "module.eks.module.eks.module.kms.aws_kms_key.this",
            "module.eks.module.eks.module.kms.aws_kms_replica_external_key.this",
            "module.eks.module.eks.module.kms.aws_kms_replica_key.this",
            "module.eks.module.eks.module.kms.data.aws_caller_identity.current",
            "module.eks.module.eks.module.kms.data.aws_iam_policy_document.this",
            "module.eks.module.eks.module.kms.data.aws_partition.current",
            "module.eks.module.eks.module.self_managed_node_group.aws_autoscaling_group.this",
            "module.eks.module.eks.module.self_managed_node_group.aws_autoscaling_schedule.this",
            "module.eks.module.eks.module.self_managed_node_group.aws_eks_access_entry.this",
            "module.eks.module.eks.module.self_managed_node_group.aws_iam_instance_profile.this",
            "module.eks.module.eks.module.self_managed_node_group.aws_iam_role.this",
            "module.eks.module.eks.module.self_managed_node_group.aws_iam_role_policy_attachment.additional",
            "module.eks.module.eks.module.self_managed_node_group.aws_iam_role_policy_attachment.this",
            "module.eks.module.eks.module.self_managed_node_group.aws_launch_template.this",
            "module.eks.module.eks.module.self_managed_node_group.aws_placement_group.this",
            "module.eks.module.eks.module.self_managed_node_group.data.aws_ami.eks_default",
            "module.eks.module.eks.module.self_managed_node_group.data.aws_caller_identity.current",
            "module.eks.module.eks.module.self_managed_node_group.data.aws_ec2_instance_type.this",
            "module.eks.module.eks.module.self_managed_node_group.data.aws_ec2_instance_type_offerings.this",
            "module.eks.module.eks.module.self_managed_node_group.data.aws_iam_policy_document.assume_role_policy",
            "module.eks.module.eks.module.self_managed_node_group.data.aws_partition.current",
            "module.eks.module.eks.module.self_managed_node_group.data.aws_subnets.efa",
            "module.eks.module.eks.module.self_managed_node_group.module.user_data.data.cloudinit_config.al2023_eks_managed_node_group",
            "module.eks.module.eks.module.self_managed_node_group.module.user_data.data.cloudinit_config.linux_eks_managed_node_group",
            "module.eks.module.eks.module.self_managed_node_group.module.user_data.null_resource.validate_cluster_service_cidr",
            "module.eks.module.eks.time_sleep.this",
            "module.eks.module.vpc.aws_subnet.private",
            "module.eks.module.vpc.aws_vpc.this",
            "module.eks.module.vpc.aws_vpc_ipv4_cidr_block_association.this",
            "module.eks.random_string.suffix"
          ]
        },
        {
          "index_key": "kube-proxy",
          "schema_version": 0,
          "attributes": {
            "addon_name": "kube-proxy",
            "addon_version": "v1.29.3-eksbuild.2",
            "arn": "arn:aws:eks:eu-central-1:905418387368:addon/laravel-eks-V8V64qfV/kube-proxy/a0c7f14f-d3dc-f548-1267-c80f554a7859",
            "cluster_name": "laravel-eks-V8V64qfV",
            "configuration_values": "",
            "created_at": "2024-06-04T09:41:05Z",
            "id": "laravel-eks-V8V64qfV:kube-proxy",
            "modified_at": "2024-06-04T09:41:42Z",
            "preserve": true,
            "resolve_conflicts": null,
            "resolve_conflicts_on_create": "OVERWRITE",
            "resolve_conflicts_on_update": "OVERWRITE",
            "service_account_role_arn": "",
            "tags": {},
            "tags_all": {},
            "timeouts": {
              "create": null,
              "delete": null,
              "update": null
            }
          },
          "sensitive_attributes": [],
          "private": "eyJlMmJmYjczMC1lY2FhLTExZTYtOGY4OC0zNDM2M2JjN2M0YzAiOnsiY3JlYXRlIjoxMjAwMDAwMDAwMDAwLCJkZWxldGUiOjI0MDAwMDAwMDAwMDAsInVwZGF0ZSI6MTIwMDAwMDAwMDAwMH19",
          "dependencies": [
            "module.eks.module.ebs_csi_irsa_role.aws_iam_role.this",
            "module.eks.module.ebs_csi_irsa_role.data.aws_caller_identity.current",
            "module.eks.module.ebs_csi_irsa_role.data.aws_iam_policy_document.this",
            "module.eks.module.ebs_csi_irsa_role.data.aws_partition.current",
            "module.eks.module.eks.aws_cloudwatch_log_group.this",
            "module.eks.module.eks.aws_eks_cluster.this",
            "module.eks.module.eks.aws_iam_openid_connect_provider.oidc_provider",
            "module.eks.module.eks.aws_iam_policy.cni_ipv6_policy",
            "module.eks.module.eks.aws_iam_role.this",
            "module.eks.module.eks.aws_iam_role_policy_attachment.this",
            "module.eks.module.eks.aws_security_group.cluster",
            "module.eks.module.eks.aws_security_group.node",
            "module.eks.module.eks.aws_security_group_rule.cluster",
            "module.eks.module.eks.aws_security_group_rule.node",
            "module.eks.module.eks.data.aws_caller_identity.current",
            "module.eks.module.eks.data.aws_eks_addon_version.this",
            "module.eks.module.eks.data.aws_iam_policy_document.assume_role_policy",
            "module.eks.module.eks.data.aws_iam_policy_document.cni_ipv6_policy",
            "module.eks.module.eks.data.aws_iam_session_context.current",
            "module.eks.module.eks.data.aws_partition.current",
            "module.eks.module.eks.data.tls_certificate.this",
            "module.eks.module.eks.module.eks_managed_node_group.aws_autoscaling_schedule.this",
            "module.eks.module.eks.module.eks_managed_node_group.aws_eks_node_group.this",
            "module.eks.module.eks.module.eks_managed_node_group.aws_iam_role.this",
            "module.eks.module.eks.module.eks_managed_node_group.aws_iam_role_policy_attachment.additional",
            "module.eks.module.eks.module.eks_managed_node_group.aws_iam_role_policy_attachment.this",
            "module.eks.module.eks.module.eks_managed_node_group.aws_launch_template.this",
            "module.eks.module.eks.module.eks_managed_node_group.aws_placement_group.this",
            "module.eks.module.eks.module.eks_managed_node_group.data.aws_caller_identity.current",
            "module.eks.module.eks.module.eks_managed_node_group.data.aws_ec2_instance_type.this",
            "module.eks.module.eks.module.eks_managed_node_group.data.aws_ec2_instance_type_offerings.this",
            "module.eks.module.eks.module.eks_managed_node_group.data.aws_iam_policy_document.assume_role_policy",
            "module.eks.module.eks.module.eks_managed_node_group.data.aws_partition.current",
            "module.eks.module.eks.module.eks_managed_node_group.data.aws_ssm_parameter.ami",
            "module.eks.module.eks.module.eks_managed_node_group.data.aws_subnets.efa",
            "module.eks.module.eks.module.eks_managed_node_group.module.user_data.data.cloudinit_config.al2023_eks_managed_node_group",
            "module.eks.module.eks.module.eks_managed_node_group.module.user_data.data.cloudinit_config.linux_eks_managed_node_group",
            "module.eks.module.eks.module.eks_managed_node_group.module.user_data.null_resource.validate_cluster_service_cidr",
            "module.eks.module.eks.module.fargate_profile.aws_eks_fargate_profile.this",
            "module.eks.module.eks.module.fargate_profile.aws_iam_role.this",
            "module.eks.module.eks.module.fargate_profile.aws_iam_role_policy_attachment.additional",
            "module.eks.module.eks.module.fargate_profile.aws_iam_role_policy_attachment.this",
            "module.eks.module.eks.module.fargate_profile.data.aws_caller_identity.current",
            "module.eks.module.eks.module.fargate_profile.data.aws_iam_policy_document.assume_role_policy",
            "module.eks.module.eks.module.fargate_profile.data.aws_partition.current",
            "module.eks.module.eks.module.kms.aws_kms_external_key.this",
            "module.eks.module.eks.module.kms.aws_kms_key.this",
            "module.eks.module.eks.module.kms.aws_kms_replica_external_key.this",
            "module.eks.module.eks.module.kms.aws_kms_replica_key.this",
            "module.eks.module.eks.module.kms.data.aws_caller_identity.current",
            "module.eks.module.eks.module.kms.data.aws_iam_policy_document.this",
            "module.eks.module.eks.module.kms.data.aws_partition.current",
            "module.eks.module.eks.module.self_managed_node_group.aws_autoscaling_group.this",
            "module.eks.module.eks.module.self_managed_node_group.aws_autoscaling_schedule.this",
            "module.eks.module.eks.module.self_managed_node_group.aws_eks_access_entry.this",
            "module.eks.module.eks.module.self_managed_node_group.aws_iam_instance_profile.this",
            "module.eks.module.eks.module.self_managed_node_group.aws_iam_role.this",
            "module.eks.module.eks.module.self_managed_node_group.aws_iam_role_policy_attachment.additional",
            "module.eks.module.eks.module.self_managed_node_group.aws_iam_role_policy_attachment.this",
            "module.eks.module.eks.module.self_managed_node_group.aws_launch_template.this",
            "module.eks.module.eks.module.self_managed_node_group.aws_placement_group.this",
            "module.eks.module.eks.module.self_managed_node_group.data.aws_ami.eks_default",
            "module.eks.module.eks.module.self_managed_node_group.data.aws_caller_identity.current",
            "module.eks.module.eks.module.self_managed_node_group.data.aws_ec2_instance_type.this",
            "module.eks.module.eks.module.self_managed_node_group.data.aws_ec2_instance_type_offerings.this",
            "module.eks.module.eks.module.self_managed_node_group.data.aws_iam_policy_document.assume_role_policy",
            "module.eks.module.eks.module.self_managed_node_group.data.aws_partition.current",
            "module.eks.module.eks.module.self_managed_node_group.data.aws_subnets.efa",
            "module.eks.module.eks.module.self_managed_node_group.module.user_data.data.cloudinit_config.al2023_eks_managed_node_group",
            "module.eks.module.eks.module.self_managed_node_group.module.user_data.data.cloudinit_config.linux_eks_managed_node_group",
            "module.eks.module.eks.module.self_managed_node_group.module.user_data.null_resource.validate_cluster_service_cidr",
            "module.eks.module.eks.time_sleep.this",
            "module.eks.module.vpc.aws_subnet.private",
            "module.eks.module.vpc.aws_vpc.this",
            "module.eks.module.vpc.aws_vpc_ipv4_cidr_block_association.this",
            "module.eks.random_string.suffix"
          ]
        },
        {
          "index_key": "vpc-cni",
          "schema_version": 0,
          "attributes": {
            "addon_name": "vpc-cni",
            "addon_version": "v1.18.1-eksbuild.3",
            "arn": "arn:aws:eks:eu-central-1:905418387368:addon/laravel-eks-V8V64qfV/vpc-cni/b8c7f14f-d3e5-2037-66ea-ce30bf415d66",
            "cluster_name": "laravel-eks-V8V64qfV",
            "configuration_values": "",
            "created_at": "2024-06-04T09:41:05Z",
            "id": "laravel-eks-V8V64qfV:vpc-cni",
            "modified_at": "2024-06-04T09:41:43Z",
            "preserve": true,
            "resolve_conflicts": null,
            "resolve_conflicts_on_create": "OVERWRITE",
            "resolve_conflicts_on_update": "OVERWRITE",
            "service_account_role_arn": "",
            "tags": {},
            "tags_all": {},
            "timeouts": {
              "create": null,
              "delete": null,
              "update": null
            }
          },
          "sensitive_attributes": [],
          "private": "eyJlMmJmYjczMC1lY2FhLTExZTYtOGY4OC0zNDM2M2JjN2M0YzAiOnsiY3JlYXRlIjoxMjAwMDAwMDAwMDAwLCJkZWxldGUiOjI0MDAwMDAwMDAwMDAsInVwZGF0ZSI6MTIwMDAwMDAwMDAwMH19",
          "dependencies": [
            "module.eks.module.ebs_csi_irsa_role.aws_iam_role.this",
            "module.eks.module.ebs_csi_irsa_role.data.aws_caller_identity.current",
            "module.eks.module.ebs_csi_irsa_role.data.aws_iam_policy_document.this",
            "module.eks.module.ebs_csi_irsa_role.data.aws_partition.current",
            "module.eks.module.eks.aws_cloudwatch_log_group.this",
            "module.eks.module.eks.aws_eks_cluster.this",
            "module.eks.module.eks.aws_iam_openid_connect_provider.oidc_provider",
            "module.eks.module.eks.aws_iam_policy.cni_ipv6_policy",
            "module.eks.module.eks.aws_iam_role.this",
            "module.eks.module.eks.aws_iam_role_policy_attachment.this",
            "module.eks.module.eks.aws_security_group.cluster",
            "module.eks.module.eks.aws_security_group.node",
            "module.eks.module.eks.aws_security_group_rule.cluster",
            "module.eks.module.eks.aws_security_group_rule.node",
            "module.eks.module.eks.data.aws_caller_identity.current",
            "module.eks.module.eks.data.aws_eks_addon_version.this",
            "module.eks.module.eks.data.aws_iam_policy_document.assume_role_policy",
            "module.eks.module.eks.data.aws_iam_policy_document.cni_ipv6_policy",
            "module.eks.module.eks.data.aws_iam_session_context.current",
            "module.eks.module.eks.data.aws_partition.current",
            "module.eks.module.eks.data.tls_certificate.this",
            "module.eks.module.eks.module.eks_managed_node_group.aws_autoscaling_schedule.this",
            "module.eks.module.eks.module.eks_managed_node_group.aws_eks_node_group.this",
            "module.eks.module.eks.module.eks_managed_node_group.aws_iam_role.this",
            "module.eks.module.eks.module.eks_managed_node_group.aws_iam_role_policy_attachment.additional",
            "module.eks.module.eks.module.eks_managed_node_group.aws_iam_role_policy_attachment.this",
            "module.eks.module.eks.module.eks_managed_node_group.aws_launch_template.this",
            "module.eks.module.eks.module.eks_managed_node_group.aws_placement_group.this",
            "module.eks.module.eks.module.eks_managed_node_group.data.aws_caller_identity.current",
            "module.eks.module.eks.module.eks_managed_node_group.data.aws_ec2_instance_type.this",
            "module.eks.module.eks.module.eks_managed_node_group.data.aws_ec2_instance_type_offerings.this",
            "module.eks.module.eks.module.eks_managed_node_group.data.aws_iam_policy_document.assume_role_policy",
            "module.eks.module.eks.module.eks_managed_node_group.data.aws_partition.current",
            "module.eks.module.eks.module.eks_managed_node_group.data.aws_ssm_parameter.ami",
            "module.eks.module.eks.module.eks_managed_node_group.data.aws_subnets.efa",
            "module.eks.module.eks.module.eks_managed_node_group.module.user_data.data.cloudinit_config.al2023_eks_managed_node_group",
            "module.eks.module.eks.module.eks_managed_node_group.module.user_data.data.cloudinit_config.linux_eks_managed_node_group",
            "module.eks.module.eks.module.eks_managed_node_group.module.user_data.null_resource.validate_cluster_service_cidr",
            "module.eks.module.eks.module.fargate_profile.aws_eks_fargate_profile.this",
            "module.eks.module.eks.module.fargate_profile.aws_iam_role.this",
            "module.eks.module.eks.module.fargate_profile.aws_iam_role_policy_attachment.additional",
            "module.eks.module.eks.module.fargate_profile.aws_iam_role_policy_attachment.this",
            "module.eks.module.eks.module.fargate_profile.data.aws_caller_identity.current",
            "module.eks.module.eks.module.fargate_profile.data.aws_iam_policy_document.assume_role_policy",
            "module.eks.module.eks.module.fargate_profile.data.aws_partition.current",
            "module.eks.module.eks.module.kms.aws_kms_external_key.this",
            "module.eks.module.eks.module.kms.aws_kms_key.this",
            "module.eks.module.eks.module.kms.aws_kms_replica_external_key.this",
            "module.eks.module.eks.module.kms.aws_kms_replica_key.this",
            "module.eks.module.eks.module.kms.data.aws_caller_identity.current",
            "module.eks.module.eks.module.kms.data.aws_iam_policy_document.this",
            "module.eks.module.eks.module.kms.data.aws_partition.current",
            "module.eks.module.eks.module.self_managed_node_group.aws_autoscaling_group.this",
            "module.eks.module.eks.module.self_managed_node_group.aws_autoscaling_schedule.this",
            "module.eks.module.eks.module.self_managed_node_group.aws_eks_access_entry.this",
            "module.eks.module.eks.module.self_managed_node_group.aws_iam_instance_profile.this",
            "module.eks.module.eks.module.self_managed_node_group.aws_iam_role.this",
            "module.eks.module.eks.module.self_managed_node_group.aws_iam_role_policy_attachment.additional",
            "module.eks.module.eks.module.self_managed_node_group.aws_iam_role_policy_attachment.this",
            "module.eks.module.eks.module.self_managed_node_group.aws_launch_template.this",
            "module.eks.module.eks.module.self_managed_node_group.aws_placement_group.this",
            "module.eks.module.eks.module.self_managed_node_group.data.aws_ami.eks_default",
            "module.eks.module.eks.module.self_managed_node_group.data.aws_caller_identity.current",
            "module.eks.module.eks.module.self_managed_node_group.data.aws_ec2_instance_type.this",
            "module.eks.module.eks.module.self_managed_node_group.data.aws_ec2_instance_type_offerings.this",
            "module.eks.module.eks.module.self_managed_node_group.data.aws_iam_policy_document.assume_role_policy",
            "module.eks.module.eks.module.self_managed_node_group.data.aws_partition.current",
            "module.eks.module.eks.module.self_managed_node_group.data.aws_subnets.efa",
            "module.eks.module.eks.module.self_managed_node_group.module.user_data.data.cloudinit_config.al2023_eks_managed_node_group",
            "module.eks.module.eks.module.self_managed_node_group.module.user_data.data.cloudinit_config.linux_eks_managed_node_group",
            "module.eks.module.eks.module.self_managed_node_group.module.user_data.null_resource.validate_cluster_service_cidr",
            "module.eks.module.eks.time_sleep.this",
            "module.eks.module.vpc.aws_subnet.private",
            "module.eks.module.vpc.aws_vpc.this",
            "module.eks.module.vpc.aws_vpc_ipv4_cidr_block_association.this",
            "module.eks.random_string.suffix"
          ]
        }
      ]
    },
    {
      "module": "module.eks.module.eks",
      "mode": "managed",
      "type": "aws_eks_cluster",
      "name": "this",
      "provider": "provider[\"registry.terraform.io/hashicorp/aws\"]",
      "instances": [
        {
          "index_key": 0,
          "schema_version": 0,
          "attributes": {
            "access_config": [
              {
                "authentication_mode": "API_AND_CONFIG_MAP",
                "bootstrap_cluster_creator_admin_permissions": false
              }
            ],
            "arn": "arn:aws:eks:eu-central-1:905418387368:cluster/laravel-eks-V8V64qfV",
            "certificate_authority": [
              {
                "data": "LS0tLS1CRUdJTiBDRVJUSUZJQ0FURS0tLS0tCk1JSURCVENDQWUyZ0F3SUJBZ0lJSlo5STgvWmI4NVF3RFFZSktvWklodmNOQVFFTEJRQXdGVEVUTUJFR0ExVUUKQXhNS2EzVmlaWEp1WlhSbGN6QWVGdzB5TkRBMk1EUXdPRFU0TURaYUZ3MHpOREEyTURJd09UQXpNRFphTUJVeApFekFSQmdOVkJBTVRDbXQxWW1WeWJtVjBaWE13Z2dFaU1BMEdDU3FHU0liM0RRRUJBUVVBQTRJQkR3QXdnZ0VLCkFvSUJBUURLR0hYTW8rTE5kRmRSL0hOZmRJN2VzdGgrLzJyaFYyVC9sS25qZ3FTVDRqTE5RK1B2R05GUWxoRE0KbjlOSlhDc2dVaGRZbEZvbTlmS3N5N0dCUFgyTEtXaS9xa0RFb2tMZmtGK1JMZ0FtdmFQanI3WndqYVFYVW5sMgpqQUhHTFdzN3VtMHlCTXhqdUR4L3pjSWhqdEJ0UlJXaDAydXZScGp0YUU3eStoamdteVF6QkhnK25nSWlHNHphCkQxM3cxeVNqMExQYmFESnpLT0ZKOTZ3alJCWjdCMC9HVVd2N0dRWkhXTXA2NzQyWktselF0MjNZK1ZOUmx5YWIKVHJDRlBzNW0xdE50K3IwenFScG1uY2J1NnZrQnlHMEZWSXIwWW1hNGFBSlIyNEU3L0lXTzBmQXlDR0xPVXdxMwowbHhKOTRQMFJSeTljTnZDZmtkYjQyOCs0WGQ5QWdNQkFBR2pXVEJYTUE0R0ExVWREd0VCL3dRRUF3SUNwREFQCkJnTlZIUk1CQWY4RUJUQURBUUgvTUIwR0ExVWREZ1FXQkJUSUdRV3RyZzBvU1lwTlBiSzA5N0JuSW5kWWdqQVYKQmdOVkhSRUVEakFNZ2dwcmRXSmxjbTVsZEdWek1BMEdDU3FHU0liM0RRRUJDd1VBQTRJQkFRQ1hScnErSXRidwp6VEZtVk1kUmlwck16YjZiQ1FuZHdBZWxrQTlGSmQxYm9hK3MwUExuemFNTzhZRWE5L3dTZjZwVzNRUWNoVW5wCk9ESTRlQXZOUVpkTW9uRkE5bUFlUGZoV09wWWVla1UraHYxTlRnNWl3cFVvVW52Wm9sQVYyN3hRalh1MlVTTWUKZCtsSVJrSEpjK0VGTEM4TXJIRitpYVNEZUVjNXcwZEpVM1lVOERSNVB6OEVMaHFhc2ZWamV2RjJCOEZZN0N0YQpYNmdXbkhrZHNpTm5LZjE2Wk1GakZUT3B1SWUzR3pIWEE0a1A1clFtdnBlOFhkRWRrZDYzajdkb29OOHdqMG51Ck1vT1V6ZFYxVURhbTJGN3ZTUDZBVS84cys0am91K3BIYlF4bkliRk80R1pxVFFlVG9DRGtrR2l2TlV4bm96c1IKTzJROGZUVHRjbEEvCi0tLS0tRU5EIENFUlRJRklDQVRFLS0tLS0K"
              }
            ],
            "cluster_id": null,
            "created_at": "2024-06-04 08:58:05.918 +0000 UTC",
            "enabled_cluster_log_types": [
              "api",
              "audit",
              "authenticator"
            ],
            "encryption_config": [
              {
                "provider": [
                  {
                    "key_arn": "arn:aws:kms:eu-central-1:905418387368:key/84210aef-fee8-4860-85ab-5383f5ef9f4b"
                  }
                ],
                "resources": [
                  "secrets"
                ]
              }
            ],
            "endpoint": "https://CBC8C776D209862A2E2042E537127E55.gr7.eu-central-1.eks.amazonaws.com",
            "id": "laravel-eks-V8V64qfV",
            "identity": [
              {
                "oidc": [
                  {
                    "issuer": "https://oidc.eks.eu-central-1.amazonaws.com/id/CBC8C776D209862A2E2042E537127E55"
                  }
                ]
              }
            ],
            "kubernetes_network_config": [
              {
                "ip_family": "ipv4",
                "service_ipv4_cidr": "172.20.0.0/16",
                "service_ipv6_cidr": ""
              }
            ],
            "name": "laravel-eks-V8V64qfV",
            "outpost_config": [],
            "platform_version": "eks.7",
            "role_arn": "arn:aws:iam::905418387368:role/laravel-eks-V8V64qfV-cluster-20240604085740316500000002",
            "status": "ACTIVE",
            "tags": {
              "terraform-aws-modules": "eks"
            },
            "tags_all": {
              "terraform-aws-modules": "eks"
            },
            "timeouts": {
              "create": null,
              "delete": null,
              "update": null
            },
            "version": "1.29",
            "vpc_config": [
              {
                "cluster_security_group_id": "sg-0ed1525e043e42d2e",
                "endpoint_private_access": true,
                "endpoint_public_access": true,
                "public_access_cidrs": [
                  "0.0.0.0/0"
                ],
                "security_group_ids": [
                  "sg-02c9632645280593d"
                ],
                "subnet_ids": [
                  "subnet-00b6c72c4e978c713",
                  "subnet-04b93d840bc1b5c31",
                  "subnet-0eefa3d51789b1b40"
                ],
                "vpc_id": "vpc-0412930fb8cdb7f86"
              }
            ]
          },
          "sensitive_attributes": [],
          "private": "eyJlMmJmYjczMC1lY2FhLTExZTYtOGY4OC0zNDM2M2JjN2M0YzAiOnsiY3JlYXRlIjoxODAwMDAwMDAwMDAwLCJkZWxldGUiOjkwMDAwMDAwMDAwMCwidXBkYXRlIjozNjAwMDAwMDAwMDAwfX0=",
          "dependencies": [
            "module.eks.module.eks.aws_cloudwatch_log_group.this",
            "module.eks.module.eks.aws_iam_policy.cni_ipv6_policy",
            "module.eks.module.eks.aws_iam_role.this",
            "module.eks.module.eks.aws_iam_role_policy_attachment.this",
            "module.eks.module.eks.aws_security_group.cluster",
            "module.eks.module.eks.aws_security_group.node",
            "module.eks.module.eks.aws_security_group_rule.cluster",
            "module.eks.module.eks.aws_security_group_rule.node",
            "module.eks.module.eks.data.aws_caller_identity.current",
            "module.eks.module.eks.data.aws_iam_policy_document.assume_role_policy",
            "module.eks.module.eks.data.aws_iam_policy_document.cni_ipv6_policy",
            "module.eks.module.eks.data.aws_iam_session_context.current",
            "module.eks.module.eks.data.aws_partition.current",
            "module.eks.module.eks.module.kms.aws_kms_external_key.this",
            "module.eks.module.eks.module.kms.aws_kms_key.this",
            "module.eks.module.eks.module.kms.aws_kms_replica_external_key.this",
            "module.eks.module.eks.module.kms.aws_kms_replica_key.this",
            "module.eks.module.eks.module.kms.data.aws_caller_identity.current",
            "module.eks.module.eks.module.kms.data.aws_iam_policy_document.this",
            "module.eks.module.eks.module.kms.data.aws_partition.current",
            "module.eks.module.vpc.aws_subnet.private",
            "module.eks.module.vpc.aws_vpc.this",
            "module.eks.module.vpc.aws_vpc_ipv4_cidr_block_association.this",
            "module.eks.random_string.suffix"
          ],
          "create_before_destroy": true
        }
      ]
    },
    {
      "module": "module.eks.module.eks",
      "mode": "managed",
      "type": "aws_iam_openid_connect_provider",
      "name": "oidc_provider",
      "provider": "provider[\"registry.terraform.io/hashicorp/aws\"]",
      "instances": [
        {
          "index_key": 0,
          "schema_version": 0,
          "attributes": {
            "arn": "arn:aws:iam::905418387368:oidc-provider/oidc.eks.eu-central-1.amazonaws.com/id/CBC8C776D209862A2E2042E537127E55",
            "client_id_list": [
              "sts.amazonaws.com"
            ],
            "id": "arn:aws:iam::905418387368:oidc-provider/oidc.eks.eu-central-1.amazonaws.com/id/CBC8C776D209862A2E2042E537127E55",
            "tags": {
              "Name": "laravel-eks-V8V64qfV-eks-irsa"
            },
            "tags_all": {
              "Name": "laravel-eks-V8V64qfV-eks-irsa"
            },
            "thumbprint_list": [
              "9e99a48a9960b14926bb7f3b02e22da2b0ab7280"
            ],
            "url": "oidc.eks.eu-central-1.amazonaws.com/id/CBC8C776D209862A2E2042E537127E55"
          },
          "sensitive_attributes": [],
          "private": "bnVsbA==",
          "dependencies": [
            "module.eks.module.eks.aws_cloudwatch_log_group.this",
            "module.eks.module.eks.aws_eks_cluster.this",
            "module.eks.module.eks.aws_iam_policy.cni_ipv6_policy",
            "module.eks.module.eks.aws_iam_role.this",
            "module.eks.module.eks.aws_iam_role_policy_attachment.this",
            "module.eks.module.eks.aws_security_group.cluster",
            "module.eks.module.eks.aws_security_group.node",
            "module.eks.module.eks.aws_security_group_rule.cluster",
            "module.eks.module.eks.aws_security_group_rule.node",
            "module.eks.module.eks.data.aws_caller_identity.current",
            "module.eks.module.eks.data.aws_iam_policy_document.assume_role_policy",
            "module.eks.module.eks.data.aws_iam_policy_document.cni_ipv6_policy",
            "module.eks.module.eks.data.aws_iam_session_context.current",
            "module.eks.module.eks.data.aws_partition.current",
            "module.eks.module.eks.data.tls_certificate.this",
            "module.eks.module.eks.module.kms.aws_kms_external_key.this",
            "module.eks.module.eks.module.kms.aws_kms_key.this",
            "module.eks.module.eks.module.kms.aws_kms_replica_external_key.this",
            "module.eks.module.eks.module.kms.aws_kms_replica_key.this",
            "module.eks.module.eks.module.kms.data.aws_caller_identity.current",
            "module.eks.module.eks.module.kms.data.aws_iam_policy_document.this",
            "module.eks.module.eks.module.kms.data.aws_partition.current",
            "module.eks.module.vpc.aws_subnet.private",
            "module.eks.module.vpc.aws_vpc.this",
            "module.eks.module.vpc.aws_vpc_ipv4_cidr_block_association.this",
            "module.eks.random_string.suffix"
          ]
        }
      ]
    },
    {
      "module": "module.eks.module.eks",
      "mode": "managed",
      "type": "aws_iam_policy",
      "name": "cluster_encryption",
      "provider": "provider[\"registry.terraform.io/hashicorp/aws\"]",
      "instances": [
        {
          "index_key": 0,
          "schema_version": 0,
          "attributes": {
            "arn": "arn:aws:iam::905418387368:policy/laravel-eks-V8V64qfV-cluster-ClusterEncryption2024060408580315020000000d",
            "attachment_count": 1,
            "description": "Cluster encryption policy to allow cluster role to utilize CMK provided",
            "id": "arn:aws:iam::905418387368:policy/laravel-eks-V8V64qfV-cluster-ClusterEncryption2024060408580315020000000d",
            "name": "laravel-eks-V8V64qfV-cluster-ClusterEncryption2024060408580315020000000d",
            "name_prefix": "laravel-eks-V8V64qfV-cluster-ClusterEncryption",
            "path": "/",
            "policy": "{\"Statement\":[{\"Action\":[\"kms:Encrypt\",\"kms:Decrypt\",\"kms:ListGrants\",\"kms:DescribeKey\"],\"Effect\":\"Allow\",\"Resource\":\"arn:aws:kms:eu-central-1:905418387368:key/84210aef-fee8-4860-85ab-5383f5ef9f4b\"}],\"Version\":\"2012-10-17\"}",
            "policy_id": "ANPA5FTZEF6UH5TX7NSRL",
            "tags": {},
            "tags_all": {}
          },
          "sensitive_attributes": [],
          "private": "bnVsbA==",
          "dependencies": [
            "module.eks.module.eks.aws_iam_role.this",
            "module.eks.module.eks.data.aws_caller_identity.current",
            "module.eks.module.eks.data.aws_iam_policy_document.assume_role_policy",
            "module.eks.module.eks.data.aws_iam_session_context.current",
            "module.eks.module.eks.module.kms.aws_kms_external_key.this",
            "module.eks.module.eks.module.kms.aws_kms_key.this",
            "module.eks.module.eks.module.kms.aws_kms_replica_external_key.this",
            "module.eks.module.eks.module.kms.aws_kms_replica_key.this",
            "module.eks.module.eks.module.kms.data.aws_caller_identity.current",
            "module.eks.module.eks.module.kms.data.aws_iam_policy_document.this",
            "module.eks.module.eks.module.kms.data.aws_partition.current",
            "module.eks.random_string.suffix"
          ]
        }
      ]
    },
    {
      "module": "module.eks.module.eks",
      "mode": "managed",
      "type": "aws_iam_role",
      "name": "this",
      "provider": "provider[\"registry.terraform.io/hashicorp/aws\"]",
      "instances": [
        {
          "index_key": 0,
          "schema_version": 0,
          "attributes": {
            "arn": "arn:aws:iam::905418387368:role/laravel-eks-V8V64qfV-cluster-20240604085740316500000002",
            "assume_role_policy": "{\"Statement\":[{\"Action\":\"sts:AssumeRole\",\"Effect\":\"Allow\",\"Principal\":{\"Service\":\"eks.amazonaws.com\"},\"Sid\":\"EKSClusterAssumeRole\"}],\"Version\":\"2012-10-17\"}",
            "create_date": "2024-06-04T08:57:41Z",
            "description": "",
            "force_detach_policies": true,
            "id": "laravel-eks-V8V64qfV-cluster-20240604085740316500000002",
            "inline_policy": [
              {
                "name": "laravel-eks-V8V64qfV-cluster",
                "policy": "{\"Version\":\"2012-10-17\",\"Statement\":[{\"Action\":[\"logs:CreateLogGroup\"],\"Effect\":\"Deny\",\"Resource\":\"*\"}]}"
              }
            ],
            "managed_policy_arns": [
              "arn:aws:iam::905418387368:policy/laravel-eks-V8V64qfV-cluster-ClusterEncryption2024060408580315020000000d",
              "arn:aws:iam::aws:policy/AmazonEKSClusterPolicy",
              "arn:aws:iam::aws:policy/AmazonEKSVPCResourceController"
            ],
            "max_session_duration": 3600,
            "name": "laravel-eks-V8V64qfV-cluster-20240604085740316500000002",
            "name_prefix": "laravel-eks-V8V64qfV-cluster-",
            "path": "/",
            "permissions_boundary": "",
            "tags": {},
            "tags_all": {},
            "unique_id": "AROA5FTZEF6UCHJ3W62E4"
          },
          "sensitive_attributes": [],
          "private": "bnVsbA==",
          "dependencies": [
            "module.eks.module.eks.data.aws_iam_policy_document.assume_role_policy",
            "module.eks.random_string.suffix"
          ],
          "create_before_destroy": true
        }
      ]
    },
    {
      "module": "module.eks.module.eks",
      "mode": "managed",
      "type": "aws_iam_role_policy_attachment",
      "name": "cluster_encryption",
      "provider": "provider[\"registry.terraform.io/hashicorp/aws\"]",
      "instances": [
        {
          "index_key": 0,
          "schema_version": 0,
          "attributes": {
            "id": "laravel-eks-V8V64qfV-cluster-20240604085740316500000002-2024060408580388730000000e",
            "policy_arn": "arn:aws:iam::905418387368:policy/laravel-eks-V8V64qfV-cluster-ClusterEncryption2024060408580315020000000d",
            "role": "laravel-eks-V8V64qfV-cluster-20240604085740316500000002"
          },
          "sensitive_attributes": [],
          "private": "bnVsbA==",
          "dependencies": [
            "module.eks.module.eks.aws_iam_policy.cluster_encryption",
            "module.eks.module.eks.aws_iam_role.this",
            "module.eks.module.eks.data.aws_caller_identity.current",
            "module.eks.module.eks.data.aws_iam_policy_document.assume_role_policy",
            "module.eks.module.eks.data.aws_iam_session_context.current",
            "module.eks.module.eks.module.kms.aws_kms_external_key.this",
            "module.eks.module.eks.module.kms.aws_kms_key.this",
            "module.eks.module.eks.module.kms.aws_kms_replica_external_key.this",
            "module.eks.module.eks.module.kms.aws_kms_replica_key.this",
            "module.eks.module.eks.module.kms.data.aws_caller_identity.current",
            "module.eks.module.eks.module.kms.data.aws_iam_policy_document.this",
            "module.eks.module.eks.module.kms.data.aws_partition.current",
            "module.eks.random_string.suffix"
          ]
        }
      ]
    },
    {
      "module": "module.eks.module.eks",
      "mode": "managed",
      "type": "aws_iam_role_policy_attachment",
      "name": "this",
      "provider": "provider[\"registry.terraform.io/hashicorp/aws\"]",
      "instances": [
        {
          "index_key": "AmazonEKSClusterPolicy",
          "schema_version": 0,
          "attributes": {
            "id": "laravel-eks-V8V64qfV-cluster-20240604085740316500000002-20240604085742725900000007",
            "policy_arn": "arn:aws:iam::aws:policy/AmazonEKSClusterPolicy",
            "role": "laravel-eks-V8V64qfV-cluster-20240604085740316500000002"
          },
          "sensitive_attributes": [],
          "private": "bnVsbA==",
          "dependencies": [
            "module.eks.module.eks.aws_iam_role.this",
            "module.eks.module.eks.data.aws_iam_policy_document.assume_role_policy",
            "module.eks.module.eks.data.aws_partition.current",
            "module.eks.random_string.suffix"
          ],
          "create_before_destroy": true
        },
        {
          "index_key": "AmazonEKSVPCResourceController",
          "schema_version": 0,
          "attributes": {
            "id": "laravel-eks-V8V64qfV-cluster-20240604085740316500000002-20240604085742600500000006",
            "policy_arn": "arn:aws:iam::aws:policy/AmazonEKSVPCResourceController",
            "role": "laravel-eks-V8V64qfV-cluster-20240604085740316500000002"
          },
          "sensitive_attributes": [],
          "private": "bnVsbA==",
          "dependencies": [
            "module.eks.module.eks.aws_iam_role.this",
            "module.eks.module.eks.data.aws_iam_policy_document.assume_role_policy",
            "module.eks.module.eks.data.aws_partition.current",
            "module.eks.random_string.suffix"
          ],
          "create_before_destroy": true
        }
      ]
    },
    {
      "module": "module.eks.module.eks",
      "mode": "managed",
      "type": "aws_security_group",
      "name": "cluster",
      "provider": "provider[\"registry.terraform.io/hashicorp/aws\"]",
      "instances": [
        {
          "index_key": 0,
          "schema_version": 1,
          "attributes": {
            "arn": "arn:aws:ec2:eu-central-1:905418387368:security-group/sg-02c9632645280593d",
            "description": "EKS cluster security group",
            "egress": [],
            "id": "sg-02c9632645280593d",
            "ingress": [
              {
                "cidr_blocks": [],
                "description": "Node groups to cluster API",
                "from_port": 443,
                "ipv6_cidr_blocks": [],
                "prefix_list_ids": [],
                "protocol": "tcp",
                "security_groups": [
                  "sg-0b699b37bc380275c"
                ],
                "self": false,
                "to_port": 443
              }
            ],
            "name": "laravel-eks-V8V64qfV-cluster-2024060408575292000000000a",
            "name_prefix": "laravel-eks-V8V64qfV-cluster-",
            "owner_id": "905418387368",
            "revoke_rules_on_delete": false,
            "tags": {
              "Name": "laravel-eks-V8V64qfV-cluster"
            },
            "tags_all": {
              "Name": "laravel-eks-V8V64qfV-cluster"
            },
            "timeouts": null,
            "vpc_id": "vpc-0412930fb8cdb7f86"
          },
          "sensitive_attributes": [],
          "private": "eyJlMmJmYjczMC1lY2FhLTExZTYtOGY4OC0zNDM2M2JjN2M0YzAiOnsiY3JlYXRlIjo2MDAwMDAwMDAwMDAsImRlbGV0ZSI6OTAwMDAwMDAwMDAwfSwic2NoZW1hX3ZlcnNpb24iOiIxIn0=",
          "dependencies": [
            "module.eks.module.vpc.aws_vpc.this",
            "module.eks.random_string.suffix"
          ],
          "create_before_destroy": true
        }
      ]
    },
    {
      "module": "module.eks.module.eks",
      "mode": "managed",
      "type": "aws_security_group",
      "name": "node",
      "provider": "provider[\"registry.terraform.io/hashicorp/aws\"]",
      "instances": [
        {
          "index_key": 0,
          "schema_version": 1,
          "attributes": {
            "arn": "arn:aws:ec2:eu-central-1:905418387368:security-group/sg-0b699b37bc380275c",
            "description": "EKS node shared security group",
            "egress": [
              {
                "cidr_blocks": [
                  "0.0.0.0/0"
                ],
                "description": "Allow all egress",
                "from_port": 0,
                "ipv6_cidr_blocks": [],
                "prefix_list_ids": [],
                "protocol": "-1",
                "security_groups": [],
                "self": false,
                "to_port": 0
              }
            ],
            "id": "sg-0b699b37bc380275c",
            "ingress": [
              {
                "cidr_blocks": [],
                "description": "",
                "from_port": 0,
                "ipv6_cidr_blocks": [],
                "prefix_list_ids": [],
                "protocol": "-1",
                "security_groups": [
                  "sg-08ca92103efe8c176"
                ],
                "self": false,
                "to_port": 0
              },
              {
                "cidr_blocks": [],
                "description": "Cluster API to node 4443/tcp webhook",
                "from_port": 4443,
                "ipv6_cidr_blocks": [],
                "prefix_list_ids": [],
                "protocol": "tcp",
                "security_groups": [
                  "sg-02c9632645280593d"
                ],
                "self": false,
                "to_port": 4443
              },
              {
                "cidr_blocks": [],
                "description": "Cluster API to node 6443/tcp webhook",
                "from_port": 6443,
                "ipv6_cidr_blocks": [],
                "prefix_list_ids": [],
                "protocol": "tcp",
                "security_groups": [
                  "sg-02c9632645280593d"
                ],
                "self": false,
                "to_port": 6443
              },
              {
                "cidr_blocks": [],
                "description": "Cluster API to node 8443/tcp webhook",
                "from_port": 8443,
                "ipv6_cidr_blocks": [],
                "prefix_list_ids": [],
                "protocol": "tcp",
                "security_groups": [
                  "sg-02c9632645280593d"
                ],
                "self": false,
                "to_port": 8443
              },
              {
                "cidr_blocks": [],
                "description": "Cluster API to node 9443/tcp webhook",
                "from_port": 9443,
                "ipv6_cidr_blocks": [],
                "prefix_list_ids": [],
                "protocol": "tcp",
                "security_groups": [
                  "sg-02c9632645280593d"
                ],
                "self": false,
                "to_port": 9443
              },
              {
                "cidr_blocks": [],
                "description": "Cluster API to node groups",
                "from_port": 443,
                "ipv6_cidr_blocks": [],
                "prefix_list_ids": [],
                "protocol": "tcp",
                "security_groups": [
                  "sg-02c9632645280593d"
                ],
                "self": false,
                "to_port": 443
              },
              {
                "cidr_blocks": [],
                "description": "Cluster API to node kubelets",
                "from_port": 10250,
                "ipv6_cidr_blocks": [],
                "prefix_list_ids": [],
                "protocol": "tcp",
                "security_groups": [
                  "sg-02c9632645280593d"
                ],
                "self": false,
                "to_port": 10250
              },
              {
                "cidr_blocks": [],
                "description": "Node to node CoreDNS UDP",
                "from_port": 53,
                "ipv6_cidr_blocks": [],
                "prefix_list_ids": [],
                "protocol": "udp",
                "security_groups": [],
                "self": true,
                "to_port": 53
              },
              {
                "cidr_blocks": [],
                "description": "Node to node CoreDNS",
                "from_port": 53,
                "ipv6_cidr_blocks": [],
                "prefix_list_ids": [],
                "protocol": "tcp",
                "security_groups": [],
                "self": true,
                "to_port": 53
              },
              {
                "cidr_blocks": [],
                "description": "Node to node ingress on ephemeral ports",
                "from_port": 1025,
                "ipv6_cidr_blocks": [],
                "prefix_list_ids": [],
                "protocol": "tcp",
                "security_groups": [],
                "self": true,
                "to_port": 65535
              }
            ],
            "name": "laravel-eks-V8V64qfV-node-2024060408575292000000000b",
            "name_prefix": "laravel-eks-V8V64qfV-node-",
            "owner_id": "905418387368",
            "revoke_rules_on_delete": false,
            "tags": {
              "Name": "laravel-eks-V8V64qfV-node",
              "kubernetes.io/cluster/laravel-eks-V8V64qfV": "owned"
            },
            "tags_all": {
              "Name": "laravel-eks-V8V64qfV-node",
              "kubernetes.io/cluster/laravel-eks-V8V64qfV": "owned"
            },
            "timeouts": null,
            "vpc_id": "vpc-0412930fb8cdb7f86"
          },
          "sensitive_attributes": [],
          "private": "eyJlMmJmYjczMC1lY2FhLTExZTYtOGY4OC0zNDM2M2JjN2M0YzAiOnsiY3JlYXRlIjo2MDAwMDAwMDAwMDAsImRlbGV0ZSI6OTAwMDAwMDAwMDAwfSwic2NoZW1hX3ZlcnNpb24iOiIxIn0=",
          "dependencies": [
            "module.eks.module.vpc.aws_vpc.this",
            "module.eks.random_string.suffix"
          ],
          "create_before_destroy": true
        }
      ]
    },
    {
      "module": "module.eks.module.eks",
      "mode": "managed",
      "type": "aws_security_group_rule",
      "name": "cluster",
      "provider": "provider[\"registry.terraform.io/hashicorp/aws\"]",
      "instances": [
        {
          "index_key": "ingress_nodes_443",
          "schema_version": 2,
          "attributes": {
            "cidr_blocks": null,
            "description": "Node groups to cluster API",
            "from_port": 443,
            "id": "sgrule-3558620884",
            "ipv6_cidr_blocks": null,
            "prefix_list_ids": null,
            "protocol": "tcp",
            "security_group_id": "sg-02c9632645280593d",
            "security_group_rule_id": "sgr-05c5f604d2f254548",
            "self": false,
            "source_security_group_id": "sg-0b699b37bc380275c",
            "timeouts": null,
            "to_port": 443,
            "type": "ingress"
          },
          "sensitive_attributes": [],
          "private": "eyJlMmJmYjczMC1lY2FhLTExZTYtOGY4OC0zNDM2M2JjN2M0YzAiOnsiY3JlYXRlIjozMDAwMDAwMDAwMDB9LCJzY2hlbWFfdmVyc2lvbiI6IjIifQ==",
          "dependencies": [
            "module.eks.module.eks.aws_security_group.cluster",
            "module.eks.module.eks.aws_security_group.node",
            "module.eks.module.vpc.aws_vpc.this",
            "module.eks.random_string.suffix"
          ],
          "create_before_destroy": true
        }
      ]
    },
    {
      "module": "module.eks.module.eks",
      "mode": "managed",
      "type": "aws_security_group_rule",
      "name": "node",
      "provider": "provider[\"registry.terraform.io/hashicorp/aws\"]",
      "instances": [
        {
          "index_key": "egress_all",
          "schema_version": 2,
          "attributes": {
            "cidr_blocks": [
              "0.0.0.0/0"
            ],
            "description": "Allow all egress",
            "from_port": 0,
            "id": "sgrule-4051247858",
            "ipv6_cidr_blocks": null,
            "prefix_list_ids": [],
            "protocol": "-1",
            "security_group_id": "sg-0b699b37bc380275c",
            "security_group_rule_id": "sgr-0584c5dcb16bc3797",
            "self": false,
            "source_security_group_id": null,
            "timeouts": null,
            "to_port": 0,
            "type": "egress"
          },
          "sensitive_attributes": [],
          "private": "eyJlMmJmYjczMC1lY2FhLTExZTYtOGY4OC0zNDM2M2JjN2M0YzAiOnsiY3JlYXRlIjozMDAwMDAwMDAwMDB9LCJzY2hlbWFfdmVyc2lvbiI6IjIifQ==",
          "dependencies": [
            "module.eks.module.eks.aws_security_group.cluster",
            "module.eks.module.eks.aws_security_group.node",
            "module.eks.module.vpc.aws_vpc.this",
            "module.eks.random_string.suffix"
          ],
          "create_before_destroy": true
        },
        {
          "index_key": "ingress_cluster_443",
          "schema_version": 2,
          "attributes": {
            "cidr_blocks": null,
            "description": "Cluster API to node groups",
            "from_port": 443,
            "id": "sgrule-35488116",
            "ipv6_cidr_blocks": null,
            "prefix_list_ids": [],
            "protocol": "tcp",
            "security_group_id": "sg-0b699b37bc380275c",
            "security_group_rule_id": "sgr-09fce60919795f82c",
            "self": false,
            "source_security_group_id": "sg-02c9632645280593d",
            "timeouts": null,
            "to_port": 443,
            "type": "ingress"
          },
          "sensitive_attributes": [],
          "private": "eyJlMmJmYjczMC1lY2FhLTExZTYtOGY4OC0zNDM2M2JjN2M0YzAiOnsiY3JlYXRlIjozMDAwMDAwMDAwMDB9LCJzY2hlbWFfdmVyc2lvbiI6IjIifQ==",
          "dependencies": [
            "module.eks.module.eks.aws_security_group.cluster",
            "module.eks.module.eks.aws_security_group.node",
            "module.eks.module.vpc.aws_vpc.this",
            "module.eks.random_string.suffix"
          ],
          "create_before_destroy": true
        },
        {
          "index_key": "ingress_cluster_4443_webhook",
          "schema_version": 2,
          "attributes": {
            "cidr_blocks": null,
            "description": "Cluster API to node 4443/tcp webhook",
            "from_port": 4443,
            "id": "sgrule-2943930627",
            "ipv6_cidr_blocks": null,
            "prefix_list_ids": [],
            "protocol": "tcp",
            "security_group_id": "sg-0b699b37bc380275c",
            "security_group_rule_id": "sgr-09bf4acebc0840020",
            "self": false,
            "source_security_group_id": "sg-02c9632645280593d",
            "timeouts": null,
            "to_port": 4443,
            "type": "ingress"
          },
          "sensitive_attributes": [],
          "private": "eyJlMmJmYjczMC1lY2FhLTExZTYtOGY4OC0zNDM2M2JjN2M0YzAiOnsiY3JlYXRlIjozMDAwMDAwMDAwMDB9LCJzY2hlbWFfdmVyc2lvbiI6IjIifQ==",
          "dependencies": [
            "module.eks.module.eks.aws_security_group.cluster",
            "module.eks.module.eks.aws_security_group.node",
            "module.eks.module.vpc.aws_vpc.this",
            "module.eks.random_string.suffix"
          ],
          "create_before_destroy": true
        },
        {
          "index_key": "ingress_cluster_6443_webhook",
          "schema_version": 2,
          "attributes": {
            "cidr_blocks": null,
            "description": "Cluster API to node 6443/tcp webhook",
            "from_port": 6443,
            "id": "sgrule-1715123861",
            "ipv6_cidr_blocks": null,
            "prefix_list_ids": [],
            "protocol": "tcp",
            "security_group_id": "sg-0b699b37bc380275c",
            "security_group_rule_id": "sgr-028ea23f9756e97ea",
            "self": false,
            "source_security_group_id": "sg-02c9632645280593d",
            "timeouts": null,
            "to_port": 6443,
            "type": "ingress"
          },
          "sensitive_attributes": [],
          "private": "eyJlMmJmYjczMC1lY2FhLTExZTYtOGY4OC0zNDM2M2JjN2M0YzAiOnsiY3JlYXRlIjozMDAwMDAwMDAwMDB9LCJzY2hlbWFfdmVyc2lvbiI6IjIifQ==",
          "dependencies": [
            "module.eks.module.eks.aws_security_group.cluster",
            "module.eks.module.eks.aws_security_group.node",
            "module.eks.module.vpc.aws_vpc.this",
            "module.eks.random_string.suffix"
          ],
          "create_before_destroy": true
        },
        {
          "index_key": "ingress_cluster_8443_webhook",
          "schema_version": 2,
          "attributes": {
            "cidr_blocks": null,
            "description": "Cluster API to node 8443/tcp webhook",
            "from_port": 8443,
            "id": "sgrule-1969654452",
            "ipv6_cidr_blocks": null,
            "prefix_list_ids": [],
            "protocol": "tcp",
            "security_group_id": "sg-0b699b37bc380275c",
            "security_group_rule_id": "sgr-04c9d244338ea51ea",
            "self": false,
            "source_security_group_id": "sg-02c9632645280593d",
            "timeouts": null,
            "to_port": 8443,
            "type": "ingress"
          },
          "sensitive_attributes": [],
          "private": "eyJlMmJmYjczMC1lY2FhLTExZTYtOGY4OC0zNDM2M2JjN2M0YzAiOnsiY3JlYXRlIjozMDAwMDAwMDAwMDB9LCJzY2hlbWFfdmVyc2lvbiI6IjIifQ==",
          "dependencies": [
            "module.eks.module.eks.aws_security_group.cluster",
            "module.eks.module.eks.aws_security_group.node",
            "module.eks.module.vpc.aws_vpc.this",
            "module.eks.random_string.suffix"
          ],
          "create_before_destroy": true
        },
        {
          "index_key": "ingress_cluster_9443_webhook",
          "schema_version": 2,
          "attributes": {
            "cidr_blocks": null,
            "description": "Cluster API to node 9443/tcp webhook",
            "from_port": 9443,
            "id": "sgrule-298301823",
            "ipv6_cidr_blocks": null,
            "prefix_list_ids": [],
            "protocol": "tcp",
            "security_group_id": "sg-0b699b37bc380275c",
            "security_group_rule_id": "sgr-0143d26aeeef8b942",
            "self": false,
            "source_security_group_id": "sg-02c9632645280593d",
            "timeouts": null,
            "to_port": 9443,
            "type": "ingress"
          },
          "sensitive_attributes": [],
          "private": "eyJlMmJmYjczMC1lY2FhLTExZTYtOGY4OC0zNDM2M2JjN2M0YzAiOnsiY3JlYXRlIjozMDAwMDAwMDAwMDB9LCJzY2hlbWFfdmVyc2lvbiI6IjIifQ==",
          "dependencies": [
            "module.eks.module.eks.aws_security_group.cluster",
            "module.eks.module.eks.aws_security_group.node",
            "module.eks.module.vpc.aws_vpc.this",
            "module.eks.random_string.suffix"
          ],
          "create_before_destroy": true
        },
        {
          "index_key": "ingress_cluster_kubelet",
          "schema_version": 2,
          "attributes": {
            "cidr_blocks": null,
            "description": "Cluster API to node kubelets",
            "from_port": 10250,
            "id": "sgrule-520820013",
            "ipv6_cidr_blocks": null,
            "prefix_list_ids": [],
            "protocol": "tcp",
            "security_group_id": "sg-0b699b37bc380275c",
            "security_group_rule_id": "sgr-0eff23cfbfd820209",
            "self": false,
            "source_security_group_id": "sg-02c9632645280593d",
            "timeouts": null,
            "to_port": 10250,
            "type": "ingress"
          },
          "sensitive_attributes": [],
          "private": "eyJlMmJmYjczMC1lY2FhLTExZTYtOGY4OC0zNDM2M2JjN2M0YzAiOnsiY3JlYXRlIjozMDAwMDAwMDAwMDB9LCJzY2hlbWFfdmVyc2lvbiI6IjIifQ==",
          "dependencies": [
            "module.eks.module.eks.aws_security_group.cluster",
            "module.eks.module.eks.aws_security_group.node",
            "module.eks.module.vpc.aws_vpc.this",
            "module.eks.random_string.suffix"
          ],
          "create_before_destroy": true
        },
        {
          "index_key": "ingress_nodes_ephemeral",
          "schema_version": 2,
          "attributes": {
            "cidr_blocks": null,
            "description": "Node to node ingress on ephemeral ports",
            "from_port": 1025,
            "id": "sgrule-2482115954",
            "ipv6_cidr_blocks": null,
            "prefix_list_ids": [],
            "protocol": "tcp",
            "security_group_id": "sg-0b699b37bc380275c",
            "security_group_rule_id": "sgr-02f96593ae4d4c046",
            "self": true,
            "source_security_group_id": null,
            "timeouts": null,
            "to_port": 65535,
            "type": "ingress"
          },
          "sensitive_attributes": [],
          "private": "eyJlMmJmYjczMC1lY2FhLTExZTYtOGY4OC0zNDM2M2JjN2M0YzAiOnsiY3JlYXRlIjozMDAwMDAwMDAwMDB9LCJzY2hlbWFfdmVyc2lvbiI6IjIifQ==",
          "dependencies": [
            "module.eks.module.eks.aws_security_group.cluster",
            "module.eks.module.eks.aws_security_group.node",
            "module.eks.module.vpc.aws_vpc.this",
            "module.eks.random_string.suffix"
          ],
          "create_before_destroy": true
        },
        {
          "index_key": "ingress_self_coredns_tcp",
          "schema_version": 2,
          "attributes": {
            "cidr_blocks": null,
            "description": "Node to node CoreDNS",
            "from_port": 53,
            "id": "sgrule-497225014",
            "ipv6_cidr_blocks": null,
            "prefix_list_ids": [],
            "protocol": "tcp",
            "security_group_id": "sg-0b699b37bc380275c",
            "security_group_rule_id": "sgr-0165ef725379438a6",
            "self": true,
            "source_security_group_id": null,
            "timeouts": null,
            "to_port": 53,
            "type": "ingress"
          },
          "sensitive_attributes": [],
          "private": "eyJlMmJmYjczMC1lY2FhLTExZTYtOGY4OC0zNDM2M2JjN2M0YzAiOnsiY3JlYXRlIjozMDAwMDAwMDAwMDB9LCJzY2hlbWFfdmVyc2lvbiI6IjIifQ==",
          "dependencies": [
            "module.eks.module.eks.aws_security_group.cluster",
            "module.eks.module.eks.aws_security_group.node",
            "module.eks.module.vpc.aws_vpc.this",
            "module.eks.random_string.suffix"
          ],
          "create_before_destroy": true
        },
        {
          "index_key": "ingress_self_coredns_udp",
          "schema_version": 2,
          "attributes": {
            "cidr_blocks": null,
            "description": "Node to node CoreDNS UDP",
            "from_port": 53,
            "id": "sgrule-3120344793",
            "ipv6_cidr_blocks": null,
            "prefix_list_ids": [],
            "protocol": "udp",
            "security_group_id": "sg-0b699b37bc380275c",
            "security_group_rule_id": "sgr-0d49150fdb470b73e",
            "self": true,
            "source_security_group_id": null,
            "timeouts": null,
            "to_port": 53,
            "type": "ingress"
          },
          "sensitive_attributes": [],
          "private": "eyJlMmJmYjczMC1lY2FhLTExZTYtOGY4OC0zNDM2M2JjN2M0YzAiOnsiY3JlYXRlIjozMDAwMDAwMDAwMDB9LCJzY2hlbWFfdmVyc2lvbiI6IjIifQ==",
          "dependencies": [
            "module.eks.module.eks.aws_security_group.cluster",
            "module.eks.module.eks.aws_security_group.node",
            "module.eks.module.vpc.aws_vpc.this",
            "module.eks.random_string.suffix"
          ],
          "create_before_destroy": true
        }
      ]
    },
    {
      "module": "module.eks.module.eks",
      "mode": "managed",
      "type": "time_sleep",
      "name": "this",
      "provider": "provider[\"registry.terraform.io/hashicorp/time\"]",
      "instances": [
        {
          "index_key": 0,
          "schema_version": 0,
          "attributes": {
            "create_duration": "30s",
            "destroy_duration": null,
            "id": "2024-06-04T09:39:05Z",
            "triggers": {
              "cluster_certificate_authority_data": "LS0tLS1CRUdJTiBDRVJUSUZJQ0FURS0tLS0tCk1JSURCVENDQWUyZ0F3SUJBZ0lJSlo5STgvWmI4NVF3RFFZSktvWklodmNOQVFFTEJRQXdGVEVUTUJFR0ExVUUKQXhNS2EzVmlaWEp1WlhSbGN6QWVGdzB5TkRBMk1EUXdPRFU0TURaYUZ3MHpOREEyTURJd09UQXpNRFphTUJVeApFekFSQmdOVkJBTVRDbXQxWW1WeWJtVjBaWE13Z2dFaU1BMEdDU3FHU0liM0RRRUJBUVVBQTRJQkR3QXdnZ0VLCkFvSUJBUURLR0hYTW8rTE5kRmRSL0hOZmRJN2VzdGgrLzJyaFYyVC9sS25qZ3FTVDRqTE5RK1B2R05GUWxoRE0KbjlOSlhDc2dVaGRZbEZvbTlmS3N5N0dCUFgyTEtXaS9xa0RFb2tMZmtGK1JMZ0FtdmFQanI3WndqYVFYVW5sMgpqQUhHTFdzN3VtMHlCTXhqdUR4L3pjSWhqdEJ0UlJXaDAydXZScGp0YUU3eStoamdteVF6QkhnK25nSWlHNHphCkQxM3cxeVNqMExQYmFESnpLT0ZKOTZ3alJCWjdCMC9HVVd2N0dRWkhXTXA2NzQyWktselF0MjNZK1ZOUmx5YWIKVHJDRlBzNW0xdE50K3IwenFScG1uY2J1NnZrQnlHMEZWSXIwWW1hNGFBSlIyNEU3L0lXTzBmQXlDR0xPVXdxMwowbHhKOTRQMFJSeTljTnZDZmtkYjQyOCs0WGQ5QWdNQkFBR2pXVEJYTUE0R0ExVWREd0VCL3dRRUF3SUNwREFQCkJnTlZIUk1CQWY4RUJUQURBUUgvTUIwR0ExVWREZ1FXQkJUSUdRV3RyZzBvU1lwTlBiSzA5N0JuSW5kWWdqQVYKQmdOVkhSRUVEakFNZ2dwcmRXSmxjbTVsZEdWek1BMEdDU3FHU0liM0RRRUJDd1VBQTRJQkFRQ1hScnErSXRidwp6VEZtVk1kUmlwck16YjZiQ1FuZHdBZWxrQTlGSmQxYm9hK3MwUExuemFNTzhZRWE5L3dTZjZwVzNRUWNoVW5wCk9ESTRlQXZOUVpkTW9uRkE5bUFlUGZoV09wWWVla1UraHYxTlRnNWl3cFVvVW52Wm9sQVYyN3hRalh1MlVTTWUKZCtsSVJrSEpjK0VGTEM4TXJIRitpYVNEZUVjNXcwZEpVM1lVOERSNVB6OEVMaHFhc2ZWamV2RjJCOEZZN0N0YQpYNmdXbkhrZHNpTm5LZjE2Wk1GakZUT3B1SWUzR3pIWEE0a1A1clFtdnBlOFhkRWRrZDYzajdkb29OOHdqMG51Ck1vT1V6ZFYxVURhbTJGN3ZTUDZBVS84cys0am91K3BIYlF4bkliRk80R1pxVFFlVG9DRGtrR2l2TlV4bm96c1IKTzJROGZUVHRjbEEvCi0tLS0tRU5EIENFUlRJRklDQVRFLS0tLS0K",
              "cluster_endpoint": "https://CBC8C776D209862A2E2042E537127E55.gr7.eu-central-1.eks.amazonaws.com",
              "cluster_name": "laravel-eks-V8V64qfV",
              "cluster_service_cidr": "172.20.0.0/16",
              "cluster_version": "1.29"
            }
          },
          "sensitive_attributes": [],
          "dependencies": [
            "module.eks.module.eks.aws_cloudwatch_log_group.this",
            "module.eks.module.eks.aws_eks_cluster.this",
            "module.eks.module.eks.aws_iam_policy.cni_ipv6_policy",
            "module.eks.module.eks.aws_iam_role.this",
            "module.eks.module.eks.aws_iam_role_policy_attachment.this",
            "module.eks.module.eks.aws_security_group.cluster",
            "module.eks.module.eks.aws_security_group.node",
            "module.eks.module.eks.aws_security_group_rule.cluster",
            "module.eks.module.eks.aws_security_group_rule.node",
            "module.eks.module.eks.data.aws_caller_identity.current",
            "module.eks.module.eks.data.aws_iam_policy_document.assume_role_policy",
            "module.eks.module.eks.data.aws_iam_policy_document.cni_ipv6_policy",
            "module.eks.module.eks.data.aws_iam_session_context.current",
            "module.eks.module.eks.data.aws_partition.current",
            "module.eks.module.eks.module.kms.aws_kms_external_key.this",
            "module.eks.module.eks.module.kms.aws_kms_key.this",
            "module.eks.module.eks.module.kms.aws_kms_replica_external_key.this",
            "module.eks.module.eks.module.kms.aws_kms_replica_key.this",
            "module.eks.module.eks.module.kms.data.aws_caller_identity.current",
            "module.eks.module.eks.module.kms.data.aws_iam_policy_document.this",
            "module.eks.module.eks.module.kms.data.aws_partition.current",
            "module.eks.module.vpc.aws_subnet.private",
            "module.eks.module.vpc.aws_vpc.this",
            "module.eks.module.vpc.aws_vpc_ipv4_cidr_block_association.this",
            "module.eks.random_string.suffix"
          ],
          "create_before_destroy": true
        }
      ]
    },
    {
      "module": "module.eks.module.eks.module.eks_managed_node_group[\"one\"]",
      "mode": "data",
      "type": "aws_caller_identity",
      "name": "current",
      "provider": "provider[\"registry.terraform.io/hashicorp/aws\"]",
      "instances": [
        {
          "schema_version": 0,
          "attributes": {
            "account_id": "905418387368",
            "arn": "arn:aws:iam::905418387368:root",
            "id": "905418387368",
            "user_id": "905418387368"
          },
          "sensitive_attributes": []
        }
      ]
    },
    {
      "module": "module.eks.module.eks.module.eks_managed_node_group[\"one\"]",
      "mode": "data",
      "type": "aws_iam_policy_document",
      "name": "assume_role_policy",
      "provider": "provider[\"registry.terraform.io/hashicorp/aws\"]",
      "instances": [
        {
          "index_key": 0,
          "schema_version": 0,
          "attributes": {
            "id": "2560088296",
            "json": "{\n  \"Version\": \"2012-10-17\",\n  \"Statement\": [\n    {\n      \"Sid\": \"EKSNodeAssumeRole\",\n      \"Effect\": \"Allow\",\n      \"Action\": \"sts:AssumeRole\",\n      \"Principal\": {\n        \"Service\": \"ec2.amazonaws.com\"\n      }\n    }\n  ]\n}",
            "minified_json": "{\"Version\":\"2012-10-17\",\"Statement\":[{\"Sid\":\"EKSNodeAssumeRole\",\"Effect\":\"Allow\",\"Action\":\"sts:AssumeRole\",\"Principal\":{\"Service\":\"ec2.amazonaws.com\"}}]}",
            "override_json": null,
            "override_policy_documents": null,
            "policy_id": null,
            "source_json": null,
            "source_policy_documents": null,
            "statement": [
              {
                "actions": [
                  "sts:AssumeRole"
                ],
                "condition": [],
                "effect": "Allow",
                "not_actions": [],
                "not_principals": [],
                "not_resources": [],
                "principals": [
                  {
                    "identifiers": [
                      "ec2.amazonaws.com"
                    ],
                    "type": "Service"
                  }
                ],
                "resources": [],
                "sid": "EKSNodeAssumeRole"
              }
            ],
            "version": "2012-10-17"
          },
          "sensitive_attributes": []
        }
      ]
    },
    {
      "module": "module.eks.module.eks.module.eks_managed_node_group[\"one\"]",
      "mode": "data",
      "type": "aws_partition",
      "name": "current",
      "provider": "provider[\"registry.terraform.io/hashicorp/aws\"]",
      "instances": [
        {
          "schema_version": 0,
          "attributes": {
            "dns_suffix": "amazonaws.com",
            "id": "aws",
            "partition": "aws",
            "reverse_dns_prefix": "com.amazonaws"
          },
          "sensitive_attributes": []
        }
      ]
    },
    {
      "module": "module.eks.module.eks.module.eks_managed_node_group[\"one\"]",
      "mode": "managed",
      "type": "aws_eks_node_group",
      "name": "this",
      "provider": "provider[\"registry.terraform.io/hashicorp/aws\"]",
      "instances": [
        {
          "index_key": 0,
          "schema_version": 0,
          "attributes": {
            "ami_type": "AL2_x86_64",
            "arn": "arn:aws:eks:eu-central-1:905418387368:nodegroup/laravel-eks-V8V64qfV/laravel-20240604093906007200000011/42c7f14e-ebc0-dba0-919a-f7b382888f9f",
            "capacity_type": "ON_DEMAND",
            "cluster_name": "laravel-eks-V8V64qfV",
            "disk_size": 0,
            "force_update_version": null,
            "id": "laravel-eks-V8V64qfV:laravel-20240604093906007200000011",
            "instance_types": [
              "t3.medium"
            ],
            "labels": {},
            "launch_template": [
              {
                "id": "lt-097dcda634cb448a2",
                "name": "one-2024060409390544120000000f",
                "version": "1"
              }
            ],
            "node_group_name": "laravel-20240604093906007200000011",
            "node_group_name_prefix": "laravel-",
            "node_role_arn": "arn:aws:iam::905418387368:role/laravel-eks-node-group-20240604085740314500000001",
            "release_version": "1.29.3-20240522",
            "remote_access": [],
            "resources": [
              {
                "autoscaling_groups": [
                  {
                    "name": "eks-laravel-20240604093906007200000011-42c7f14e-ebc0-dba0-919a-f7b382888f9f"
                  }
                ],
                "remote_access_security_group_id": ""
              }
            ],
            "scaling_config": [
              {
                "desired_size": 2,
                "max_size": 3,
                "min_size": 1
              }
            ],
            "status": "ACTIVE",
            "subnet_ids": [
              "subnet-00b6c72c4e978c713",
              "subnet-04b93d840bc1b5c31",
              "subnet-0eefa3d51789b1b40"
            ],
            "tags": {
              "Name": "laravel"
            },
            "tags_all": {
              "Name": "laravel"
            },
            "taint": [],
            "timeouts": {
              "create": null,
              "delete": null,
              "update": null
            },
            "update_config": [
              {
                "max_unavailable": 0,
                "max_unavailable_percentage": 33
              }
            ],
            "version": "1.29"
          },
          "sensitive_attributes": [],
          "private": "eyJlMmJmYjczMC1lY2FhLTExZTYtOGY4OC0zNDM2M2JjN2M0YzAiOnsiY3JlYXRlIjozNjAwMDAwMDAwMDAwLCJkZWxldGUiOjM2MDAwMDAwMDAwMDAsInVwZGF0ZSI6MzYwMDAwMDAwMDAwMH19",
          "dependencies": [
            "module.eks.module.eks.aws_cloudwatch_log_group.this",
            "module.eks.module.eks.aws_eks_cluster.this",
            "module.eks.module.eks.aws_iam_policy.cni_ipv6_policy",
            "module.eks.module.eks.aws_iam_role.this",
            "module.eks.module.eks.aws_iam_role_policy_attachment.this",
            "module.eks.module.eks.aws_security_group.cluster",
            "module.eks.module.eks.aws_security_group.node",
            "module.eks.module.eks.aws_security_group_rule.cluster",
            "module.eks.module.eks.aws_security_group_rule.node",
            "module.eks.module.eks.data.aws_caller_identity.current",
            "module.eks.module.eks.data.aws_iam_policy_document.assume_role_policy",
            "module.eks.module.eks.data.aws_iam_policy_document.cni_ipv6_policy",
            "module.eks.module.eks.data.aws_iam_session_context.current",
            "module.eks.module.eks.data.aws_partition.current",
            "module.eks.module.eks.module.eks_managed_node_group.aws_iam_role.this",
            "module.eks.module.eks.module.eks_managed_node_group.aws_iam_role_policy_attachment.this",
            "module.eks.module.eks.module.eks_managed_node_group.aws_launch_template.this",
            "module.eks.module.eks.module.eks_managed_node_group.aws_placement_group.this",
            "module.eks.module.eks.module.eks_managed_node_group.data.aws_caller_identity.current",
            "module.eks.module.eks.module.eks_managed_node_group.data.aws_ec2_instance_type.this",
            "module.eks.module.eks.module.eks_managed_node_group.data.aws_ec2_instance_type_offerings.this",
            "module.eks.module.eks.module.eks_managed_node_group.data.aws_iam_policy_document.assume_role_policy",
            "module.eks.module.eks.module.eks_managed_node_group.data.aws_partition.current",
            "module.eks.module.eks.module.eks_managed_node_group.data.aws_ssm_parameter.ami",
            "module.eks.module.eks.module.eks_managed_node_group.data.aws_subnets.efa",
            "module.eks.module.eks.module.eks_managed_node_group.module.user_data.data.cloudinit_config.al2023_eks_managed_node_group",
            "module.eks.module.eks.module.eks_managed_node_group.module.user_data.data.cloudinit_config.linux_eks_managed_node_group",
            "module.eks.module.eks.module.kms.aws_kms_external_key.this",
            "module.eks.module.eks.module.kms.aws_kms_key.this",
            "module.eks.module.eks.module.kms.aws_kms_replica_external_key.this",
            "module.eks.module.eks.module.kms.aws_kms_replica_key.this",
            "module.eks.module.eks.module.kms.data.aws_caller_identity.current",
            "module.eks.module.eks.module.kms.data.aws_iam_policy_document.this",
            "module.eks.module.eks.module.kms.data.aws_partition.current",
            "module.eks.module.eks.time_sleep.this",
            "module.eks.module.vpc.aws_subnet.private",
            "module.eks.module.vpc.aws_vpc.this",
            "module.eks.module.vpc.aws_vpc_ipv4_cidr_block_association.this",
            "module.eks.random_string.suffix"
          ],
          "create_before_destroy": true
        }
      ]
    },
    {
      "module": "module.eks.module.eks.module.eks_managed_node_group[\"one\"]",
      "mode": "managed",
      "type": "aws_iam_role",
      "name": "this",
      "provider": "provider[\"registry.terraform.io/hashicorp/aws\"]",
      "instances": [
        {
          "index_key": 0,
          "schema_version": 0,
          "attributes": {
            "arn": "arn:aws:iam::905418387368:role/laravel-eks-node-group-20240604085740314500000001",
            "assume_role_policy": "{\"Statement\":[{\"Action\":\"sts:AssumeRole\",\"Effect\":\"Allow\",\"Principal\":{\"Service\":\"ec2.amazonaws.com\"},\"Sid\":\"EKSNodeAssumeRole\"}],\"Version\":\"2012-10-17\"}",
            "create_date": "2024-06-04T08:57:41Z",
            "description": "EKS managed node group IAM role",
            "force_detach_policies": true,
            "id": "laravel-eks-node-group-20240604085740314500000001",
            "inline_policy": [],
            "managed_policy_arns": [
              "arn:aws:iam::aws:policy/AmazonEC2ContainerRegistryReadOnly",
              "arn:aws:iam::aws:policy/AmazonEKSWorkerNodePolicy",
              "arn:aws:iam::aws:policy/AmazonEKS_CNI_Policy"
            ],
            "max_session_duration": 3600,
            "name": "laravel-eks-node-group-20240604085740314500000001",
            "name_prefix": "laravel-eks-node-group-",
            "path": "/",
            "permissions_boundary": "",
            "tags": {},
            "tags_all": {},
            "unique_id": "AROA5FTZEF6UK2IYNYAPE"
          },
          "sensitive_attributes": [],
          "private": "bnVsbA==",
          "dependencies": [
            "module.eks.module.eks.module.eks_managed_node_group.data.aws_iam_policy_document.assume_role_policy"
          ],
          "create_before_destroy": true
        }
      ]
    },
    {
      "module": "module.eks.module.eks.module.eks_managed_node_group[\"one\"]",
      "mode": "managed",
      "type": "aws_iam_role_policy_attachment",
      "name": "this",
      "provider": "provider[\"registry.terraform.io/hashicorp/aws\"]",
      "instances": [
        {
          "index_key": "AmazonEC2ContainerRegistryReadOnly",
          "schema_version": 0,
          "attributes": {
            "id": "laravel-eks-node-group-20240604085740314500000001-20240604085742055200000003",
            "policy_arn": "arn:aws:iam::aws:policy/AmazonEC2ContainerRegistryReadOnly",
            "role": "laravel-eks-node-group-20240604085740314500000001"
          },
          "sensitive_attributes": [],
          "private": "bnVsbA==",
          "dependencies": [
            "module.eks.module.eks.module.eks_managed_node_group.aws_iam_role.this",
            "module.eks.module.eks.module.eks_managed_node_group.data.aws_caller_identity.current",
            "module.eks.module.eks.module.eks_managed_node_group.data.aws_iam_policy_document.assume_role_policy",
            "module.eks.module.eks.module.eks_managed_node_group.data.aws_partition.current"
          ],
          "create_before_destroy": true
        },
        {
          "index_key": "AmazonEKSWorkerNodePolicy",
          "schema_version": 0,
          "attributes": {
            "id": "laravel-eks-node-group-20240604085740314500000001-20240604085742236800000005",
            "policy_arn": "arn:aws:iam::aws:policy/AmazonEKSWorkerNodePolicy",
            "role": "laravel-eks-node-group-20240604085740314500000001"
          },
          "sensitive_attributes": [],
          "private": "bnVsbA==",
          "dependencies": [
            "module.eks.module.eks.module.eks_managed_node_group.aws_iam_role.this",
            "module.eks.module.eks.module.eks_managed_node_group.data.aws_caller_identity.current",
            "module.eks.module.eks.module.eks_managed_node_group.data.aws_iam_policy_document.assume_role_policy",
            "module.eks.module.eks.module.eks_managed_node_group.data.aws_partition.current"
          ],
          "create_before_destroy": true
        },
        {
          "index_key": "AmazonEKS_CNI_Policy",
          "schema_version": 0,
          "attributes": {
            "id": "laravel-eks-node-group-20240604085740314500000001-20240604085742229700000004",
            "policy_arn": "arn:aws:iam::aws:policy/AmazonEKS_CNI_Policy",
            "role": "laravel-eks-node-group-20240604085740314500000001"
          },
          "sensitive_attributes": [],
          "private": "bnVsbA==",
          "dependencies": [
            "module.eks.module.eks.module.eks_managed_node_group.aws_iam_role.this",
            "module.eks.module.eks.module.eks_managed_node_group.data.aws_caller_identity.current",
            "module.eks.module.eks.module.eks_managed_node_group.data.aws_iam_policy_document.assume_role_policy",
            "module.eks.module.eks.module.eks_managed_node_group.data.aws_partition.current"
          ],
          "create_before_destroy": true
        }
      ]
    },
    {
      "module": "module.eks.module.eks.module.eks_managed_node_group[\"one\"]",
      "mode": "managed",
      "type": "aws_launch_template",
      "name": "this",
      "provider": "provider[\"registry.terraform.io/hashicorp/aws\"]",
      "instances": [
        {
          "index_key": 0,
          "schema_version": 0,
          "attributes": {
            "arn": "arn:aws:ec2:eu-central-1:905418387368:launch-template/lt-097dcda634cb448a2",
            "block_device_mappings": [],
            "capacity_reservation_specification": [],
            "cpu_options": [],
            "credit_specification": [],
            "default_version": 1,
            "description": "Custom launch template for laravel EKS managed node group",
            "disable_api_stop": false,
            "disable_api_termination": false,
            "ebs_optimized": "",
            "elastic_gpu_specifications": [],
            "elastic_inference_accelerator": [],
            "enclave_options": [],
            "hibernation_options": [],
            "iam_instance_profile": [],
            "id": "lt-097dcda634cb448a2",
            "image_id": "",
            "instance_initiated_shutdown_behavior": "",
            "instance_market_options": [],
            "instance_requirements": [],
            "instance_type": "",
            "kernel_id": "",
            "key_name": "",
            "latest_version": 1,
            "license_specification": [],
            "maintenance_options": [],
            "metadata_options": [
              {
                "http_endpoint": "enabled",
                "http_protocol_ipv6": "",
                "http_put_response_hop_limit": 2,
                "http_tokens": "required",
                "instance_metadata_tags": ""
              }
            ],
            "monitoring": [
              {
                "enabled": true
              }
            ],
            "name": "one-2024060409390544120000000f",
            "name_prefix": "one-",
            "network_interfaces": [],
            "placement": [],
            "private_dns_name_options": [],
            "ram_disk_id": "",
            "security_group_names": [],
            "tag_specifications": [
              {
                "resource_type": "instance",
                "tags": {
                  "Name": "laravel"
                }
              },
              {
                "resource_type": "network-interface",
                "tags": {
                  "Name": "laravel"
                }
              },
              {
                "resource_type": "volume",
                "tags": {
                  "Name": "laravel"
                }
              }
            ],
            "tags": {},
            "tags_all": {},
            "update_default_version": true,
            "user_data": "",
            "vpc_security_group_ids": [
              "sg-0b699b37bc380275c"
            ]
          },
          "sensitive_attributes": [],
          "private": "bnVsbA==",
          "dependencies": [
            "module.eks.module.eks.aws_cloudwatch_log_group.this",
            "module.eks.module.eks.aws_eks_cluster.this",
            "module.eks.module.eks.aws_iam_policy.cni_ipv6_policy",
            "module.eks.module.eks.aws_iam_role.this",
            "module.eks.module.eks.aws_iam_role_policy_attachment.this",
            "module.eks.module.eks.aws_security_group.cluster",
            "module.eks.module.eks.aws_security_group.node",
            "module.eks.module.eks.aws_security_group_rule.cluster",
            "module.eks.module.eks.aws_security_group_rule.node",
            "module.eks.module.eks.data.aws_caller_identity.current",
            "module.eks.module.eks.data.aws_iam_policy_document.assume_role_policy",
            "module.eks.module.eks.data.aws_iam_policy_document.cni_ipv6_policy",
            "module.eks.module.eks.data.aws_iam_session_context.current",
            "module.eks.module.eks.data.aws_partition.current",
            "module.eks.module.eks.module.eks_managed_node_group.aws_iam_role.this",
            "module.eks.module.eks.module.eks_managed_node_group.aws_iam_role_policy_attachment.this",
            "module.eks.module.eks.module.eks_managed_node_group.aws_placement_group.this",
            "module.eks.module.eks.module.eks_managed_node_group.data.aws_caller_identity.current",
            "module.eks.module.eks.module.eks_managed_node_group.data.aws_ec2_instance_type.this",
            "module.eks.module.eks.module.eks_managed_node_group.data.aws_iam_policy_document.assume_role_policy",
            "module.eks.module.eks.module.eks_managed_node_group.data.aws_partition.current",
            "module.eks.module.eks.module.eks_managed_node_group.module.user_data.data.cloudinit_config.al2023_eks_managed_node_group",
            "module.eks.module.eks.module.eks_managed_node_group.module.user_data.data.cloudinit_config.linux_eks_managed_node_group",
            "module.eks.module.eks.module.kms.aws_kms_external_key.this",
            "module.eks.module.eks.module.kms.aws_kms_key.this",
            "module.eks.module.eks.module.kms.aws_kms_replica_external_key.this",
            "module.eks.module.eks.module.kms.aws_kms_replica_key.this",
            "module.eks.module.eks.module.kms.data.aws_caller_identity.current",
            "module.eks.module.eks.module.kms.data.aws_iam_policy_document.this",
            "module.eks.module.eks.module.kms.data.aws_partition.current",
            "module.eks.module.eks.time_sleep.this",
            "module.eks.module.vpc.aws_subnet.private",
            "module.eks.module.vpc.aws_vpc.this",
            "module.eks.module.vpc.aws_vpc_ipv4_cidr_block_association.this",
            "module.eks.random_string.suffix"
          ],
          "create_before_destroy": true
        }
      ]
    },
    {
      "module": "module.eks.module.eks.module.eks_managed_node_group[\"one\"].module.user_data",
      "mode": "managed",
      "type": "null_resource",
      "name": "validate_cluster_service_cidr",
      "provider": "provider[\"registry.terraform.io/hashicorp/null\"]",
      "instances": [
        {
          "schema_version": 0,
          "attributes": {
            "id": "8380187792936201154",
            "triggers": null
          },
          "sensitive_attributes": [],
          "dependencies": [
            "module.eks.module.eks.aws_cloudwatch_log_group.this",
            "module.eks.module.eks.aws_eks_cluster.this",
            "module.eks.module.eks.aws_iam_policy.cni_ipv6_policy",
            "module.eks.module.eks.aws_iam_role.this",
            "module.eks.module.eks.aws_iam_role_policy_attachment.this",
            "module.eks.module.eks.aws_security_group.cluster",
            "module.eks.module.eks.aws_security_group.node",
            "module.eks.module.eks.aws_security_group_rule.cluster",
            "module.eks.module.eks.aws_security_group_rule.node",
            "module.eks.module.eks.data.aws_caller_identity.current",
            "module.eks.module.eks.data.aws_iam_policy_document.assume_role_policy",
            "module.eks.module.eks.data.aws_iam_policy_document.cni_ipv6_policy",
            "module.eks.module.eks.data.aws_iam_session_context.current",
            "module.eks.module.eks.data.aws_partition.current",
            "module.eks.module.eks.module.kms.aws_kms_external_key.this",
            "module.eks.module.eks.module.kms.aws_kms_key.this",
            "module.eks.module.eks.module.kms.aws_kms_replica_external_key.this",
            "module.eks.module.eks.module.kms.aws_kms_replica_key.this",
            "module.eks.module.eks.module.kms.data.aws_caller_identity.current",
            "module.eks.module.eks.module.kms.data.aws_iam_policy_document.this",
            "module.eks.module.eks.module.kms.data.aws_partition.current",
            "module.eks.module.eks.time_sleep.this",
            "module.eks.module.vpc.aws_subnet.private",
            "module.eks.module.vpc.aws_vpc.this",
            "module.eks.module.vpc.aws_vpc_ipv4_cidr_block_association.this",
            "module.eks.random_string.suffix"
          ]
        }
      ]
    },
    {
      "module": "module.eks.module.eks.module.kms",
      "mode": "data",
      "type": "aws_caller_identity",
      "name": "current",
      "provider": "provider[\"registry.terraform.io/hashicorp/aws\"]",
      "instances": [
        {
          "index_key": 0,
          "schema_version": 0,
          "attributes": {
            "account_id": "905418387368",
            "arn": "arn:aws:iam::905418387368:root",
            "id": "905418387368",
            "user_id": "905418387368"
          },
          "sensitive_attributes": []
        }
      ]
    },
    {
      "module": "module.eks.module.eks.module.kms",
      "mode": "data",
      "type": "aws_iam_policy_document",
      "name": "this",
      "provider": "provider[\"registry.terraform.io/hashicorp/aws\"]",
      "instances": [
        {
          "index_key": 0,
          "schema_version": 0,
          "attributes": {
            "id": "3463394078",
            "json": "{\n  \"Version\": \"2012-10-17\",\n  \"Statement\": [\n    {\n      \"Sid\": \"Default\",\n      \"Effect\": \"Allow\",\n      \"Action\": \"kms:*\",\n      \"Resource\": \"*\",\n      \"Principal\": {\n        \"AWS\": \"arn:aws:iam::905418387368:root\"\n      }\n    },\n    {\n      \"Sid\": \"KeyAdministration\",\n      \"Effect\": \"Allow\",\n      \"Action\": [\n        \"kms:Update*\",\n        \"kms:UntagResource\",\n        \"kms:TagResource\",\n        \"kms:ScheduleKeyDeletion\",\n        \"kms:Revoke*\",\n        \"kms:ReplicateKey\",\n        \"kms:Put*\",\n        \"kms:List*\",\n        \"kms:ImportKeyMaterial\",\n        \"kms:Get*\",\n        \"kms:Enable*\",\n        \"kms:Disable*\",\n        \"kms:Describe*\",\n        \"kms:Delete*\",\n        \"kms:Create*\",\n        \"kms:CancelKeyDeletion\"\n      ],\n      \"Resource\": \"*\",\n      \"Principal\": {\n        \"AWS\": \"arn:aws:iam::905418387368:root\"\n      }\n    },\n    {\n      \"Sid\": \"KeyUsage\",\n      \"Effect\": \"Allow\",\n      \"Action\": [\n        \"kms:ReEncrypt*\",\n        \"kms:GenerateDataKey*\",\n        \"kms:Encrypt\",\n        \"kms:DescribeKey\",\n        \"kms:Decrypt\"\n      ],\n      \"Resource\": \"*\",\n      \"Principal\": {\n        \"AWS\": \"arn:aws:iam::905418387368:role/laravel-eks-V8V64qfV-cluster-20240604085740316500000002\"\n      }\n    }\n  ]\n}",
            "minified_json": "{\"Version\":\"2012-10-17\",\"Statement\":[{\"Sid\":\"Default\",\"Effect\":\"Allow\",\"Action\":\"kms:*\",\"Resource\":\"*\",\"Principal\":{\"AWS\":\"arn:aws:iam::905418387368:root\"}},{\"Sid\":\"KeyAdministration\",\"Effect\":\"Allow\",\"Action\":[\"kms:Update*\",\"kms:UntagResource\",\"kms:TagResource\",\"kms:ScheduleKeyDeletion\",\"kms:Revoke*\",\"kms:ReplicateKey\",\"kms:Put*\",\"kms:List*\",\"kms:ImportKeyMaterial\",\"kms:Get*\",\"kms:Enable*\",\"kms:Disable*\",\"kms:Describe*\",\"kms:Delete*\",\"kms:Create*\",\"kms:CancelKeyDeletion\"],\"Resource\":\"*\",\"Principal\":{\"AWS\":\"arn:aws:iam::905418387368:root\"}},{\"Sid\":\"KeyUsage\",\"Effect\":\"Allow\",\"Action\":[\"kms:ReEncrypt*\",\"kms:GenerateDataKey*\",\"kms:Encrypt\",\"kms:DescribeKey\",\"kms:Decrypt\"],\"Resource\":\"*\",\"Principal\":{\"AWS\":\"arn:aws:iam::905418387368:role/laravel-eks-V8V64qfV-cluster-20240604085740316500000002\"}}]}",
            "override_json": null,
            "override_policy_documents": null,
            "policy_id": null,
            "source_json": null,
            "source_policy_documents": null,
            "statement": [
              {
                "actions": [
                  "kms:*"
                ],
                "condition": [],
                "effect": "Allow",
                "not_actions": [],
                "not_principals": [],
                "not_resources": [],
                "principals": [
                  {
                    "identifiers": [
                      "arn:aws:iam::905418387368:root"
                    ],
                    "type": "AWS"
                  }
                ],
                "resources": [
                  "*"
                ],
                "sid": "Default"
              },
              {
                "actions": [
                  "kms:CancelKeyDeletion",
                  "kms:Create*",
                  "kms:Delete*",
                  "kms:Describe*",
                  "kms:Disable*",
                  "kms:Enable*",
                  "kms:Get*",
                  "kms:ImportKeyMaterial",
                  "kms:List*",
                  "kms:Put*",
                  "kms:ReplicateKey",
                  "kms:Revoke*",
                  "kms:ScheduleKeyDeletion",
                  "kms:TagResource",
                  "kms:UntagResource",
                  "kms:Update*"
                ],
                "condition": [],
                "effect": "Allow",
                "not_actions": [],
                "not_principals": [],
                "not_resources": [],
                "principals": [
                  {
                    "identifiers": [
                      "arn:aws:iam::905418387368:root"
                    ],
                    "type": "AWS"
                  }
                ],
                "resources": [
                  "*"
                ],
                "sid": "KeyAdministration"
              },
              {
                "actions": [
                  "kms:Decrypt",
                  "kms:DescribeKey",
                  "kms:Encrypt",
                  "kms:GenerateDataKey*",
                  "kms:ReEncrypt*"
                ],
                "condition": [],
                "effect": "Allow",
                "not_actions": [],
                "not_principals": [],
                "not_resources": [],
                "principals": [
                  {
                    "identifiers": [
                      "arn:aws:iam::905418387368:role/laravel-eks-V8V64qfV-cluster-20240604085740316500000002"
                    ],
                    "type": "AWS"
                  }
                ],
                "resources": [
                  "*"
                ],
                "sid": "KeyUsage"
              }
            ],
            "version": "2012-10-17"
          },
          "sensitive_attributes": []
        }
      ]
    },
    {
      "module": "module.eks.module.eks.module.kms",
      "mode": "data",
      "type": "aws_partition",
      "name": "current",
      "provider": "provider[\"registry.terraform.io/hashicorp/aws\"]",
      "instances": [
        {
          "index_key": 0,
          "schema_version": 0,
          "attributes": {
            "dns_suffix": "amazonaws.com",
            "id": "aws",
            "partition": "aws",
            "reverse_dns_prefix": "com.amazonaws"
          },
          "sensitive_attributes": []
        }
      ]
    },
    {
      "module": "module.eks.module.eks.module.kms",
      "mode": "managed",
      "type": "aws_kms_alias",
      "name": "this",
      "provider": "provider[\"registry.terraform.io/hashicorp/aws\"]",
      "instances": [
        {
          "index_key": "cluster",
          "schema_version": 0,
          "attributes": {
            "arn": "arn:aws:kms:eu-central-1:905418387368:alias/eks/laravel-eks-V8V64qfV",
            "id": "alias/eks/laravel-eks-V8V64qfV",
            "name": "alias/eks/laravel-eks-V8V64qfV",
            "name_prefix": "",
            "target_key_arn": "arn:aws:kms:eu-central-1:905418387368:key/84210aef-fee8-4860-85ab-5383f5ef9f4b",
            "target_key_id": "84210aef-fee8-4860-85ab-5383f5ef9f4b"
          },
          "sensitive_attributes": [],
          "private": "bnVsbA==",
          "dependencies": [
            "module.eks.module.eks.aws_iam_role.this",
            "module.eks.module.eks.data.aws_caller_identity.current",
            "module.eks.module.eks.data.aws_iam_policy_document.assume_role_policy",
            "module.eks.module.eks.data.aws_iam_session_context.current",
            "module.eks.module.eks.module.kms.aws_kms_external_key.this",
            "module.eks.module.eks.module.kms.aws_kms_key.this",
            "module.eks.module.eks.module.kms.aws_kms_replica_external_key.this",
            "module.eks.module.eks.module.kms.aws_kms_replica_key.this",
            "module.eks.module.eks.module.kms.data.aws_caller_identity.current",
            "module.eks.module.eks.module.kms.data.aws_iam_policy_document.this",
            "module.eks.module.eks.module.kms.data.aws_partition.current",
            "module.eks.random_string.suffix"
          ]
        }
      ]
    },
    {
      "module": "module.eks.module.eks.module.kms",
      "mode": "managed",
      "type": "aws_kms_key",
      "name": "this",
      "provider": "provider[\"registry.terraform.io/hashicorp/aws\"]",
      "instances": [
        {
          "index_key": 0,
          "schema_version": 0,
          "attributes": {
            "arn": "arn:aws:kms:eu-central-1:905418387368:key/84210aef-fee8-4860-85ab-5383f5ef9f4b",
            "bypass_policy_lockout_safety_check": false,
            "custom_key_store_id": "",
            "customer_master_key_spec": "SYMMETRIC_DEFAULT",
            "deletion_window_in_days": null,
            "description": "laravel-eks-V8V64qfV cluster encryption key",
            "enable_key_rotation": true,
            "id": "84210aef-fee8-4860-85ab-5383f5ef9f4b",
            "is_enabled": true,
            "key_id": "84210aef-fee8-4860-85ab-5383f5ef9f4b",
            "key_usage": "ENCRYPT_DECRYPT",
            "multi_region": false,
            "policy": "{\"Statement\":[{\"Action\":\"kms:*\",\"Effect\":\"Allow\",\"Principal\":{\"AWS\":\"arn:aws:iam::905418387368:root\"},\"Resource\":\"*\",\"Sid\":\"Default\"},{\"Action\":[\"kms:Update*\",\"kms:UntagResource\",\"kms:TagResource\",\"kms:ScheduleKeyDeletion\",\"kms:Revoke*\",\"kms:ReplicateKey\",\"kms:Put*\",\"kms:List*\",\"kms:ImportKeyMaterial\",\"kms:Get*\",\"kms:Enable*\",\"kms:Disable*\",\"kms:Describe*\",\"kms:Delete*\",\"kms:Create*\",\"kms:CancelKeyDeletion\"],\"Effect\":\"Allow\",\"Principal\":{\"AWS\":\"arn:aws:iam::905418387368:root\"},\"Resource\":\"*\",\"Sid\":\"KeyAdministration\"},{\"Action\":[\"kms:ReEncrypt*\",\"kms:GenerateDataKey*\",\"kms:Encrypt\",\"kms:DescribeKey\",\"kms:Decrypt\"],\"Effect\":\"Allow\",\"Principal\":{\"AWS\":\"arn:aws:iam::905418387368:role/laravel-eks-V8V64qfV-cluster-20240604085740316500000002\"},\"Resource\":\"*\",\"Sid\":\"KeyUsage\"}],\"Version\":\"2012-10-17\"}",
            "rotation_period_in_days": 365,
            "tags": {
              "terraform-aws-modules": "eks"
            },
            "tags_all": {
              "terraform-aws-modules": "eks"
            },
            "timeouts": null,
            "xks_key_id": ""
          },
          "sensitive_attributes": [],
          "private": "eyJlMmJmYjczMC1lY2FhLTExZTYtOGY4OC0zNDM2M2JjN2M0YzAiOnsiY3JlYXRlIjoxMjAwMDAwMDAwMDB9fQ==",
          "dependencies": [
            "module.eks.module.eks.aws_iam_role.this",
            "module.eks.module.eks.data.aws_caller_identity.current",
            "module.eks.module.eks.data.aws_iam_policy_document.assume_role_policy",
            "module.eks.module.eks.data.aws_iam_session_context.current",
            "module.eks.module.eks.module.kms.data.aws_caller_identity.current",
            "module.eks.module.eks.module.kms.data.aws_iam_policy_document.this",
            "module.eks.module.eks.module.kms.data.aws_partition.current",
            "module.eks.random_string.suffix"
          ],
          "create_before_destroy": true
        }
      ]
    },
    {
      "module": "module.eks.module.vpc",
      "mode": "managed",
      "type": "aws_default_network_acl",
      "name": "this",
      "provider": "provider[\"registry.terraform.io/hashicorp/aws\"]",
      "instances": [
        {
          "index_key": 0,
          "schema_version": 0,
          "attributes": {
            "arn": "arn:aws:ec2:eu-central-1:905418387368:network-acl/acl-084fafe53e5979d95",
            "default_network_acl_id": "acl-084fafe53e5979d95",
            "egress": [
              {
                "action": "allow",
                "cidr_block": "",
                "from_port": 0,
                "icmp_code": 0,
                "icmp_type": 0,
                "ipv6_cidr_block": "::/0",
                "protocol": "-1",
                "rule_no": 101,
                "to_port": 0
              },
              {
                "action": "allow",
                "cidr_block": "0.0.0.0/0",
                "from_port": 0,
                "icmp_code": 0,
                "icmp_type": 0,
                "ipv6_cidr_block": "",
                "protocol": "-1",
                "rule_no": 100,
                "to_port": 0
              }
            ],
            "id": "acl-084fafe53e5979d95",
            "ingress": [
              {
                "action": "allow",
                "cidr_block": "",
                "from_port": 0,
                "icmp_code": 0,
                "icmp_type": 0,
                "ipv6_cidr_block": "::/0",
                "protocol": "-1",
                "rule_no": 101,
                "to_port": 0
              },
              {
                "action": "allow",
                "cidr_block": "0.0.0.0/0",
                "from_port": 0,
                "icmp_code": 0,
                "icmp_type": 0,
                "ipv6_cidr_block": "",
                "protocol": "-1",
                "rule_no": 100,
                "to_port": 0
              }
            ],
            "owner_id": "905418387368",
            "subnet_ids": [
              "subnet-00b6c72c4e978c713",
              "subnet-04503d852787de32c",
              "subnet-04b93d840bc1b5c31",
              "subnet-0eefa3d51789b1b40",
              "subnet-0f8a59998fd5839f0",
              "subnet-0fd898fc8836f5519"
            ],
            "tags": {
              "Name": "laravel-vpc-default"
            },
            "tags_all": {
              "Name": "laravel-vpc-default"
            },
            "vpc_id": "vpc-0412930fb8cdb7f86"
          },
          "sensitive_attributes": [],
          "private": "bnVsbA==",
          "dependencies": [
            "module.eks.module.vpc.aws_vpc.this"
          ]
        }
      ]
    },
    {
      "module": "module.eks.module.vpc",
      "mode": "managed",
      "type": "aws_default_route_table",
      "name": "default",
      "provider": "provider[\"registry.terraform.io/hashicorp/aws\"]",
      "instances": [
        {
          "index_key": 0,
          "schema_version": 0,
          "attributes": {
            "arn": "arn:aws:ec2:eu-central-1:905418387368:route-table/rtb-02ad257aad34c70c8",
            "default_route_table_id": "rtb-02ad257aad34c70c8",
            "id": "rtb-02ad257aad34c70c8",
            "owner_id": "905418387368",
            "propagating_vgws": [],
            "route": [],
            "tags": {
              "Name": "laravel-vpc-default"
            },
            "tags_all": {
              "Name": "laravel-vpc-default"
            },
            "timeouts": {
              "create": "5m",
              "update": "5m"
            },
            "vpc_id": "vpc-0412930fb8cdb7f86"
          },
          "sensitive_attributes": [],
          "private": "eyJlMmJmYjczMC1lY2FhLTExZTYtOGY4OC0zNDM2M2JjN2M0YzAiOnsiY3JlYXRlIjozMDAwMDAwMDAwMDAsInVwZGF0ZSI6MzAwMDAwMDAwMDAwfX0=",
          "dependencies": [
            "module.eks.module.vpc.aws_vpc.this"
          ]
        }
      ]
    },
    {
      "module": "module.eks.module.vpc",
      "mode": "managed",
      "type": "aws_default_security_group",
      "name": "this",
      "provider": "provider[\"registry.terraform.io/hashicorp/aws\"]",
      "instances": [
        {
          "index_key": 0,
          "schema_version": 1,
          "attributes": {
            "arn": "arn:aws:ec2:eu-central-1:905418387368:security-group/sg-01c09cec99036f368",
            "description": "default VPC security group",
            "egress": [],
            "id": "sg-01c09cec99036f368",
            "ingress": [],
            "name": "default",
            "name_prefix": "",
            "owner_id": "905418387368",
            "revoke_rules_on_delete": false,
            "tags": {
              "Name": "laravel-vpc-default"
            },
            "tags_all": {
              "Name": "laravel-vpc-default"
            },
            "vpc_id": "vpc-0412930fb8cdb7f86"
          },
          "sensitive_attributes": [],
          "private": "eyJzY2hlbWFfdmVyc2lvbiI6IjEifQ==",
          "dependencies": [
            "module.eks.module.vpc.aws_vpc.this"
          ]
        }
      ]
    },
    {
      "module": "module.eks.module.vpc",
      "mode": "managed",
      "type": "aws_eip",
      "name": "nat",
      "provider": "provider[\"registry.terraform.io/hashicorp/aws\"]",
      "instances": [
        {
          "index_key": 0,
          "schema_version": 0,
          "attributes": {
            "address": null,
            "allocation_id": "eipalloc-0f56a2e837f9741fc",
            "arn": "arn:aws:ec2:eu-central-1:905418387368:elastic-ip/eipalloc-0f56a2e837f9741fc",
            "associate_with_private_ip": null,
            "association_id": "eipassoc-0bad4cef260ffbf15",
            "carrier_ip": "",
            "customer_owned_ip": "",
            "customer_owned_ipv4_pool": "",
            "domain": "vpc",
            "id": "eipalloc-0f56a2e837f9741fc",
            "instance": "",
            "network_border_group": "eu-central-1",
            "network_interface": "eni-03f72b7d3ba707453",
            "private_dns": "ip-10-0-4-161.eu-central-1.compute.internal",
            "private_ip": "10.0.4.161",
            "ptr_record": "",
            "public_dns": "ec2-18-184-58-144.eu-central-1.compute.amazonaws.com",
            "public_ip": "18.184.58.144",
            "public_ipv4_pool": "amazon",
            "tags": {
              "Name": "laravel-vpc-eu-central-1a"
            },
            "tags_all": {
              "Name": "laravel-vpc-eu-central-1a"
            },
            "timeouts": null,
            "vpc": true
          },
          "sensitive_attributes": [],
          "private": "eyJlMmJmYjczMC1lY2FhLTExZTYtOGY4OC0zNDM2M2JjN2M0YzAiOnsiZGVsZXRlIjoxODAwMDAwMDAwMDAsInJlYWQiOjkwMDAwMDAwMDAwMCwidXBkYXRlIjozMDAwMDAwMDAwMDB9fQ==",
          "dependencies": [
            "module.eks.module.vpc.aws_internet_gateway.this",
            "module.eks.module.vpc.aws_vpc.this",
            "module.eks.module.vpc.aws_vpc_ipv4_cidr_block_association.this"
          ]
        }
      ]
    },
    {
      "module": "module.eks.module.vpc",
      "mode": "managed",
      "type": "aws_internet_gateway",
      "name": "this",
      "provider": "provider[\"registry.terraform.io/hashicorp/aws\"]",
      "instances": [
        {
          "index_key": 0,
          "schema_version": 0,
          "attributes": {
            "arn": "arn:aws:ec2:eu-central-1:905418387368:internet-gateway/igw-05cf4983ed344e2a8",
            "id": "igw-05cf4983ed344e2a8",
            "owner_id": "905418387368",
            "tags": {
              "Name": "laravel-vpc"
            },
            "tags_all": {
              "Name": "laravel-vpc"
            },
            "timeouts": null,
            "vpc_id": "vpc-0412930fb8cdb7f86"
          },
          "sensitive_attributes": [],
          "private": "eyJlMmJmYjczMC1lY2FhLTExZTYtOGY4OC0zNDM2M2JjN2M0YzAiOnsiY3JlYXRlIjoxMjAwMDAwMDAwMDAwLCJkZWxldGUiOjEyMDAwMDAwMDAwMDAsInVwZGF0ZSI6MTIwMDAwMDAwMDAwMH19",
          "dependencies": [
            "module.eks.module.vpc.aws_vpc.this",
            "module.eks.module.vpc.aws_vpc_ipv4_cidr_block_association.this"
          ]
        }
      ]
    },
    {
      "module": "module.eks.module.vpc",
      "mode": "managed",
      "type": "aws_nat_gateway",
      "name": "this",
      "provider": "provider[\"registry.terraform.io/hashicorp/aws\"]",
      "instances": [
        {
          "index_key": 0,
          "schema_version": 0,
          "attributes": {
            "allocation_id": "eipalloc-0f56a2e837f9741fc",
            "association_id": "eipassoc-0bad4cef260ffbf15",
            "connectivity_type": "public",
            "id": "nat-083eef69a00704623",
            "network_interface_id": "eni-03f72b7d3ba707453",
            "private_ip": "10.0.4.161",
            "public_ip": "18.184.58.144",
            "secondary_allocation_ids": [],
            "secondary_private_ip_address_count": 0,
            "secondary_private_ip_addresses": [],
            "subnet_id": "subnet-0f8a59998fd5839f0",
            "tags": {
              "Name": "laravel-vpc-eu-central-1a"
            },
            "tags_all": {
              "Name": "laravel-vpc-eu-central-1a"
            },
            "timeouts": null
          },
          "sensitive_attributes": [],
          "private": "eyJlMmJmYjczMC1lY2FhLTExZTYtOGY4OC0zNDM2M2JjN2M0YzAiOnsiY3JlYXRlIjo2MDAwMDAwMDAwMDAsImRlbGV0ZSI6MTgwMDAwMDAwMDAwMCwidXBkYXRlIjo2MDAwMDAwMDAwMDB9fQ==",
          "dependencies": [
            "module.eks.module.vpc.aws_eip.nat",
            "module.eks.module.vpc.aws_internet_gateway.this",
            "module.eks.module.vpc.aws_subnet.public",
            "module.eks.module.vpc.aws_vpc.this",
            "module.eks.module.vpc.aws_vpc_ipv4_cidr_block_association.this"
          ]
        }
      ]
    },
    {
      "module": "module.eks.module.vpc",
      "mode": "managed",
      "type": "aws_route",
      "name": "private_nat_gateway",
      "provider": "provider[\"registry.terraform.io/hashicorp/aws\"]",
      "instances": [
        {
          "index_key": 0,
          "schema_version": 0,
          "attributes": {
            "carrier_gateway_id": "",
            "core_network_arn": "",
            "destination_cidr_block": "0.0.0.0/0",
            "destination_ipv6_cidr_block": "",
            "destination_prefix_list_id": "",
            "egress_only_gateway_id": "",
            "gateway_id": "",
            "id": "r-rtb-0beaf5fb459fa1d121080289494",
            "instance_id": "",
            "instance_owner_id": "",
            "local_gateway_id": "",
            "nat_gateway_id": "nat-083eef69a00704623",
            "network_interface_id": "",
            "origin": "CreateRoute",
            "route_table_id": "rtb-0beaf5fb459fa1d12",
            "state": "active",
            "timeouts": {
              "create": "5m",
              "delete": null,
              "update": null
            },
            "transit_gateway_id": "",
            "vpc_endpoint_id": "",
            "vpc_peering_connection_id": ""
          },
          "sensitive_attributes": [],
          "private": "eyJlMmJmYjczMC1lY2FhLTExZTYtOGY4OC0zNDM2M2JjN2M0YzAiOnsiY3JlYXRlIjozMDAwMDAwMDAwMDAsImRlbGV0ZSI6MzAwMDAwMDAwMDAwLCJ1cGRhdGUiOjEyMDAwMDAwMDAwMH19",
          "dependencies": [
            "module.eks.module.vpc.aws_eip.nat",
            "module.eks.module.vpc.aws_internet_gateway.this",
            "module.eks.module.vpc.aws_nat_gateway.this",
            "module.eks.module.vpc.aws_route_table.private",
            "module.eks.module.vpc.aws_subnet.public",
            "module.eks.module.vpc.aws_vpc.this",
            "module.eks.module.vpc.aws_vpc_ipv4_cidr_block_association.this"
          ]
        }
      ]
    },
    {
      "module": "module.eks.module.vpc",
      "mode": "managed",
      "type": "aws_route",
      "name": "public_internet_gateway",
      "provider": "provider[\"registry.terraform.io/hashicorp/aws\"]",
      "instances": [
        {
          "index_key": 0,
          "schema_version": 0,
          "attributes": {
            "carrier_gateway_id": "",
            "core_network_arn": "",
            "destination_cidr_block": "0.0.0.0/0",
            "destination_ipv6_cidr_block": "",
            "destination_prefix_list_id": "",
            "egress_only_gateway_id": "",
            "gateway_id": "igw-05cf4983ed344e2a8",
            "id": "r-rtb-00680a791896f9e371080289494",
            "instance_id": "",
            "instance_owner_id": "",
            "local_gateway_id": "",
            "nat_gateway_id": "",
            "network_interface_id": "",
            "origin": "CreateRoute",
            "route_table_id": "rtb-00680a791896f9e37",
            "state": "active",
            "timeouts": {
              "create": "5m",
              "delete": null,
              "update": null
            },
            "transit_gateway_id": "",
            "vpc_endpoint_id": "",
            "vpc_peering_connection_id": ""
          },
          "sensitive_attributes": [],
          "private": "eyJlMmJmYjczMC1lY2FhLTExZTYtOGY4OC0zNDM2M2JjN2M0YzAiOnsiY3JlYXRlIjozMDAwMDAwMDAwMDAsImRlbGV0ZSI6MzAwMDAwMDAwMDAwLCJ1cGRhdGUiOjEyMDAwMDAwMDAwMH19",
          "dependencies": [
            "module.eks.module.vpc.aws_internet_gateway.this",
            "module.eks.module.vpc.aws_route_table.public",
            "module.eks.module.vpc.aws_vpc.this",
            "module.eks.module.vpc.aws_vpc_ipv4_cidr_block_association.this"
          ]
        }
      ]
    },
    {
      "module": "module.eks.module.vpc",
      "mode": "managed",
      "type": "aws_route_table",
      "name": "private",
      "provider": "provider[\"registry.terraform.io/hashicorp/aws\"]",
      "instances": [
        {
          "index_key": 0,
          "schema_version": 0,
          "attributes": {
            "arn": "arn:aws:ec2:eu-central-1:905418387368:route-table/rtb-0beaf5fb459fa1d12",
            "id": "rtb-0beaf5fb459fa1d12",
            "owner_id": "905418387368",
            "propagating_vgws": [],
            "route": [
              {
                "carrier_gateway_id": "",
                "cidr_block": "0.0.0.0/0",
                "core_network_arn": "",
                "destination_prefix_list_id": "",
                "egress_only_gateway_id": "",
                "gateway_id": "",
                "ipv6_cidr_block": "",
                "local_gateway_id": "",
                "nat_gateway_id": "nat-083eef69a00704623",
                "network_interface_id": "",
                "transit_gateway_id": "",
                "vpc_endpoint_id": "",
                "vpc_peering_connection_id": ""
              }
            ],
            "tags": {
              "Name": "laravel-vpc-private"
            },
            "tags_all": {
              "Name": "laravel-vpc-private"
            },
            "timeouts": null,
            "vpc_id": "vpc-0412930fb8cdb7f86"
          },
          "sensitive_attributes": [],
          "private": "eyJlMmJmYjczMC1lY2FhLTExZTYtOGY4OC0zNDM2M2JjN2M0YzAiOnsiY3JlYXRlIjozMDAwMDAwMDAwMDAsImRlbGV0ZSI6MzAwMDAwMDAwMDAwLCJ1cGRhdGUiOjEyMDAwMDAwMDAwMH19",
          "dependencies": [
            "module.eks.module.vpc.aws_vpc.this",
            "module.eks.module.vpc.aws_vpc_ipv4_cidr_block_association.this"
          ]
        }
      ]
    },
    {
      "module": "module.eks.module.vpc",
      "mode": "managed",
      "type": "aws_route_table",
      "name": "public",
      "provider": "provider[\"registry.terraform.io/hashicorp/aws\"]",
      "instances": [
        {
          "index_key": 0,
          "schema_version": 0,
          "attributes": {
            "arn": "arn:aws:ec2:eu-central-1:905418387368:route-table/rtb-00680a791896f9e37",
            "id": "rtb-00680a791896f9e37",
            "owner_id": "905418387368",
            "propagating_vgws": [],
            "route": [
              {
                "carrier_gateway_id": "",
                "cidr_block": "0.0.0.0/0",
                "core_network_arn": "",
                "destination_prefix_list_id": "",
                "egress_only_gateway_id": "",
                "gateway_id": "igw-05cf4983ed344e2a8",
                "ipv6_cidr_block": "",
                "local_gateway_id": "",
                "nat_gateway_id": "",
                "network_interface_id": "",
                "transit_gateway_id": "",
                "vpc_endpoint_id": "",
                "vpc_peering_connection_id": ""
              }
            ],
            "tags": {
              "Name": "laravel-vpc-public"
            },
            "tags_all": {
              "Name": "laravel-vpc-public"
            },
            "timeouts": null,
            "vpc_id": "vpc-0412930fb8cdb7f86"
          },
          "sensitive_attributes": [],
          "private": "eyJlMmJmYjczMC1lY2FhLTExZTYtOGY4OC0zNDM2M2JjN2M0YzAiOnsiY3JlYXRlIjozMDAwMDAwMDAwMDAsImRlbGV0ZSI6MzAwMDAwMDAwMDAwLCJ1cGRhdGUiOjEyMDAwMDAwMDAwMH19",
          "dependencies": [
            "module.eks.module.vpc.aws_vpc.this",
            "module.eks.module.vpc.aws_vpc_ipv4_cidr_block_association.this"
          ]
        }
      ]
    },
    {
      "module": "module.eks.module.vpc",
      "mode": "managed",
      "type": "aws_route_table_association",
      "name": "private",
      "provider": "provider[\"registry.terraform.io/hashicorp/aws\"]",
      "instances": [
        {
          "index_key": 0,
          "schema_version": 0,
          "attributes": {
            "gateway_id": "",
            "id": "rtbassoc-07258cacee95e963e",
            "route_table_id": "rtb-0beaf5fb459fa1d12",
            "subnet_id": "subnet-0eefa3d51789b1b40",
            "timeouts": null
          },
          "sensitive_attributes": [],
          "private": "eyJlMmJmYjczMC1lY2FhLTExZTYtOGY4OC0zNDM2M2JjN2M0YzAiOnsiY3JlYXRlIjozMDAwMDAwMDAwMDAsImRlbGV0ZSI6MzAwMDAwMDAwMDAwLCJ1cGRhdGUiOjEyMDAwMDAwMDAwMH19",
          "dependencies": [
            "module.eks.module.vpc.aws_route_table.private",
            "module.eks.module.vpc.aws_subnet.private",
            "module.eks.module.vpc.aws_vpc.this",
            "module.eks.module.vpc.aws_vpc_ipv4_cidr_block_association.this"
          ]
        },
        {
          "index_key": 1,
          "schema_version": 0,
          "attributes": {
            "gateway_id": "",
            "id": "rtbassoc-002e222086ce25275",
            "route_table_id": "rtb-0beaf5fb459fa1d12",
            "subnet_id": "subnet-00b6c72c4e978c713",
            "timeouts": null
          },
          "sensitive_attributes": [],
          "private": "eyJlMmJmYjczMC1lY2FhLTExZTYtOGY4OC0zNDM2M2JjN2M0YzAiOnsiY3JlYXRlIjozMDAwMDAwMDAwMDAsImRlbGV0ZSI6MzAwMDAwMDAwMDAwLCJ1cGRhdGUiOjEyMDAwMDAwMDAwMH19",
          "dependencies": [
            "module.eks.module.vpc.aws_route_table.private",
            "module.eks.module.vpc.aws_subnet.private",
            "module.eks.module.vpc.aws_vpc.this",
            "module.eks.module.vpc.aws_vpc_ipv4_cidr_block_association.this"
          ]
        },
        {
          "index_key": 2,
          "schema_version": 0,
          "attributes": {
            "gateway_id": "",
            "id": "rtbassoc-04e050c06ab683abf",
            "route_table_id": "rtb-0beaf5fb459fa1d12",
            "subnet_id": "subnet-04b93d840bc1b5c31",
            "timeouts": null
          },
          "sensitive_attributes": [],
          "private": "eyJlMmJmYjczMC1lY2FhLTExZTYtOGY4OC0zNDM2M2JjN2M0YzAiOnsiY3JlYXRlIjozMDAwMDAwMDAwMDAsImRlbGV0ZSI6MzAwMDAwMDAwMDAwLCJ1cGRhdGUiOjEyMDAwMDAwMDAwMH19",
          "dependencies": [
            "module.eks.module.vpc.aws_route_table.private",
            "module.eks.module.vpc.aws_subnet.private",
            "module.eks.module.vpc.aws_vpc.this",
            "module.eks.module.vpc.aws_vpc_ipv4_cidr_block_association.this"
          ]
        }
      ]
    },
    {
      "module": "module.eks.module.vpc",
      "mode": "managed",
      "type": "aws_route_table_association",
      "name": "public",
      "provider": "provider[\"registry.terraform.io/hashicorp/aws\"]",
      "instances": [
        {
          "index_key": 0,
          "schema_version": 0,
          "attributes": {
            "gateway_id": "",
            "id": "rtbassoc-08ede29de8e24b09a",
            "route_table_id": "rtb-00680a791896f9e37",
            "subnet_id": "subnet-0f8a59998fd5839f0",
            "timeouts": null
          },
          "sensitive_attributes": [],
          "private": "eyJlMmJmYjczMC1lY2FhLTExZTYtOGY4OC0zNDM2M2JjN2M0YzAiOnsiY3JlYXRlIjozMDAwMDAwMDAwMDAsImRlbGV0ZSI6MzAwMDAwMDAwMDAwLCJ1cGRhdGUiOjEyMDAwMDAwMDAwMH19",
          "dependencies": [
            "module.eks.module.vpc.aws_route_table.public",
            "module.eks.module.vpc.aws_subnet.public",
            "module.eks.module.vpc.aws_vpc.this",
            "module.eks.module.vpc.aws_vpc_ipv4_cidr_block_association.this"
          ]
        },
        {
          "index_key": 1,
          "schema_version": 0,
          "attributes": {
            "gateway_id": "",
            "id": "rtbassoc-06e384de7eba72b1b",
            "route_table_id": "rtb-00680a791896f9e37",
            "subnet_id": "subnet-04503d852787de32c",
            "timeouts": null
          },
          "sensitive_attributes": [],
          "private": "eyJlMmJmYjczMC1lY2FhLTExZTYtOGY4OC0zNDM2M2JjN2M0YzAiOnsiY3JlYXRlIjozMDAwMDAwMDAwMDAsImRlbGV0ZSI6MzAwMDAwMDAwMDAwLCJ1cGRhdGUiOjEyMDAwMDAwMDAwMH19",
          "dependencies": [
            "module.eks.module.vpc.aws_route_table.public",
            "module.eks.module.vpc.aws_subnet.public",
            "module.eks.module.vpc.aws_vpc.this",
            "module.eks.module.vpc.aws_vpc_ipv4_cidr_block_association.this"
          ]
        },
        {
          "index_key": 2,
          "schema_version": 0,
          "attributes": {
            "gateway_id": "",
            "id": "rtbassoc-0372f87daaf5224d9",
            "route_table_id": "rtb-00680a791896f9e37",
            "subnet_id": "subnet-0fd898fc8836f5519",
            "timeouts": null
          },
          "sensitive_attributes": [],
          "private": "eyJlMmJmYjczMC1lY2FhLTExZTYtOGY4OC0zNDM2M2JjN2M0YzAiOnsiY3JlYXRlIjozMDAwMDAwMDAwMDAsImRlbGV0ZSI6MzAwMDAwMDAwMDAwLCJ1cGRhdGUiOjEyMDAwMDAwMDAwMH19",
          "dependencies": [
            "module.eks.module.vpc.aws_route_table.public",
            "module.eks.module.vpc.aws_subnet.public",
            "module.eks.module.vpc.aws_vpc.this",
            "module.eks.module.vpc.aws_vpc_ipv4_cidr_block_association.this"
          ]
        }
      ]
    },
    {
      "module": "module.eks.module.vpc",
      "mode": "managed",
      "type": "aws_subnet",
      "name": "private",
      "provider": "provider[\"registry.terraform.io/hashicorp/aws\"]",
      "instances": [
        {
          "index_key": 0,
          "schema_version": 1,
          "attributes": {
            "arn": "arn:aws:ec2:eu-central-1:905418387368:subnet/subnet-0eefa3d51789b1b40",
            "assign_ipv6_address_on_creation": false,
            "availability_zone": "eu-central-1a",
            "availability_zone_id": "euc1-az2",
            "cidr_block": "10.0.1.0/24",
            "customer_owned_ipv4_pool": "",
            "enable_dns64": false,
            "enable_lni_at_device_index": 0,
            "enable_resource_name_dns_a_record_on_launch": false,
            "enable_resource_name_dns_aaaa_record_on_launch": false,
            "id": "subnet-0eefa3d51789b1b40",
            "ipv6_cidr_block": "",
            "ipv6_cidr_block_association_id": "",
            "ipv6_native": false,
            "map_customer_owned_ip_on_launch": false,
            "map_public_ip_on_launch": false,
            "outpost_arn": "",
            "owner_id": "905418387368",
            "private_dns_hostname_type_on_launch": "ip-name",
            "tags": {
              "Name": "laravel-vpc-private-eu-central-1a",
              "kubernetes.io/role/internal-elb": "1"
            },
            "tags_all": {
              "Name": "laravel-vpc-private-eu-central-1a",
              "kubernetes.io/role/internal-elb": "1"
            },
            "timeouts": null,
            "vpc_id": "vpc-0412930fb8cdb7f86"
          },
          "sensitive_attributes": [],
          "private": "eyJlMmJmYjczMC1lY2FhLTExZTYtOGY4OC0zNDM2M2JjN2M0YzAiOnsiY3JlYXRlIjo2MDAwMDAwMDAwMDAsImRlbGV0ZSI6MTIwMDAwMDAwMDAwMH0sInNjaGVtYV92ZXJzaW9uIjoiMSJ9",
          "dependencies": [
            "module.eks.module.vpc.aws_vpc.this",
            "module.eks.module.vpc.aws_vpc_ipv4_cidr_block_association.this"
          ],
          "create_before_destroy": true
        },
        {
          "index_key": 1,
          "schema_version": 1,
          "attributes": {
            "arn": "arn:aws:ec2:eu-central-1:905418387368:subnet/subnet-00b6c72c4e978c713",
            "assign_ipv6_address_on_creation": false,
            "availability_zone": "eu-central-1b",
            "availability_zone_id": "euc1-az3",
            "cidr_block": "10.0.2.0/24",
            "customer_owned_ipv4_pool": "",
            "enable_dns64": false,
            "enable_lni_at_device_index": 0,
            "enable_resource_name_dns_a_record_on_launch": false,
            "enable_resource_name_dns_aaaa_record_on_launch": false,
            "id": "subnet-00b6c72c4e978c713",
            "ipv6_cidr_block": "",
            "ipv6_cidr_block_association_id": "",
            "ipv6_native": false,
            "map_customer_owned_ip_on_launch": false,
            "map_public_ip_on_launch": false,
            "outpost_arn": "",
            "owner_id": "905418387368",
            "private_dns_hostname_type_on_launch": "ip-name",
            "tags": {
              "Name": "laravel-vpc-private-eu-central-1b",
              "kubernetes.io/role/internal-elb": "1"
            },
            "tags_all": {
              "Name": "laravel-vpc-private-eu-central-1b",
              "kubernetes.io/role/internal-elb": "1"
            },
            "timeouts": null,
            "vpc_id": "vpc-0412930fb8cdb7f86"
          },
          "sensitive_attributes": [],
          "private": "eyJlMmJmYjczMC1lY2FhLTExZTYtOGY4OC0zNDM2M2JjN2M0YzAiOnsiY3JlYXRlIjo2MDAwMDAwMDAwMDAsImRlbGV0ZSI6MTIwMDAwMDAwMDAwMH0sInNjaGVtYV92ZXJzaW9uIjoiMSJ9",
          "dependencies": [
            "module.eks.module.vpc.aws_vpc.this",
            "module.eks.module.vpc.aws_vpc_ipv4_cidr_block_association.this"
          ],
          "create_before_destroy": true
        },
        {
          "index_key": 2,
          "schema_version": 1,
          "attributes": {
            "arn": "arn:aws:ec2:eu-central-1:905418387368:subnet/subnet-04b93d840bc1b5c31",
            "assign_ipv6_address_on_creation": false,
            "availability_zone": "eu-central-1c",
            "availability_zone_id": "euc1-az1",
            "cidr_block": "10.0.3.0/24",
            "customer_owned_ipv4_pool": "",
            "enable_dns64": false,
            "enable_lni_at_device_index": 0,
            "enable_resource_name_dns_a_record_on_launch": false,
            "enable_resource_name_dns_aaaa_record_on_launch": false,
            "id": "subnet-04b93d840bc1b5c31",
            "ipv6_cidr_block": "",
            "ipv6_cidr_block_association_id": "",
            "ipv6_native": false,
            "map_customer_owned_ip_on_launch": false,
            "map_public_ip_on_launch": false,
            "outpost_arn": "",
            "owner_id": "905418387368",
            "private_dns_hostname_type_on_launch": "ip-name",
            "tags": {
              "Name": "laravel-vpc-private-eu-central-1c",
              "kubernetes.io/role/internal-elb": "1"
            },
            "tags_all": {
              "Name": "laravel-vpc-private-eu-central-1c",
              "kubernetes.io/role/internal-elb": "1"
            },
            "timeouts": null,
            "vpc_id": "vpc-0412930fb8cdb7f86"
          },
          "sensitive_attributes": [],
          "private": "eyJlMmJmYjczMC1lY2FhLTExZTYtOGY4OC0zNDM2M2JjN2M0YzAiOnsiY3JlYXRlIjo2MDAwMDAwMDAwMDAsImRlbGV0ZSI6MTIwMDAwMDAwMDAwMH0sInNjaGVtYV92ZXJzaW9uIjoiMSJ9",
          "dependencies": [
            "module.eks.module.vpc.aws_vpc.this",
            "module.eks.module.vpc.aws_vpc_ipv4_cidr_block_association.this"
          ],
          "create_before_destroy": true
        }
      ]
    },
    {
      "module": "module.eks.module.vpc",
      "mode": "managed",
      "type": "aws_subnet",
      "name": "public",
      "provider": "provider[\"registry.terraform.io/hashicorp/aws\"]",
      "instances": [
        {
          "index_key": 0,
          "schema_version": 1,
          "attributes": {
            "arn": "arn:aws:ec2:eu-central-1:905418387368:subnet/subnet-0f8a59998fd5839f0",
            "assign_ipv6_address_on_creation": false,
            "availability_zone": "eu-central-1a",
            "availability_zone_id": "euc1-az2",
            "cidr_block": "10.0.4.0/24",
            "customer_owned_ipv4_pool": "",
            "enable_dns64": false,
            "enable_lni_at_device_index": 0,
            "enable_resource_name_dns_a_record_on_launch": false,
            "enable_resource_name_dns_aaaa_record_on_launch": false,
            "id": "subnet-0f8a59998fd5839f0",
            "ipv6_cidr_block": "",
            "ipv6_cidr_block_association_id": "",
            "ipv6_native": false,
            "map_customer_owned_ip_on_launch": false,
            "map_public_ip_on_launch": false,
            "outpost_arn": "",
            "owner_id": "905418387368",
            "private_dns_hostname_type_on_launch": "ip-name",
            "tags": {
              "Name": "laravel-vpc-public-eu-central-1a"
            },
            "tags_all": {
              "Name": "laravel-vpc-public-eu-central-1a"
            },
            "timeouts": null,
            "vpc_id": "vpc-0412930fb8cdb7f86"
          },
          "sensitive_attributes": [],
          "private": "eyJlMmJmYjczMC1lY2FhLTExZTYtOGY4OC0zNDM2M2JjN2M0YzAiOnsiY3JlYXRlIjo2MDAwMDAwMDAwMDAsImRlbGV0ZSI6MTIwMDAwMDAwMDAwMH0sInNjaGVtYV92ZXJzaW9uIjoiMSJ9",
          "dependencies": [
            "module.eks.module.vpc.aws_vpc.this",
            "module.eks.module.vpc.aws_vpc_ipv4_cidr_block_association.this"
          ]
        },
        {
          "index_key": 1,
          "schema_version": 1,
          "attributes": {
            "arn": "arn:aws:ec2:eu-central-1:905418387368:subnet/subnet-04503d852787de32c",
            "assign_ipv6_address_on_creation": false,
            "availability_zone": "eu-central-1b",
            "availability_zone_id": "euc1-az3",
            "cidr_block": "10.0.5.0/24",
            "customer_owned_ipv4_pool": "",
            "enable_dns64": false,
            "enable_lni_at_device_index": 0,
            "enable_resource_name_dns_a_record_on_launch": false,
            "enable_resource_name_dns_aaaa_record_on_launch": false,
            "id": "subnet-04503d852787de32c",
            "ipv6_cidr_block": "",
            "ipv6_cidr_block_association_id": "",
            "ipv6_native": false,
            "map_customer_owned_ip_on_launch": false,
            "map_public_ip_on_launch": false,
            "outpost_arn": "",
            "owner_id": "905418387368",
            "private_dns_hostname_type_on_launch": "ip-name",
            "tags": {
              "Name": "laravel-vpc-public-eu-central-1b"
            },
            "tags_all": {
              "Name": "laravel-vpc-public-eu-central-1b"
            },
            "timeouts": null,
            "vpc_id": "vpc-0412930fb8cdb7f86"
          },
          "sensitive_attributes": [],
          "private": "eyJlMmJmYjczMC1lY2FhLTExZTYtOGY4OC0zNDM2M2JjN2M0YzAiOnsiY3JlYXRlIjo2MDAwMDAwMDAwMDAsImRlbGV0ZSI6MTIwMDAwMDAwMDAwMH0sInNjaGVtYV92ZXJzaW9uIjoiMSJ9",
          "dependencies": [
            "module.eks.module.vpc.aws_vpc.this",
            "module.eks.module.vpc.aws_vpc_ipv4_cidr_block_association.this"
          ]
        },
        {
          "index_key": 2,
          "schema_version": 1,
          "attributes": {
            "arn": "arn:aws:ec2:eu-central-1:905418387368:subnet/subnet-0fd898fc8836f5519",
            "assign_ipv6_address_on_creation": false,
            "availability_zone": "eu-central-1c",
            "availability_zone_id": "euc1-az1",
            "cidr_block": "10.0.6.0/24",
            "customer_owned_ipv4_pool": "",
            "enable_dns64": false,
            "enable_lni_at_device_index": 0,
            "enable_resource_name_dns_a_record_on_launch": false,
            "enable_resource_name_dns_aaaa_record_on_launch": false,
            "id": "subnet-0fd898fc8836f5519",
            "ipv6_cidr_block": "",
            "ipv6_cidr_block_association_id": "",
            "ipv6_native": false,
            "map_customer_owned_ip_on_launch": false,
            "map_public_ip_on_launch": false,
            "outpost_arn": "",
            "owner_id": "905418387368",
            "private_dns_hostname_type_on_launch": "ip-name",
            "tags": {
              "Name": "laravel-vpc-public-eu-central-1c"
            },
            "tags_all": {
              "Name": "laravel-vpc-public-eu-central-1c"
            },
            "timeouts": null,
            "vpc_id": "vpc-0412930fb8cdb7f86"
          },
          "sensitive_attributes": [],
          "private": "eyJlMmJmYjczMC1lY2FhLTExZTYtOGY4OC0zNDM2M2JjN2M0YzAiOnsiY3JlYXRlIjo2MDAwMDAwMDAwMDAsImRlbGV0ZSI6MTIwMDAwMDAwMDAwMH0sInNjaGVtYV92ZXJzaW9uIjoiMSJ9",
          "dependencies": [
            "module.eks.module.vpc.aws_vpc.this",
            "module.eks.module.vpc.aws_vpc_ipv4_cidr_block_association.this"
          ]
        }
      ]
    },
    {
      "module": "module.eks.module.vpc",
      "mode": "managed",
      "type": "aws_vpc",
      "name": "this",
      "provider": "provider[\"registry.terraform.io/hashicorp/aws\"]",
      "instances": [
        {
          "index_key": 0,
          "schema_version": 1,
          "attributes": {
            "arn": "arn:aws:ec2:eu-central-1:905418387368:vpc/vpc-0412930fb8cdb7f86",
            "assign_generated_ipv6_cidr_block": false,
            "cidr_block": "10.0.0.0/16",
            "default_network_acl_id": "acl-084fafe53e5979d95",
            "default_route_table_id": "rtb-02ad257aad34c70c8",
            "default_security_group_id": "sg-01c09cec99036f368",
            "dhcp_options_id": "dopt-0b9e48f7a58967c5f",
            "enable_dns_hostnames": true,
            "enable_dns_support": true,
            "enable_network_address_usage_metrics": false,
            "id": "vpc-0412930fb8cdb7f86",
            "instance_tenancy": "default",
            "ipv4_ipam_pool_id": null,
            "ipv4_netmask_length": null,
            "ipv6_association_id": "",
            "ipv6_cidr_block": "",
            "ipv6_cidr_block_network_border_group": "",
            "ipv6_ipam_pool_id": "",
            "ipv6_netmask_length": 0,
            "main_route_table_id": "rtb-02ad257aad34c70c8",
            "owner_id": "905418387368",
            "tags": {
              "Name": "laravel-vpc"
            },
            "tags_all": {
              "Name": "laravel-vpc"
            }
          },
          "sensitive_attributes": [],
          "private": "eyJzY2hlbWFfdmVyc2lvbiI6IjEifQ==",
          "create_before_destroy": true
        }
      ]
    }
  ],
  "check_results": [
    {
      "object_kind": "resource",
      "config_addr": "module.eks.module.eks.module.self_managed_node_group.module.user_data.null_resource.validate_cluster_service_cidr",
      "status": "pass",
      "objects": null
    },
    {
      "object_kind": "resource",
      "config_addr": "module.eks.module.eks.module.eks_managed_node_group.module.user_data.null_resource.validate_cluster_service_cidr",
      "status": "pass",
      "objects": [
        {
          "object_addr": "module.eks.module.eks.module.eks_managed_node_group[\"one\"].module.user_data.null_resource.validate_cluster_service_cidr",
          "status": "pass"
        }
      ]
    }
  ]
}
