{
  "version": 4,
  "terraform_version": "1.3.7",
  "serial": 112,
  "lineage": "f62b8a8f-7b6f-ba50-9cd0-c4045d64f5d6",
  "outputs": {
    "private_subnet_ids": {
      "value": [
        "10.0.1.0/24",
        "10.0.2.0/24",
        "10.0.3.0/24"
      ],
      "type": [
        "list",
        "string"
      ]
    },
    "public_subnet_ids": {
      "value": [
        "10.0.101.0/24",
        "10.0.102.0/24",
        "10.0.103.0/24"
      ],
      "type": [
        "list",
        "string"
      ]
    },
    "vpc_id": {
      "value": "laravel-private-vpc",
      "type": "string"
    }
  },
  "resources": [
    {
      "module": "module.alb",
      "mode": "managed",
      "type": "aws_lb",
      "name": "aws_lb",
      "provider": "provider[\"registry.terraform.io/hashicorp/aws\"]",
      "instances": [
        {
          "schema_version": 0,
          "attributes": {
            "access_logs": [
              {
                "bucket": "",
                "enabled": false,
                "prefix": ""
              }
            ],
            "arn": "arn:aws:elasticloadbalancing:eu-central-1:905418387368:loadbalancer/app/laravel-alb/2cb59ee06b2b5916",
            "arn_suffix": "app/laravel-alb/2cb59ee06b2b5916",
            "client_keep_alive": 3600,
            "connection_logs": [
              {
                "bucket": "",
                "enabled": false,
                "prefix": ""
              }
            ],
            "customer_owned_ipv4_pool": "",
            "desync_mitigation_mode": "defensive",
            "dns_name": "laravel-alb-1964404689.eu-central-1.elb.amazonaws.com",
            "dns_record_client_routing_policy": null,
            "drop_invalid_header_fields": false,
            "enable_cross_zone_load_balancing": true,
            "enable_deletion_protection": false,
            "enable_http2": true,
            "enable_tls_version_and_cipher_suite_headers": false,
            "enable_waf_fail_open": false,
            "enable_xff_client_port": false,
            "enforce_security_group_inbound_rules_on_private_link_traffic": "",
            "id": "arn:aws:elasticloadbalancing:eu-central-1:905418387368:loadbalancer/app/laravel-alb/2cb59ee06b2b5916",
            "idle_timeout": 60,
            "internal": false,
            "ip_address_type": "ipv4",
            "load_balancer_type": "application",
            "name": "laravel-alb",
            "name_prefix": "",
            "preserve_host_header": false,
            "security_groups": [
              "sg-05ce73f87ece5f1dd"
            ],
            "subnet_mapping": [
              {
                "allocation_id": "",
                "ipv6_address": "",
                "outpost_id": "",
                "private_ipv4_address": "",
                "subnet_id": "subnet-00c9d09819aad4c45"
              },
              {
                "allocation_id": "",
                "ipv6_address": "",
                "outpost_id": "",
                "private_ipv4_address": "",
                "subnet_id": "subnet-0373189fb3d914f15"
              },
              {
                "allocation_id": "",
                "ipv6_address": "",
                "outpost_id": "",
                "private_ipv4_address": "",
                "subnet_id": "subnet-0c04e67a81c88e880"
              }
            ],
            "subnets": [
              "subnet-00c9d09819aad4c45",
              "subnet-0373189fb3d914f15",
              "subnet-0c04e67a81c88e880"
            ],
            "tags": {
              "Name": "laravel-alb"
            },
            "tags_all": {
              "Name": "laravel-alb"
            },
            "timeouts": null,
            "vpc_id": "vpc-0b3f8fcc60d846be5",
            "xff_header_processing_mode": "append",
            "zone_id": "Z215JYRZR1TBD5"
          },
          "sensitive_attributes": [],
          "private": "eyJlMmJmYjczMC1lY2FhLTExZTYtOGY4OC0zNDM2M2JjN2M0YzAiOnsiY3JlYXRlIjo2MDAwMDAwMDAwMDAsImRlbGV0ZSI6NjAwMDAwMDAwMDAwLCJ1cGRhdGUiOjYwMDAwMDAwMDAwMH19",
          "dependencies": [
            "module.cert.aws_acm_certificate.self_signed_cert",
            "module.cert.data.local_file.self_signed_cert",
            "module.cert.data.local_file.self_signed_key",
            "module.cert.null_resource.generate_self_signed_cert",
            "module.security_group.aws_security_group.alb_sg",
            "module.vpc.aws_subnet.public",
            "module.vpc.aws_vpc.this",
            "module.vpc.aws_vpc_ipv4_cidr_block_association.this"
          ]
        }
      ]
    },
    {
      "module": "module.alb",
      "mode": "managed",
      "type": "aws_lb_listener",
      "name": "http_listener",
      "provider": "provider[\"registry.terraform.io/hashicorp/aws\"]",
      "instances": [
        {
          "schema_version": 0,
          "attributes": {
            "alpn_policy": null,
            "arn": "arn:aws:elasticloadbalancing:eu-central-1:905418387368:listener/app/laravel-alb/2cb59ee06b2b5916/9328f7de9138ac78",
            "certificate_arn": null,
            "default_action": [
              {
                "authenticate_cognito": [],
                "authenticate_oidc": [],
                "fixed_response": [],
                "forward": [],
                "order": 1,
                "redirect": [],
                "target_group_arn": "arn:aws:elasticloadbalancing:eu-central-1:905418387368:targetgroup/laravel-alb-target/4fecc1d466db0ae4",
                "type": "forward"
              }
            ],
            "id": "arn:aws:elasticloadbalancing:eu-central-1:905418387368:listener/app/laravel-alb/2cb59ee06b2b5916/9328f7de9138ac78",
            "load_balancer_arn": "arn:aws:elasticloadbalancing:eu-central-1:905418387368:loadbalancer/app/laravel-alb/2cb59ee06b2b5916",
            "mutual_authentication": [],
            "port": 80,
            "protocol": "HTTP",
            "ssl_policy": "",
            "tags": {},
            "tags_all": {},
            "timeouts": null
          },
          "sensitive_attributes": [],
          "private": "eyJlMmJmYjczMC1lY2FhLTExZTYtOGY4OC0zNDM2M2JjN2M0YzAiOnsiY3JlYXRlIjozMDAwMDAwMDAwMDAsInVwZGF0ZSI6MzAwMDAwMDAwMDAwfX0=",
          "dependencies": [
            "module.alb.aws_lb.aws_lb",
            "module.alb.aws_lb_target_group.aws_lb_target_group",
            "module.cert.aws_acm_certificate.self_signed_cert",
            "module.cert.data.local_file.self_signed_cert",
            "module.cert.data.local_file.self_signed_key",
            "module.cert.null_resource.generate_self_signed_cert",
            "module.security_group.aws_security_group.alb_sg",
            "module.vpc.aws_subnet.public",
            "module.vpc.aws_vpc.this",
            "module.vpc.aws_vpc_ipv4_cidr_block_association.this"
          ]
        }
      ]
    },
    {
      "module": "module.alb",
      "mode": "managed",
      "type": "aws_lb_listener",
      "name": "https_listener",
      "provider": "provider[\"registry.terraform.io/hashicorp/aws\"]",
      "instances": [
        {
          "schema_version": 0,
          "attributes": {
            "alpn_policy": null,
            "arn": "arn:aws:elasticloadbalancing:eu-central-1:905418387368:listener/app/laravel-alb/2cb59ee06b2b5916/da750787cf547c78",
            "certificate_arn": "arn:aws:acm:eu-central-1:905418387368:certificate/075d2526-dc11-4c5b-90a7-17cf4a311fd8",
            "default_action": [
              {
                "authenticate_cognito": [],
                "authenticate_oidc": [],
                "fixed_response": [],
                "forward": [],
                "order": 1,
                "redirect": [],
                "target_group_arn": "arn:aws:elasticloadbalancing:eu-central-1:905418387368:targetgroup/laravel-alb-target/4fecc1d466db0ae4",
                "type": "forward"
              }
            ],
            "id": "arn:aws:elasticloadbalancing:eu-central-1:905418387368:listener/app/laravel-alb/2cb59ee06b2b5916/da750787cf547c78",
            "load_balancer_arn": "arn:aws:elasticloadbalancing:eu-central-1:905418387368:loadbalancer/app/laravel-alb/2cb59ee06b2b5916",
            "mutual_authentication": [
              {
                "ignore_client_certificate_expiry": false,
                "mode": "off",
                "trust_store_arn": ""
              }
            ],
            "port": 443,
            "protocol": "HTTPS",
            "ssl_policy": "ELBSecurityPolicy-2016-08",
            "tags": {},
            "tags_all": {},
            "timeouts": null
          },
          "sensitive_attributes": [],
          "private": "eyJlMmJmYjczMC1lY2FhLTExZTYtOGY4OC0zNDM2M2JjN2M0YzAiOnsiY3JlYXRlIjozMDAwMDAwMDAwMDAsInVwZGF0ZSI6MzAwMDAwMDAwMDAwfX0=",
          "dependencies": [
            "module.alb.aws_lb.aws_lb",
            "module.alb.aws_lb_target_group.aws_lb_target_group",
            "module.cert.aws_acm_certificate.self_signed_cert",
            "module.cert.data.local_file.self_signed_cert",
            "module.cert.data.local_file.self_signed_key",
            "module.cert.null_resource.generate_self_signed_cert",
            "module.security_group.aws_security_group.alb_sg",
            "module.vpc.aws_subnet.public",
            "module.vpc.aws_vpc.this",
            "module.vpc.aws_vpc_ipv4_cidr_block_association.this"
          ]
        }
      ]
    },
    {
      "module": "module.alb",
      "mode": "managed",
      "type": "aws_lb_listener_certificate",
      "name": "laravel_acm",
      "provider": "provider[\"registry.terraform.io/hashicorp/aws\"]",
      "instances": [
        {
          "schema_version": 0,
          "attributes": {
            "certificate_arn": "arn:aws:acm:eu-central-1:905418387368:certificate/075d2526-dc11-4c5b-90a7-17cf4a311fd8",
            "id": "arn:aws:elasticloadbalancing:eu-central-1:905418387368:listener/app/laravel-alb/2cb59ee06b2b5916/da750787cf547c78_arn:aws:acm:eu-central-1:905418387368:certificate/075d2526-dc11-4c5b-90a7-17cf4a311fd8",
            "listener_arn": "arn:aws:elasticloadbalancing:eu-central-1:905418387368:listener/app/laravel-alb/2cb59ee06b2b5916/da750787cf547c78"
          },
          "sensitive_attributes": [],
          "private": "bnVsbA==",
          "dependencies": [
            "module.alb.aws_lb.aws_lb",
            "module.alb.aws_lb_listener.https_listener",
            "module.alb.aws_lb_target_group.aws_lb_target_group",
            "module.cert.aws_acm_certificate.self_signed_cert",
            "module.cert.data.local_file.self_signed_cert",
            "module.cert.data.local_file.self_signed_key",
            "module.cert.null_resource.generate_self_signed_cert",
            "module.security_group.aws_security_group.alb_sg",
            "module.vpc.aws_subnet.public",
            "module.vpc.aws_vpc.this",
            "module.vpc.aws_vpc_ipv4_cidr_block_association.this"
          ]
        }
      ]
    },
    {
      "module": "module.alb",
      "mode": "managed",
      "type": "aws_lb_target_group",
      "name": "aws_lb_target_group",
      "provider": "provider[\"registry.terraform.io/hashicorp/aws\"]",
      "instances": [
        {
          "schema_version": 0,
          "attributes": {
            "arn": "arn:aws:elasticloadbalancing:eu-central-1:905418387368:targetgroup/laravel-alb-target/4fecc1d466db0ae4",
            "arn_suffix": "targetgroup/laravel-alb-target/4fecc1d466db0ae4",
            "connection_termination": null,
            "deregistration_delay": "300",
            "health_check": [
              {
                "enabled": true,
                "healthy_threshold": 5,
                "interval": 30,
                "matcher": "200",
                "path": "/",
                "port": "traffic-port",
                "protocol": "HTTP",
                "timeout": 5,
                "unhealthy_threshold": 2
              }
            ],
            "id": "arn:aws:elasticloadbalancing:eu-central-1:905418387368:targetgroup/laravel-alb-target/4fecc1d466db0ae4",
            "ip_address_type": "ipv4",
            "lambda_multi_value_headers_enabled": false,
            "load_balancer_arns": [
              "arn:aws:elasticloadbalancing:eu-central-1:905418387368:loadbalancer/app/laravel-alb/2cb59ee06b2b5916"
            ],
            "load_balancing_algorithm_type": "round_robin",
            "load_balancing_anomaly_mitigation": "off",
            "load_balancing_cross_zone_enabled": "use_load_balancer_configuration",
            "name": "laravel-alb-target",
            "name_prefix": "",
            "port": 80,
            "preserve_client_ip": null,
            "protocol": "HTTP",
            "protocol_version": "HTTP1",
            "proxy_protocol_v2": false,
            "slow_start": 0,
            "stickiness": [
              {
                "cookie_duration": 86400,
                "cookie_name": "",
                "enabled": false,
                "type": "lb_cookie"
              }
            ],
            "tags": {
              "Name": "laravel-alb-target"
            },
            "tags_all": {
              "Name": "laravel-alb-target"
            },
            "target_failover": [
              {
                "on_deregistration": null,
                "on_unhealthy": null
              }
            ],
            "target_health_state": [
              {
                "enable_unhealthy_connection_termination": null
              }
            ],
            "target_type": "ip",
            "vpc_id": "vpc-0b3f8fcc60d846be5"
          },
          "sensitive_attributes": [],
          "private": "bnVsbA==",
          "dependencies": [
            "module.cert.aws_acm_certificate.self_signed_cert",
            "module.cert.data.local_file.self_signed_cert",
            "module.cert.data.local_file.self_signed_key",
            "module.cert.null_resource.generate_self_signed_cert",
            "module.vpc.aws_vpc.this"
          ]
        }
      ]
    },
    {
      "module": "module.cert",
      "mode": "data",
      "type": "local_file",
      "name": "self_signed_cert",
      "provider": "provider[\"registry.terraform.io/hashicorp/local\"]",
      "instances": [
        {
          "schema_version": 0,
          "attributes": {
            "content": "-----BEGIN CERTIFICATE-----\nMIIDETCCAfmgAwIBAgIUfDidiDu16YNdNdnEe/yf+hCdTYIwDQYJKoZIhvcNAQEL\nBQAwGDEWMBQGA1UEAwwNbXlsYXJhdmVsLmNvbTAeFw0yNDA2MDMwODEzMzdaFw0y\nNTA2MDMwODEzMzdaMBgxFjAUBgNVBAMMDW15bGFyYXZlbC5jb20wggEiMA0GCSqG\nSIb3DQEBAQUAA4IBDwAwggEKAoIBAQCZnET7iwa4iV6QvUmlxIAWg5LGNX/MCsKf\nyCuRkkwMv/WfgqVW4uuy4wnMzIouVU4UaLxJWm+w2npIFKxo1IQ0QRocWmp9lcny\nb6GLSJLy4ZWvC9Idrnateu/dgRb+TcGXHVMMJ/5hDpEPFLhAuDno72vVVUlm9bOD\nfWhkrngpRmvzNI3XTWEsriC0GEGXOoD2tMVObesxkgMnvXCKuXmCC9oDI8qVEyW8\nfvqSr24p6ZkSuoRSxwuWYmBuEjARyeN71pKQfgTATw6R3SabYHlO0lYZqZ7+dk1z\n4ewjm2GLrLm3Kvuo3rU6f4lYITd5BAZUbHQf/1XKzPIJQWhFDXK7AgMBAAGjUzBR\nMB0GA1UdDgQWBBRWXj5b0wEtDhTKSVgiSw0dvYDCCDAfBgNVHSMEGDAWgBRWXj5b\n0wEtDhTKSVgiSw0dvYDCCDAPBgNVHRMBAf8EBTADAQH/MA0GCSqGSIb3DQEBCwUA\nA4IBAQBQdk3moFILcGe/p29gY5fViLyQhbUUc0ObwZqITIuX3V7HKmm7jotmyKtz\noCBOExsZD71l0kQbIPOcpg14I9Qulg8mUmdOu4dk04h6ZiA88TRlidRoB0eblqp5\nHNNfAtRsAR/kX2QrF75n1Fmhmg9d5K1Jv2LEg9NsWGchK9QGOQNfMgtjEmFqDRFO\nUjleXqZ6XYK5XSgHyYE6F4GnPBCByprFTrJG9vJLVDlitObDCv1quj3zMuRAB7yR\ng/22VkaPrVv3BP+3V1Il2+nMzJ8hBAH6yzVdlPo4g5bkXkjPVPU+RdlUvHl1EtLJ\nWxsrBkouCv7ZoNqvGy1jWSvTwbrb\n-----END CERTIFICATE-----\n",
            "content_base64": "LS0tLS1CRUdJTiBDRVJUSUZJQ0FURS0tLS0tCk1JSURFVENDQWZtZ0F3SUJBZ0lVZkRpZGlEdTE2WU5kTmRuRWUveWYraENkVFlJd0RRWUpLb1pJaHZjTkFRRUwKQlFBd0dERVdNQlFHQTFVRUF3d05iWGxzWVhKaGRtVnNMbU52YlRBZUZ3MHlOREEyTURNd09ERXpNemRhRncweQpOVEEyTURNd09ERXpNemRhTUJneEZqQVVCZ05WQkFNTURXMTViR0Z5WVhabGJDNWpiMjB3Z2dFaU1BMEdDU3FHClNJYjNEUUVCQVFVQUE0SUJEd0F3Z2dFS0FvSUJBUUNabkVUN2l3YTRpVjZRdlVtbHhJQVdnNUxHTlgvTUNzS2YKeUN1Umtrd012L1dmZ3FWVzR1dXk0d25NeklvdVZVNFVhTHhKV20rdzJucElGS3hvMUlRMFFSb2NXbXA5bGNueQpiNkdMU0pMeTRaV3ZDOUlkcm5hdGV1L2RnUmIrVGNHWEhWTU1KLzVoRHBFUEZMaEF1RG5vNzJ2VlZVbG05Yk9ECmZXaGtybmdwUm12ek5JM1hUV0VzcmlDMEdFR1hPb0QydE1WT2Jlc3hrZ01udlhDS3VYbUNDOW9ESThxVkV5VzgKZnZxU3IyNHA2WmtTdW9SU3h3dVdZbUJ1RWpBUnllTjcxcEtRZmdUQVR3NlIzU2FiWUhsTzBsWVpxWjcrZGsxego0ZXdqbTJHTHJMbTNLdnVvM3JVNmY0bFlJVGQ1QkFaVWJIUWYvMVhLelBJSlFXaEZEWEs3QWdNQkFBR2pVekJSCk1CMEdBMVVkRGdRV0JCUldYajViMHdFdERoVEtTVmdpU3cwZHZZRENDREFmQmdOVkhTTUVHREFXZ0JSV1hqNWIKMHdFdERoVEtTVmdpU3cwZHZZRENDREFQQmdOVkhSTUJBZjhFQlRBREFRSC9NQTBHQ1NxR1NJYjNEUUVCQ3dVQQpBNElCQVFCUWRrM21vRklMY0dlL3AyOWdZNWZWaUx5UWhiVVVjME9id1pxSVRJdVgzVjdIS21tN2pvdG15S3R6Cm9DQk9FeHNaRDcxbDBrUWJJUE9jcGcxNEk5UXVsZzhtVW1kT3U0ZGswNGg2WmlBODhUUmxpZFJvQjBlYmxxcDUKSE5OZkF0UnNBUi9rWDJRckY3NW4xRm1obWc5ZDVLMUp2MkxFZzlOc1dHY2hLOVFHT1FOZk1ndGpFbUZxRFJGTwpVamxlWHFaNlhZSzVYU2dIeVlFNkY0R25QQkNCeXByRlRySkc5dkpMVkRsaXRPYkRDdjFxdWozek11UkFCN3lSCmcvMjJWa2FQclZ2M0JQKzNWMUlsMituTXpKOGhCQUg2eXpWZGxQbzRnNWJrWGtqUFZQVStSZGxVdkhsMUV0TEoKV3hzckJrb3VDdjdab05xdkd5MWpXU3ZUd2JyYgotLS0tLUVORCBDRVJUSUZJQ0FURS0tLS0tCg==",
            "content_base64sha256": "3vBRmLnAfm8E6cOsIOqdNIHqF8P75VizvMQYY7NktJk=",
            "content_base64sha512": "ty4JvhEORqGDue4EWeHV3xUB1toTvjK0igP/mJiNxoOKEurqVoYgU58IuMXMBt27x2QdOyaUF44GPkgeyQY62A==",
            "content_md5": "39c92cb656cb6105bb213d9d7ff2767f",
            "content_sha1": "ec83dd1438efa5cba88b5af6e79230395f2d2053",
            "content_sha256": "def05198b9c07e6f04e9c3ac20ea9d3481ea17c3fbe558b3bcc41863b364b499",
            "content_sha512": "b72e09be110e46a183b9ee0459e1d5df1501d6da13be32b48a03ff98988dc6838a12eaea568620539f08b8c5cc06ddbbc7641d3b2694178e063e481ec9063ad8",
            "filename": "modules/cert/self_signed_cert.pem",
            "id": "ec83dd1438efa5cba88b5af6e79230395f2d2053"
          },
          "sensitive_attributes": []
        }
      ]
    },
    {
      "module": "module.cert",
      "mode": "data",
      "type": "local_file",
      "name": "self_signed_key",
      "provider": "provider[\"registry.terraform.io/hashicorp/local\"]",
      "instances": [
        {
          "schema_version": 0,
          "attributes": {
            "content": "-----BEGIN PRIVATE KEY-----\nMIIEvQIBADANBgkqhkiG9w0BAQEFAASCBKcwggSjAgEAAoIBAQCZnET7iwa4iV6Q\nvUmlxIAWg5LGNX/MCsKfyCuRkkwMv/WfgqVW4uuy4wnMzIouVU4UaLxJWm+w2npI\nFKxo1IQ0QRocWmp9lcnyb6GLSJLy4ZWvC9Idrnateu/dgRb+TcGXHVMMJ/5hDpEP\nFLhAuDno72vVVUlm9bODfWhkrngpRmvzNI3XTWEsriC0GEGXOoD2tMVObesxkgMn\nvXCKuXmCC9oDI8qVEyW8fvqSr24p6ZkSuoRSxwuWYmBuEjARyeN71pKQfgTATw6R\n3SabYHlO0lYZqZ7+dk1z4ewjm2GLrLm3Kvuo3rU6f4lYITd5BAZUbHQf/1XKzPIJ\nQWhFDXK7AgMBAAECggEACWxTswFOp+gNZrWl8fGsUIqWaMBZbEvwr9qYtEppjegC\nClylBep6aQk9Iv9yg/B0ZL4evCU8cCNG7cBkPzNiP3kK6q2v61pSqXj9oPdnxFc1\nq9JUJmv7GHNP3ve5+wm2vtgWrcqPnqaacXa6Qtt0+fwjUlKeuR6Iz5/UKpulVWrF\nwZsLrcV7piUJUv8pKmvTpQTirhLzoQONYOX/0tnFgqhniGJxL42GU0XlCYRtr2o0\nwQEfhFw6iLYKjRnBK+hyIv9vvmkZr2oDnMuTZbNSB3eLLdmBfQjwUND9evnhiQt1\n+O6UqI6Yod2smKVELEoyEl7Wz9EovD49n+ana2EzYQKBgQDYqYcsR26dL+mxLn+R\ng+3+sSICyXePWaHIMHT6NhBfTsx7GfXDk/myRjug/D00vhBCS5+Uj/o2Cla9nuKT\nihGAPHZdaKK52geLCXfjY/DqHTgJctbmysyca0W4sxZeovF8Mckd7h7BigXdrS9M\nVz1v1Frp9813HRnisRh/6stGCwKBgQC1gBc22MpcxUL5GmCJQmt4/B7oyprwQQOV\njHPdXlgKZwAmNb3V+U6QmJzxqbXgyzjHbdFQlPK6ci1ub+ggyT8Pa9lbj+9Swzvs\nSt9L7DA3+IMkzsSrAfJopjX12HACEJfQYEQnxrnZIM1P036MblrYhI2Bf2l3bwBD\n6Sd8gQTkEQKBgCDtYsWv9XeeGH38+xY6XqkecnTJ+YmnrZanBqAgJ0zUxO7QezFG\nA+S8F8PXkdW6LO5mX9JML1KXL6eRxg12JkK+7Z40kMZ+BDd1MOs1/R8XYbTN5ysc\nFwyOoQH49aVcTib5yf7qeXIgb9PIxi9r8sJUG50DNA6uNYjmMTr/i/URAoGBAI51\nq8LxBmUqsBa2DW+vIowj2F8AJ/zMCvQm+gqXMqN3lTZomEiLFo+IOie0/X0kBb0D\nBXgqcRrG48H7NEgHred8z25+22oqs64UVpBRIsfL16PcZ6GSNaLOUyxUZhY4z/BO\nnzBZWyaCCKTPbFTtiYDJCgjK6Q1Fov+q0cN3wU8BAoGAf6xt6pUe4z4WqMhqfHS0\nohxcR0AWxsSmDq6wVCtG5B1mV3RlpJgd0Pxx2DRfPxMZbVkHjKUAjQfCtQnoRFtN\nwqg02mavEl4NStAy0Gc3E/t3RIcqJ7nlfL2iBnGnHyDEOcfLi7hyN0EqTRW2E7yx\n66/Kwn+EptEKWXBePyBBj10=\n-----END PRIVATE KEY-----\n",
            "content_base64": "LS0tLS1CRUdJTiBQUklWQVRFIEtFWS0tLS0tCk1JSUV2UUlCQURBTkJna3Foa2lHOXcwQkFRRUZBQVNDQktjd2dnU2pBZ0VBQW9JQkFRQ1puRVQ3aXdhNGlWNlEKdlVtbHhJQVdnNUxHTlgvTUNzS2Z5Q3VSa2t3TXYvV2ZncVZXNHV1eTR3bk16SW91VlU0VWFMeEpXbSt3Mm5wSQpGS3hvMUlRMFFSb2NXbXA5bGNueWI2R0xTSkx5NFpXdkM5SWRybmF0ZXUvZGdSYitUY0dYSFZNTUovNWhEcEVQCkZMaEF1RG5vNzJ2VlZVbG05Yk9EZldoa3JuZ3BSbXZ6TkkzWFRXRXNyaUMwR0VHWE9vRDJ0TVZPYmVzeGtnTW4KdlhDS3VYbUNDOW9ESThxVkV5VzhmdnFTcjI0cDZaa1N1b1JTeHd1V1ltQnVFakFSeWVONzFwS1FmZ1RBVHc2UgozU2FiWUhsTzBsWVpxWjcrZGsxejRld2ptMkdMckxtM0t2dW8zclU2ZjRsWUlUZDVCQVpVYkhRZi8xWEt6UElKClFXaEZEWEs3QWdNQkFBRUNnZ0VBQ1d4VHN3Rk9wK2dOWnJXbDhmR3NVSXFXYU1CWmJFdndyOXFZdEVwcGplZ0MKQ2x5bEJlcDZhUWs5SXY5eWcvQjBaTDRldkNVOGNDTkc3Y0JrUHpOaVAza0s2cTJ2NjFwU3FYajlvUGRueEZjMQpxOUpVSm12N0dITlAzdmU1K3dtMnZ0Z1dyY3FQbnFhYWNYYTZRdHQwK2Z3alVsS2V1UjZJejUvVUtwdWxWV3JGCndac0xyY1Y3cGlVSlV2OHBLbXZUcFFUaXJoTHpvUU9OWU9YLzB0bkZncWhuaUdKeEw0MkdVMFhsQ1lSdHIybzAKd1FFZmhGdzZpTFlLalJuQksraHlJdjl2dm1rWnIyb0RuTXVUWmJOU0IzZUxMZG1CZlFqd1VORDlldm5oaVF0MQorTzZVcUk2WW9kMnNtS1ZFTEVveUVsN1d6OUVvdkQ0OW4rYW5hMkV6WVFLQmdRRFlxWWNzUjI2ZEwrbXhMbitSCmcrMytzU0lDeVhlUFdhSElNSFQ2TmhCZlRzeDdHZlhEay9teVJqdWcvRDAwdmhCQ1M1K1VqL28yQ2xhOW51S1QKaWhHQVBIWmRhS0s1MmdlTENYZmpZL0RxSFRnSmN0Ym15c3ljYTBXNHN4WmVvdkY4TWNrZDdoN0JpZ1hkclM5TQpWejF2MUZycDk4MTNIUm5pc1JoLzZzdEdDd0tCZ1FDMWdCYzIyTXBjeFVMNUdtQ0pRbXQ0L0I3b3lwcndRUU9WCmpIUGRYbGdLWndBbU5iM1YrVTZRbUp6eHFiWGd5empIYmRGUWxQSzZjaTF1YitnZ3lUOFBhOWxiais5U3d6dnMKU3Q5TDdEQTMrSU1renNTckFmSm9walgxMkhBQ0VKZlFZRVFueHJuWklNMVAwMzZNYmxyWWhJMkJmMmwzYndCRAo2U2Q4Z1FUa0VRS0JnQ0R0WXNXdjlYZWVHSDM4K3hZNlhxa2VjblRKK1ltbnJaYW5CcUFnSjB6VXhPN1FlekZHCkErUzhGOFBYa2RXNkxPNW1YOUpNTDFLWEw2ZVJ4ZzEySmtLKzdaNDBrTVorQkRkMU1PczEvUjhYWWJUTjV5c2MKRnd5T29RSDQ5YVZjVGliNXlmN3FlWElnYjlQSXhpOXI4c0pVRzUwRE5BNnVOWWptTVRyL2kvVVJBb0dCQUk1MQpxOEx4Qm1VcXNCYTJEVyt2SW93ajJGOEFKL3pNQ3ZRbStncVhNcU4zbFRab21FaUxGbytJT2llMC9YMGtCYjBECkJYZ3FjUnJHNDhIN05FZ0hyZWQ4ejI1KzIyb3FzNjRVVnBCUklzZkwxNlBjWjZHU05hTE9VeXhVWmhZNHovQk8KbnpCWld5YUNDS1RQYkZUdGlZREpDZ2pLNlExRm92K3EwY04zd1U4QkFvR0FmNnh0NnBVZTR6NFdxTWhxZkhTMApvaHhjUjBBV3hzU21EcTZ3VkN0RzVCMW1WM1JscEpnZDBQeHgyRFJmUHhNWmJWa0hqS1VBalFmQ3RRbm9SRnROCndxZzAybWF2RWw0TlN0QXkwR2MzRS90M1JJY3FKN25sZkwyaUJuR25IeURFT2NmTGk3aHlOMEVxVFJXMkU3eXgKNjYvS3duK0VwdEVLV1hCZVB5QkJqMTA9Ci0tLS0tRU5EIFBSSVZBVEUgS0VZLS0tLS0K",
            "content_base64sha256": "Sotpvx0BFDdc6zPi0nnKonZ1XWEoEWJwTdtu+FydLq0=",
            "content_base64sha512": "HZ5ry1PVEItSY6ctPzfkrYP6p2di6tRIGCiojqxLsCtbZQU5/Shw4+IiTkIxVD+HY3EY7kLuQvYaEDX5DhDzgQ==",
            "content_md5": "f89eb8ee99fc344bca7285990a22ae98",
            "content_sha1": "eb62f026391368172a2ebaa511a3fc452f0c7376",
            "content_sha256": "4a8b69bf1d0114375ceb33e2d279caa276755d61281162704ddb6ef85c9d2ead",
            "content_sha512": "1d9e6bcb53d5108b5263a72d3f37e4ad83faa76762ead4481828a88eac4bb02b5b650539fd2870e3e2224e4231543f87637118ee42ee42f61a1035f90e10f381",
            "filename": "modules/cert/self_signed_key.pem",
            "id": "eb62f026391368172a2ebaa511a3fc452f0c7376"
          },
          "sensitive_attributes": []
        }
      ]
    },
    {
      "module": "module.cert",
      "mode": "managed",
      "type": "aws_acm_certificate",
      "name": "self_signed_cert",
      "provider": "provider[\"registry.terraform.io/hashicorp/aws\"]",
      "instances": [
        {
          "schema_version": 0,
          "attributes": {
            "arn": "arn:aws:acm:eu-central-1:905418387368:certificate/075d2526-dc11-4c5b-90a7-17cf4a311fd8",
            "certificate_authority_arn": "",
            "certificate_body": "-----BEGIN CERTIFICATE-----\nMIIDETCCAfmgAwIBAgIUfDidiDu16YNdNdnEe/yf+hCdTYIwDQYJKoZIhvcNAQEL\nBQAwGDEWMBQGA1UEAwwNbXlsYXJhdmVsLmNvbTAeFw0yNDA2MDMwODEzMzdaFw0y\nNTA2MDMwODEzMzdaMBgxFjAUBgNVBAMMDW15bGFyYXZlbC5jb20wggEiMA0GCSqG\nSIb3DQEBAQUAA4IBDwAwggEKAoIBAQCZnET7iwa4iV6QvUmlxIAWg5LGNX/MCsKf\nyCuRkkwMv/WfgqVW4uuy4wnMzIouVU4UaLxJWm+w2npIFKxo1IQ0QRocWmp9lcny\nb6GLSJLy4ZWvC9Idrnateu/dgRb+TcGXHVMMJ/5hDpEPFLhAuDno72vVVUlm9bOD\nfWhkrngpRmvzNI3XTWEsriC0GEGXOoD2tMVObesxkgMnvXCKuXmCC9oDI8qVEyW8\nfvqSr24p6ZkSuoRSxwuWYmBuEjARyeN71pKQfgTATw6R3SabYHlO0lYZqZ7+dk1z\n4ewjm2GLrLm3Kvuo3rU6f4lYITd5BAZUbHQf/1XKzPIJQWhFDXK7AgMBAAGjUzBR\nMB0GA1UdDgQWBBRWXj5b0wEtDhTKSVgiSw0dvYDCCDAfBgNVHSMEGDAWgBRWXj5b\n0wEtDhTKSVgiSw0dvYDCCDAPBgNVHRMBAf8EBTADAQH/MA0GCSqGSIb3DQEBCwUA\nA4IBAQBQdk3moFILcGe/p29gY5fViLyQhbUUc0ObwZqITIuX3V7HKmm7jotmyKtz\noCBOExsZD71l0kQbIPOcpg14I9Qulg8mUmdOu4dk04h6ZiA88TRlidRoB0eblqp5\nHNNfAtRsAR/kX2QrF75n1Fmhmg9d5K1Jv2LEg9NsWGchK9QGOQNfMgtjEmFqDRFO\nUjleXqZ6XYK5XSgHyYE6F4GnPBCByprFTrJG9vJLVDlitObDCv1quj3zMuRAB7yR\ng/22VkaPrVv3BP+3V1Il2+nMzJ8hBAH6yzVdlPo4g5bkXkjPVPU+RdlUvHl1EtLJ\nWxsrBkouCv7ZoNqvGy1jWSvTwbrb\n-----END CERTIFICATE-----\n",
            "certificate_chain": null,
            "domain_name": "mylaravel.com",
            "domain_validation_options": [],
            "early_renewal_duration": "",
            "id": "arn:aws:acm:eu-central-1:905418387368:certificate/075d2526-dc11-4c5b-90a7-17cf4a311fd8",
            "key_algorithm": "RSA_2048",
            "not_after": "2025-06-03T08:13:37Z",
            "not_before": "2024-06-03T08:13:37Z",
            "options": [
              {
                "certificate_transparency_logging_preference": "DISABLED"
              }
            ],
            "pending_renewal": false,
            "private_key": "-----BEGIN PRIVATE KEY-----\nMIIEvQIBADANBgkqhkiG9w0BAQEFAASCBKcwggSjAgEAAoIBAQCZnET7iwa4iV6Q\nvUmlxIAWg5LGNX/MCsKfyCuRkkwMv/WfgqVW4uuy4wnMzIouVU4UaLxJWm+w2npI\nFKxo1IQ0QRocWmp9lcnyb6GLSJLy4ZWvC9Idrnateu/dgRb+TcGXHVMMJ/5hDpEP\nFLhAuDno72vVVUlm9bODfWhkrngpRmvzNI3XTWEsriC0GEGXOoD2tMVObesxkgMn\nvXCKuXmCC9oDI8qVEyW8fvqSr24p6ZkSuoRSxwuWYmBuEjARyeN71pKQfgTATw6R\n3SabYHlO0lYZqZ7+dk1z4ewjm2GLrLm3Kvuo3rU6f4lYITd5BAZUbHQf/1XKzPIJ\nQWhFDXK7AgMBAAECggEACWxTswFOp+gNZrWl8fGsUIqWaMBZbEvwr9qYtEppjegC\nClylBep6aQk9Iv9yg/B0ZL4evCU8cCNG7cBkPzNiP3kK6q2v61pSqXj9oPdnxFc1\nq9JUJmv7GHNP3ve5+wm2vtgWrcqPnqaacXa6Qtt0+fwjUlKeuR6Iz5/UKpulVWrF\nwZsLrcV7piUJUv8pKmvTpQTirhLzoQONYOX/0tnFgqhniGJxL42GU0XlCYRtr2o0\nwQEfhFw6iLYKjRnBK+hyIv9vvmkZr2oDnMuTZbNSB3eLLdmBfQjwUND9evnhiQt1\n+O6UqI6Yod2smKVELEoyEl7Wz9EovD49n+ana2EzYQKBgQDYqYcsR26dL+mxLn+R\ng+3+sSICyXePWaHIMHT6NhBfTsx7GfXDk/myRjug/D00vhBCS5+Uj/o2Cla9nuKT\nihGAPHZdaKK52geLCXfjY/DqHTgJctbmysyca0W4sxZeovF8Mckd7h7BigXdrS9M\nVz1v1Frp9813HRnisRh/6stGCwKBgQC1gBc22MpcxUL5GmCJQmt4/B7oyprwQQOV\njHPdXlgKZwAmNb3V+U6QmJzxqbXgyzjHbdFQlPK6ci1ub+ggyT8Pa9lbj+9Swzvs\nSt9L7DA3+IMkzsSrAfJopjX12HACEJfQYEQnxrnZIM1P036MblrYhI2Bf2l3bwBD\n6Sd8gQTkEQKBgCDtYsWv9XeeGH38+xY6XqkecnTJ+YmnrZanBqAgJ0zUxO7QezFG\nA+S8F8PXkdW6LO5mX9JML1KXL6eRxg12JkK+7Z40kMZ+BDd1MOs1/R8XYbTN5ysc\nFwyOoQH49aVcTib5yf7qeXIgb9PIxi9r8sJUG50DNA6uNYjmMTr/i/URAoGBAI51\nq8LxBmUqsBa2DW+vIowj2F8AJ/zMCvQm+gqXMqN3lTZomEiLFo+IOie0/X0kBb0D\nBXgqcRrG48H7NEgHred8z25+22oqs64UVpBRIsfL16PcZ6GSNaLOUyxUZhY4z/BO\nnzBZWyaCCKTPbFTtiYDJCgjK6Q1Fov+q0cN3wU8BAoGAf6xt6pUe4z4WqMhqfHS0\nohxcR0AWxsSmDq6wVCtG5B1mV3RlpJgd0Pxx2DRfPxMZbVkHjKUAjQfCtQnoRFtN\nwqg02mavEl4NStAy0Gc3E/t3RIcqJ7nlfL2iBnGnHyDEOcfLi7hyN0EqTRW2E7yx\n66/Kwn+EptEKWXBePyBBj10=\n-----END PRIVATE KEY-----\n",
            "renewal_eligibility": "INELIGIBLE",
            "renewal_summary": [],
            "status": "ISSUED",
            "subject_alternative_names": [
              "mylaravel.com"
            ],
            "tags": {
              "Name": "self-signed-cert"
            },
            "tags_all": {
              "Name": "self-signed-cert"
            },
            "type": "IMPORTED",
            "validation_emails": [],
            "validation_method": "NONE",
            "validation_option": []
          },
          "sensitive_attributes": [],
          "private": "bnVsbA==",
          "dependencies": [
            "module.cert.data.local_file.self_signed_cert",
            "module.cert.data.local_file.self_signed_key",
            "module.cert.null_resource.generate_self_signed_cert"
          ]
        }
      ]
    },
    {
      "module": "module.cert",
      "mode": "managed",
      "type": "null_resource",
      "name": "generate_self_signed_cert",
      "provider": "provider[\"registry.terraform.io/hashicorp/null\"]",
      "instances": [
        {
          "schema_version": 0,
          "attributes": {
            "id": "1893914049494253749",
            "triggers": {
              "always_run": "2024-06-03T12:03:47Z"
            }
          },
          "sensitive_attributes": []
        }
      ]
    },
    {
      "module": "module.ecr",
      "mode": "managed",
      "type": "aws_ecr_repository",
      "name": "ecr",
      "provider": "provider[\"registry.terraform.io/hashicorp/aws\"]",
      "instances": [
        {
          "schema_version": 0,
          "attributes": {
            "arn": "arn:aws:ecr:eu-central-1:905418387368:repository/laravel-acr",
            "encryption_configuration": [
              {
                "encryption_type": "AES256",
                "kms_key": ""
              }
            ],
            "force_delete": null,
            "id": "laravel-acr",
            "image_scanning_configuration": [
              {
                "scan_on_push": true
              }
            ],
            "image_tag_mutability": "MUTABLE",
            "name": "laravel-acr",
            "registry_id": "905418387368",
            "repository_url": "905418387368.dkr.ecr.eu-central-1.amazonaws.com/laravel-acr",
            "tags": null,
            "tags_all": {},
            "timeouts": null
          },
          "sensitive_attributes": [],
          "private": "eyJlMmJmYjczMC1lY2FhLTExZTYtOGY4OC0zNDM2M2JjN2M0YzAiOnsiZGVsZXRlIjoxMjAwMDAwMDAwMDAwfX0="
        }
      ]
    },
    {
      "module": "module.ecs",
      "mode": "managed",
      "type": "aws_ecs_cluster",
      "name": "ecs_cluster",
      "provider": "provider[\"registry.terraform.io/hashicorp/aws\"]",
      "instances": [
        {
          "schema_version": 0,
          "attributes": {
            "arn": "arn:aws:ecs:eu-central-1:905418387368:cluster/laravel-ecs-cluster",
            "configuration": [],
            "id": "arn:aws:ecs:eu-central-1:905418387368:cluster/laravel-ecs-cluster",
            "name": "laravel-ecs-cluster",
            "service_connect_defaults": [],
            "setting": [
              {
                "name": "containerInsights",
                "value": "disabled"
              }
            ],
            "tags": {},
            "tags_all": {}
          },
          "sensitive_attributes": [],
          "private": "bnVsbA=="
        }
      ]
    },
    {
      "module": "module.ecs",
      "mode": "managed",
      "type": "aws_ecs_service",
      "name": "ecs_service",
      "provider": "provider[\"registry.terraform.io/hashicorp/aws\"]",
      "instances": [
        {
          "schema_version": 0,
          "attributes": {
            "alarms": [],
            "capacity_provider_strategy": [],
            "cluster": "arn:aws:ecs:eu-central-1:905418387368:cluster/laravel-ecs-cluster",
            "deployment_circuit_breaker": [
              {
                "enable": false,
                "rollback": false
              }
            ],
            "deployment_controller": [
              {
                "type": "ECS"
              }
            ],
            "deployment_maximum_percent": 200,
            "deployment_minimum_healthy_percent": 100,
            "desired_count": 1,
            "enable_ecs_managed_tags": false,
            "enable_execute_command": false,
            "force_new_deployment": null,
            "health_check_grace_period_seconds": 0,
            "iam_role": "/aws-service-role/ecs.amazonaws.com/AWSServiceRoleForECS",
            "id": "arn:aws:ecs:eu-central-1:905418387368:service/laravel-ecs-cluster/my-vpc",
            "launch_type": "FARGATE",
            "load_balancer": [],
            "name": "my-vpc",
            "network_configuration": [
              {
                "assign_public_ip": false,
                "security_groups": [
                  "sg-020cbbf053e7a5458"
                ],
                "subnets": [
                  "subnet-0c130a67e9bff3e7b",
                  "subnet-0c3022649c3fe0148",
                  "subnet-0ee049a5441094c92"
                ]
              }
            ],
            "ordered_placement_strategy": [],
            "placement_constraints": [],
            "platform_version": "LATEST",
            "propagate_tags": "NONE",
            "scheduling_strategy": "REPLICA",
            "service_connect_configuration": [],
            "service_registries": [],
            "tags": {},
            "tags_all": {},
            "task_definition": "arn:aws:ecs:eu-central-1:905418387368:task-definition/my-vpc:6",
            "timeouts": null,
            "triggers": {},
            "volume_configuration": [],
            "wait_for_steady_state": false
          },
          "sensitive_attributes": [],
          "private": "eyJlMmJmYjczMC1lY2FhLTExZTYtOGY4OC0zNDM2M2JjN2M0YzAiOnsiY3JlYXRlIjoxMjAwMDAwMDAwMDAwLCJkZWxldGUiOjEyMDAwMDAwMDAwMDAsInVwZGF0ZSI6MTIwMDAwMDAwMDAwMH19",
          "dependencies": [
            "module.ecs.aws_ecs_cluster.ecs_cluster",
            "module.ecs.aws_ecs_task_definition.ecs_task",
            "module.ecs.aws_security_group.ecs_service_sg",
            "module.vpc.aws_subnet.private",
            "module.vpc.aws_vpc.this",
            "module.vpc.aws_vpc_ipv4_cidr_block_association.this"
          ]
        }
      ]
    },
    {
      "module": "module.ecs",
      "mode": "managed",
      "type": "aws_ecs_task_definition",
      "name": "ecs_task",
      "provider": "provider[\"registry.terraform.io/hashicorp/aws\"]",
      "instances": [
        {
          "schema_version": 1,
          "attributes": {
            "arn": "arn:aws:ecs:eu-central-1:905418387368:task-definition/my-vpc:6",
            "arn_without_revision": "arn:aws:ecs:eu-central-1:905418387368:task-definition/my-vpc",
            "container_definitions": "[{\"cpu\":0,\"environment\":[],\"essential\":true,\"image\":\"nginx\",\"mountPoints\":[],\"name\":\"my-container\",\"portMappings\":[{\"containerPort\":80,\"hostPort\":80,\"protocol\":\"tcp\"}],\"systemControls\":[],\"volumesFrom\":[]}]",
            "cpu": "256",
            "ephemeral_storage": [],
            "execution_role_arn": "",
            "family": "my-vpc",
            "id": "my-vpc",
            "inference_accelerator": [],
            "ipc_mode": "",
            "memory": "512",
            "network_mode": "awsvpc",
            "pid_mode": "",
            "placement_constraints": [],
            "proxy_configuration": [],
            "requires_compatibilities": [
              "FARGATE"
            ],
            "revision": 6,
            "runtime_platform": [],
            "skip_destroy": false,
            "tags": {},
            "tags_all": {},
            "task_role_arn": "",
            "track_latest": false,
            "volume": []
          },
          "sensitive_attributes": [],
          "private": "eyJzY2hlbWFfdmVyc2lvbiI6IjEifQ=="
        }
      ]
    },
    {
      "module": "module.ecs",
      "mode": "managed",
      "type": "aws_security_group",
      "name": "ecs_service_sg",
      "provider": "provider[\"registry.terraform.io/hashicorp/aws\"]",
      "instances": [
        {
          "schema_version": 1,
          "attributes": {
            "arn": "arn:aws:ec2:eu-central-1:905418387368:security-group/sg-020cbbf053e7a5458",
            "description": "Security group for ECS service",
            "egress": [
              {
                "cidr_blocks": [
                  "0.0.0.0/0"
                ],
                "description": "",
                "from_port": 0,
                "ipv6_cidr_blocks": [],
                "prefix_list_ids": [],
                "protocol": "-1",
                "security_groups": [],
                "self": false,
                "to_port": 0
              }
            ],
            "id": "sg-020cbbf053e7a5458",
            "ingress": [
              {
                "cidr_blocks": [
                  "0.0.0.0/0"
                ],
                "description": "",
                "from_port": 443,
                "ipv6_cidr_blocks": [],
                "prefix_list_ids": [],
                "protocol": "tcp",
                "security_groups": [],
                "self": false,
                "to_port": 443
              },
              {
                "cidr_blocks": [
                  "0.0.0.0/0"
                ],
                "description": "",
                "from_port": 80,
                "ipv6_cidr_blocks": [],
                "prefix_list_ids": [],
                "protocol": "tcp",
                "security_groups": [],
                "self": false,
                "to_port": 80
              }
            ],
            "name": "my-vpc-sg",
            "name_prefix": "",
            "owner_id": "905418387368",
            "revoke_rules_on_delete": false,
            "tags": {
              "Name": "my-vpc-sg"
            },
            "tags_all": {
              "Name": "my-vpc-sg"
            },
            "timeouts": null,
            "vpc_id": "vpc-0b3f8fcc60d846be5"
          },
          "sensitive_attributes": [],
          "private": "eyJlMmJmYjczMC1lY2FhLTExZTYtOGY4OC0zNDM2M2JjN2M0YzAiOnsiY3JlYXRlIjo2MDAwMDAwMDAwMDAsImRlbGV0ZSI6OTAwMDAwMDAwMDAwfSwic2NoZW1hX3ZlcnNpb24iOiIxIn0=",
          "dependencies": [
            "module.vpc.aws_vpc.this"
          ]
        }
      ]
    },
    {
      "module": "module.security_group",
      "mode": "managed",
      "type": "aws_security_group",
      "name": "alb_sg",
      "provider": "provider[\"registry.terraform.io/hashicorp/aws\"]",
      "instances": [
        {
          "schema_version": 1,
          "attributes": {
            "arn": "arn:aws:ec2:eu-central-1:905418387368:security-group/sg-05ce73f87ece5f1dd",
            "description": "Security group for ALB",
            "egress": [
              {
                "cidr_blocks": [
                  "0.0.0.0/0"
                ],
                "description": "",
                "from_port": 0,
                "ipv6_cidr_blocks": [],
                "prefix_list_ids": [],
                "protocol": "-1",
                "security_groups": [],
                "self": false,
                "to_port": 0
              }
            ],
            "id": "sg-05ce73f87ece5f1dd",
            "ingress": [
              {
                "cidr_blocks": [
                  "0.0.0.0/0"
                ],
                "description": "",
                "from_port": 443,
                "ipv6_cidr_blocks": [],
                "prefix_list_ids": [],
                "protocol": "tcp",
                "security_groups": [],
                "self": false,
                "to_port": 443
              },
              {
                "cidr_blocks": [
                  "0.0.0.0/0"
                ],
                "description": "",
                "from_port": 80,
                "ipv6_cidr_blocks": [],
                "prefix_list_ids": [],
                "protocol": "tcp",
                "security_groups": [],
                "self": false,
                "to_port": 80
              }
            ],
            "name": "my-vpc",
            "name_prefix": "",
            "owner_id": "905418387368",
            "revoke_rules_on_delete": false,
            "tags": {
              "Name": "alb-sg"
            },
            "tags_all": {
              "Name": "alb-sg"
            },
            "timeouts": null,
            "vpc_id": "vpc-0b3f8fcc60d846be5"
          },
          "sensitive_attributes": [],
          "private": "eyJlMmJmYjczMC1lY2FhLTExZTYtOGY4OC0zNDM2M2JjN2M0YzAiOnsiY3JlYXRlIjo2MDAwMDAwMDAwMDAsImRlbGV0ZSI6OTAwMDAwMDAwMDAwfSwic2NoZW1hX3ZlcnNpb24iOiIxIn0=",
          "dependencies": [
            "module.vpc.aws_vpc.this"
          ]
        }
      ]
    },
    {
      "module": "module.vpc",
      "mode": "managed",
      "type": "aws_default_network_acl",
      "name": "this",
      "provider": "provider[\"registry.terraform.io/hashicorp/aws\"]",
      "instances": [
        {
          "index_key": 0,
          "schema_version": 0,
          "attributes": {
            "arn": "arn:aws:ec2:eu-central-1:905418387368:network-acl/acl-05957361c2acc42c7",
            "default_network_acl_id": "acl-05957361c2acc42c7",
            "egress": [
              {
                "action": "allow",
                "cidr_block": "",
                "from_port": 0,
                "icmp_code": 0,
                "icmp_type": 0,
                "ipv6_cidr_block": "::/0",
                "protocol": "-1",
                "rule_no": 101,
                "to_port": 0
              },
              {
                "action": "allow",
                "cidr_block": "0.0.0.0/0",
                "from_port": 0,
                "icmp_code": 0,
                "icmp_type": 0,
                "ipv6_cidr_block": "",
                "protocol": "-1",
                "rule_no": 100,
                "to_port": 0
              }
            ],
            "id": "acl-05957361c2acc42c7",
            "ingress": [
              {
                "action": "allow",
                "cidr_block": "",
                "from_port": 0,
                "icmp_code": 0,
                "icmp_type": 0,
                "ipv6_cidr_block": "::/0",
                "protocol": "-1",
                "rule_no": 101,
                "to_port": 0
              },
              {
                "action": "allow",
                "cidr_block": "0.0.0.0/0",
                "from_port": 0,
                "icmp_code": 0,
                "icmp_type": 0,
                "ipv6_cidr_block": "",
                "protocol": "-1",
                "rule_no": 100,
                "to_port": 0
              }
            ],
            "owner_id": "905418387368",
            "subnet_ids": [
              "subnet-00c9d09819aad4c45",
              "subnet-0373189fb3d914f15",
              "subnet-0c04e67a81c88e880",
              "subnet-0c130a67e9bff3e7b",
              "subnet-0c3022649c3fe0148",
              "subnet-0ee049a5441094c92"
            ],
            "tags": {
              "Environment": "dev",
              "Name": "laravel-private-vpc-default",
              "Terraform": "true"
            },
            "tags_all": {
              "Environment": "dev",
              "Name": "laravel-private-vpc-default",
              "Terraform": "true"
            },
            "vpc_id": "vpc-0b3f8fcc60d846be5"
          },
          "sensitive_attributes": [],
          "private": "bnVsbA==",
          "dependencies": [
            "module.vpc.aws_vpc.this"
          ]
        }
      ]
    },
    {
      "module": "module.vpc",
      "mode": "managed",
      "type": "aws_default_route_table",
      "name": "default",
      "provider": "provider[\"registry.terraform.io/hashicorp/aws\"]",
      "instances": [
        {
          "index_key": 0,
          "schema_version": 0,
          "attributes": {
            "arn": "arn:aws:ec2:eu-central-1:905418387368:route-table/rtb-0bf0572864d85d1f5",
            "default_route_table_id": "rtb-0bf0572864d85d1f5",
            "id": "rtb-0bf0572864d85d1f5",
            "owner_id": "905418387368",
            "propagating_vgws": [],
            "route": [],
            "tags": {
              "Environment": "dev",
              "Name": "laravel-private-vpc-default",
              "Terraform": "true"
            },
            "tags_all": {
              "Environment": "dev",
              "Name": "laravel-private-vpc-default",
              "Terraform": "true"
            },
            "timeouts": {
              "create": "5m",
              "update": "5m"
            },
            "vpc_id": "vpc-0b3f8fcc60d846be5"
          },
          "sensitive_attributes": [],
          "private": "eyJlMmJmYjczMC1lY2FhLTExZTYtOGY4OC0zNDM2M2JjN2M0YzAiOnsiY3JlYXRlIjozMDAwMDAwMDAwMDAsInVwZGF0ZSI6MzAwMDAwMDAwMDAwfX0=",
          "dependencies": [
            "module.vpc.aws_vpc.this"
          ]
        }
      ]
    },
    {
      "module": "module.vpc",
      "mode": "managed",
      "type": "aws_default_security_group",
      "name": "this",
      "provider": "provider[\"registry.terraform.io/hashicorp/aws\"]",
      "instances": [
        {
          "index_key": 0,
          "schema_version": 1,
          "attributes": {
            "arn": "arn:aws:ec2:eu-central-1:905418387368:security-group/sg-05aea5401911f8a49",
            "description": "default VPC security group",
            "egress": [],
            "id": "sg-05aea5401911f8a49",
            "ingress": [],
            "name": "default",
            "name_prefix": "",
            "owner_id": "905418387368",
            "revoke_rules_on_delete": false,
            "tags": {
              "Environment": "dev",
              "Name": "laravel-private-vpc-default",
              "Terraform": "true"
            },
            "tags_all": {
              "Environment": "dev",
              "Name": "laravel-private-vpc-default",
              "Terraform": "true"
            },
            "vpc_id": "vpc-0b3f8fcc60d846be5"
          },
          "sensitive_attributes": [],
          "private": "eyJzY2hlbWFfdmVyc2lvbiI6IjEifQ==",
          "dependencies": [
            "module.vpc.aws_vpc.this"
          ]
        }
      ]
    },
    {
      "module": "module.vpc",
      "mode": "managed",
      "type": "aws_eip",
      "name": "nat",
      "provider": "provider[\"registry.terraform.io/hashicorp/aws\"]",
      "instances": [
        {
          "index_key": 0,
          "schema_version": 0,
          "attributes": {
            "address": null,
            "allocation_id": "eipalloc-049b028293ddc36f6",
            "arn": "arn:aws:ec2:eu-central-1:905418387368:elastic-ip/eipalloc-049b028293ddc36f6",
            "associate_with_private_ip": null,
            "association_id": "eipassoc-00c09d21b963afa89",
            "carrier_ip": "",
            "customer_owned_ip": "",
            "customer_owned_ipv4_pool": "",
            "domain": "vpc",
            "id": "eipalloc-049b028293ddc36f6",
            "instance": "",
            "network_border_group": "eu-central-1",
            "network_interface": "eni-0e0c882f59f70e13b",
            "private_dns": "ip-10-0-101-29.eu-central-1.compute.internal",
            "private_ip": "10.0.101.29",
            "ptr_record": "",
            "public_dns": "ec2-3-122-183-11.eu-central-1.compute.amazonaws.com",
            "public_ip": "3.122.183.11",
            "public_ipv4_pool": "amazon",
            "tags": {
              "Environment": "dev",
              "Name": "laravel-private-vpc-eu-central-1a",
              "Terraform": "true"
            },
            "tags_all": {
              "Environment": "dev",
              "Name": "laravel-private-vpc-eu-central-1a",
              "Terraform": "true"
            },
            "timeouts": null,
            "vpc": true
          },
          "sensitive_attributes": [],
          "private": "eyJlMmJmYjczMC1lY2FhLTExZTYtOGY4OC0zNDM2M2JjN2M0YzAiOnsiZGVsZXRlIjoxODAwMDAwMDAwMDAsInJlYWQiOjkwMDAwMDAwMDAwMCwidXBkYXRlIjozMDAwMDAwMDAwMDB9fQ==",
          "dependencies": [
            "module.vpc.aws_internet_gateway.this",
            "module.vpc.aws_vpc.this",
            "module.vpc.aws_vpc_ipv4_cidr_block_association.this"
          ]
        },
        {
          "index_key": 1,
          "schema_version": 0,
          "attributes": {
            "address": null,
            "allocation_id": "eipalloc-0ff45dd11705e8b5a",
            "arn": "arn:aws:ec2:eu-central-1:905418387368:elastic-ip/eipalloc-0ff45dd11705e8b5a",
            "associate_with_private_ip": null,
            "association_id": "eipassoc-08d8c73310bbcaa79",
            "carrier_ip": "",
            "customer_owned_ip": "",
            "customer_owned_ipv4_pool": "",
            "domain": "vpc",
            "id": "eipalloc-0ff45dd11705e8b5a",
            "instance": "",
            "network_border_group": "eu-central-1",
            "network_interface": "eni-0c42afc3e1a50ab73",
            "private_dns": "ip-10-0-102-223.eu-central-1.compute.internal",
            "private_ip": "10.0.102.223",
            "ptr_record": "",
            "public_dns": "ec2-18-157-248-242.eu-central-1.compute.amazonaws.com",
            "public_ip": "18.157.248.242",
            "public_ipv4_pool": "amazon",
            "tags": {
              "Environment": "dev",
              "Name": "laravel-private-vpc-eu-central-1b",
              "Terraform": "true"
            },
            "tags_all": {
              "Environment": "dev",
              "Name": "laravel-private-vpc-eu-central-1b",
              "Terraform": "true"
            },
            "timeouts": null,
            "vpc": true
          },
          "sensitive_attributes": [],
          "private": "eyJlMmJmYjczMC1lY2FhLTExZTYtOGY4OC0zNDM2M2JjN2M0YzAiOnsiZGVsZXRlIjoxODAwMDAwMDAwMDAsInJlYWQiOjkwMDAwMDAwMDAwMCwidXBkYXRlIjozMDAwMDAwMDAwMDB9fQ==",
          "dependencies": [
            "module.vpc.aws_internet_gateway.this",
            "module.vpc.aws_vpc.this",
            "module.vpc.aws_vpc_ipv4_cidr_block_association.this"
          ]
        },
        {
          "index_key": 2,
          "schema_version": 0,
          "attributes": {
            "address": null,
            "allocation_id": "eipalloc-047bfbc0e3fe4e776",
            "arn": "arn:aws:ec2:eu-central-1:905418387368:elastic-ip/eipalloc-047bfbc0e3fe4e776",
            "associate_with_private_ip": null,
            "association_id": "eipassoc-0e6374126cbebd60c",
            "carrier_ip": "",
            "customer_owned_ip": "",
            "customer_owned_ipv4_pool": "",
            "domain": "vpc",
            "id": "eipalloc-047bfbc0e3fe4e776",
            "instance": "",
            "network_border_group": "eu-central-1",
            "network_interface": "eni-09a9db77cf885a171",
            "private_dns": "ip-10-0-103-182.eu-central-1.compute.internal",
            "private_ip": "10.0.103.182",
            "ptr_record": "",
            "public_dns": "ec2-3-78-142-248.eu-central-1.compute.amazonaws.com",
            "public_ip": "3.78.142.248",
            "public_ipv4_pool": "amazon",
            "tags": {
              "Environment": "dev",
              "Name": "laravel-private-vpc-eu-central-1c",
              "Terraform": "true"
            },
            "tags_all": {
              "Environment": "dev",
              "Name": "laravel-private-vpc-eu-central-1c",
              "Terraform": "true"
            },
            "timeouts": null,
            "vpc": true
          },
          "sensitive_attributes": [],
          "private": "eyJlMmJmYjczMC1lY2FhLTExZTYtOGY4OC0zNDM2M2JjN2M0YzAiOnsiZGVsZXRlIjoxODAwMDAwMDAwMDAsInJlYWQiOjkwMDAwMDAwMDAwMCwidXBkYXRlIjozMDAwMDAwMDAwMDB9fQ==",
          "dependencies": [
            "module.vpc.aws_internet_gateway.this",
            "module.vpc.aws_vpc.this",
            "module.vpc.aws_vpc_ipv4_cidr_block_association.this"
          ]
        }
      ]
    },
    {
      "module": "module.vpc",
      "mode": "managed",
      "type": "aws_internet_gateway",
      "name": "this",
      "provider": "provider[\"registry.terraform.io/hashicorp/aws\"]",
      "instances": [
        {
          "index_key": 0,
          "schema_version": 0,
          "attributes": {
            "arn": "arn:aws:ec2:eu-central-1:905418387368:internet-gateway/igw-02b33518110a22a5c",
            "id": "igw-02b33518110a22a5c",
            "owner_id": "905418387368",
            "tags": {
              "Environment": "dev",
              "Name": "laravel-private-vpc",
              "Terraform": "true"
            },
            "tags_all": {
              "Environment": "dev",
              "Name": "laravel-private-vpc",
              "Terraform": "true"
            },
            "timeouts": null,
            "vpc_id": "vpc-0b3f8fcc60d846be5"
          },
          "sensitive_attributes": [],
          "private": "eyJlMmJmYjczMC1lY2FhLTExZTYtOGY4OC0zNDM2M2JjN2M0YzAiOnsiY3JlYXRlIjoxMjAwMDAwMDAwMDAwLCJkZWxldGUiOjEyMDAwMDAwMDAwMDAsInVwZGF0ZSI6MTIwMDAwMDAwMDAwMH19",
          "dependencies": [
            "module.vpc.aws_vpc.this",
            "module.vpc.aws_vpc_ipv4_cidr_block_association.this"
          ]
        }
      ]
    },
    {
      "module": "module.vpc",
      "mode": "managed",
      "type": "aws_nat_gateway",
      "name": "this",
      "provider": "provider[\"registry.terraform.io/hashicorp/aws\"]",
      "instances": [
        {
          "index_key": 0,
          "schema_version": 0,
          "attributes": {
            "allocation_id": "eipalloc-049b028293ddc36f6",
            "association_id": "eipassoc-00c09d21b963afa89",
            "connectivity_type": "public",
            "id": "nat-0a759ffe04d56f84e",
            "network_interface_id": "eni-0e0c882f59f70e13b",
            "private_ip": "10.0.101.29",
            "public_ip": "3.122.183.11",
            "secondary_allocation_ids": [],
            "secondary_private_ip_address_count": 0,
            "secondary_private_ip_addresses": [],
            "subnet_id": "subnet-00c9d09819aad4c45",
            "tags": {
              "Environment": "dev",
              "Name": "laravel-private-vpc-eu-central-1a",
              "Terraform": "true"
            },
            "tags_all": {
              "Environment": "dev",
              "Name": "laravel-private-vpc-eu-central-1a",
              "Terraform": "true"
            },
            "timeouts": null
          },
          "sensitive_attributes": [],
          "private": "eyJlMmJmYjczMC1lY2FhLTExZTYtOGY4OC0zNDM2M2JjN2M0YzAiOnsiY3JlYXRlIjo2MDAwMDAwMDAwMDAsImRlbGV0ZSI6MTgwMDAwMDAwMDAwMCwidXBkYXRlIjo2MDAwMDAwMDAwMDB9fQ==",
          "dependencies": [
            "module.vpc.aws_eip.nat",
            "module.vpc.aws_internet_gateway.this",
            "module.vpc.aws_subnet.public",
            "module.vpc.aws_vpc.this",
            "module.vpc.aws_vpc_ipv4_cidr_block_association.this"
          ]
        },
        {
          "index_key": 1,
          "schema_version": 0,
          "attributes": {
            "allocation_id": "eipalloc-0ff45dd11705e8b5a",
            "association_id": "eipassoc-08d8c73310bbcaa79",
            "connectivity_type": "public",
            "id": "nat-0be635180440c2360",
            "network_interface_id": "eni-0c42afc3e1a50ab73",
            "private_ip": "10.0.102.223",
            "public_ip": "18.157.248.242",
            "secondary_allocation_ids": [],
            "secondary_private_ip_address_count": 0,
            "secondary_private_ip_addresses": [],
            "subnet_id": "subnet-0c04e67a81c88e880",
            "tags": {
              "Environment": "dev",
              "Name": "laravel-private-vpc-eu-central-1b",
              "Terraform": "true"
            },
            "tags_all": {
              "Environment": "dev",
              "Name": "laravel-private-vpc-eu-central-1b",
              "Terraform": "true"
            },
            "timeouts": null
          },
          "sensitive_attributes": [],
          "private": "eyJlMmJmYjczMC1lY2FhLTExZTYtOGY4OC0zNDM2M2JjN2M0YzAiOnsiY3JlYXRlIjo2MDAwMDAwMDAwMDAsImRlbGV0ZSI6MTgwMDAwMDAwMDAwMCwidXBkYXRlIjo2MDAwMDAwMDAwMDB9fQ==",
          "dependencies": [
            "module.vpc.aws_eip.nat",
            "module.vpc.aws_internet_gateway.this",
            "module.vpc.aws_subnet.public",
            "module.vpc.aws_vpc.this",
            "module.vpc.aws_vpc_ipv4_cidr_block_association.this"
          ]
        },
        {
          "index_key": 2,
          "schema_version": 0,
          "attributes": {
            "allocation_id": "eipalloc-047bfbc0e3fe4e776",
            "association_id": "eipassoc-0e6374126cbebd60c",
            "connectivity_type": "public",
            "id": "nat-0a900caa2831d586e",
            "network_interface_id": "eni-09a9db77cf885a171",
            "private_ip": "10.0.103.182",
            "public_ip": "3.78.142.248",
            "secondary_allocation_ids": [],
            "secondary_private_ip_address_count": 0,
            "secondary_private_ip_addresses": [],
            "subnet_id": "subnet-0373189fb3d914f15",
            "tags": {
              "Environment": "dev",
              "Name": "laravel-private-vpc-eu-central-1c",
              "Terraform": "true"
            },
            "tags_all": {
              "Environment": "dev",
              "Name": "laravel-private-vpc-eu-central-1c",
              "Terraform": "true"
            },
            "timeouts": null
          },
          "sensitive_attributes": [],
          "private": "eyJlMmJmYjczMC1lY2FhLTExZTYtOGY4OC0zNDM2M2JjN2M0YzAiOnsiY3JlYXRlIjo2MDAwMDAwMDAwMDAsImRlbGV0ZSI6MTgwMDAwMDAwMDAwMCwidXBkYXRlIjo2MDAwMDAwMDAwMDB9fQ==",
          "dependencies": [
            "module.vpc.aws_eip.nat",
            "module.vpc.aws_internet_gateway.this",
            "module.vpc.aws_subnet.public",
            "module.vpc.aws_vpc.this",
            "module.vpc.aws_vpc_ipv4_cidr_block_association.this"
          ]
        }
      ]
    },
    {
      "module": "module.vpc",
      "mode": "managed",
      "type": "aws_route",
      "name": "private_nat_gateway",
      "provider": "provider[\"registry.terraform.io/hashicorp/aws\"]",
      "instances": [
        {
          "index_key": 0,
          "schema_version": 0,
          "attributes": {
            "carrier_gateway_id": "",
            "core_network_arn": "",
            "destination_cidr_block": "0.0.0.0/0",
            "destination_ipv6_cidr_block": "",
            "destination_prefix_list_id": "",
            "egress_only_gateway_id": "",
            "gateway_id": "",
            "id": "r-rtb-0222f8def98ebfdf61080289494",
            "instance_id": "",
            "instance_owner_id": "",
            "local_gateway_id": "",
            "nat_gateway_id": "nat-0a759ffe04d56f84e",
            "network_interface_id": "",
            "origin": "CreateRoute",
            "route_table_id": "rtb-0222f8def98ebfdf6",
            "state": "active",
            "timeouts": {
              "create": "5m",
              "delete": null,
              "update": null
            },
            "transit_gateway_id": "",
            "vpc_endpoint_id": "",
            "vpc_peering_connection_id": ""
          },
          "sensitive_attributes": [],
          "private": "eyJlMmJmYjczMC1lY2FhLTExZTYtOGY4OC0zNDM2M2JjN2M0YzAiOnsiY3JlYXRlIjozMDAwMDAwMDAwMDAsImRlbGV0ZSI6MzAwMDAwMDAwMDAwLCJ1cGRhdGUiOjEyMDAwMDAwMDAwMH19",
          "dependencies": [
            "module.vpc.aws_eip.nat",
            "module.vpc.aws_internet_gateway.this",
            "module.vpc.aws_nat_gateway.this",
            "module.vpc.aws_route_table.private",
            "module.vpc.aws_subnet.public",
            "module.vpc.aws_vpc.this",
            "module.vpc.aws_vpc_ipv4_cidr_block_association.this"
          ]
        },
        {
          "index_key": 1,
          "schema_version": 0,
          "attributes": {
            "carrier_gateway_id": "",
            "core_network_arn": "",
            "destination_cidr_block": "0.0.0.0/0",
            "destination_ipv6_cidr_block": "",
            "destination_prefix_list_id": "",
            "egress_only_gateway_id": "",
            "gateway_id": "",
            "id": "r-rtb-08b1a2d08770872f71080289494",
            "instance_id": "",
            "instance_owner_id": "",
            "local_gateway_id": "",
            "nat_gateway_id": "nat-0be635180440c2360",
            "network_interface_id": "",
            "origin": "CreateRoute",
            "route_table_id": "rtb-08b1a2d08770872f7",
            "state": "active",
            "timeouts": {
              "create": "5m",
              "delete": null,
              "update": null
            },
            "transit_gateway_id": "",
            "vpc_endpoint_id": "",
            "vpc_peering_connection_id": ""
          },
          "sensitive_attributes": [],
          "private": "eyJlMmJmYjczMC1lY2FhLTExZTYtOGY4OC0zNDM2M2JjN2M0YzAiOnsiY3JlYXRlIjozMDAwMDAwMDAwMDAsImRlbGV0ZSI6MzAwMDAwMDAwMDAwLCJ1cGRhdGUiOjEyMDAwMDAwMDAwMH19",
          "dependencies": [
            "module.vpc.aws_eip.nat",
            "module.vpc.aws_internet_gateway.this",
            "module.vpc.aws_nat_gateway.this",
            "module.vpc.aws_route_table.private",
            "module.vpc.aws_subnet.public",
            "module.vpc.aws_vpc.this",
            "module.vpc.aws_vpc_ipv4_cidr_block_association.this"
          ]
        },
        {
          "index_key": 2,
          "schema_version": 0,
          "attributes": {
            "carrier_gateway_id": "",
            "core_network_arn": "",
            "destination_cidr_block": "0.0.0.0/0",
            "destination_ipv6_cidr_block": "",
            "destination_prefix_list_id": "",
            "egress_only_gateway_id": "",
            "gateway_id": "",
            "id": "r-rtb-0a74c1a4616f1798e1080289494",
            "instance_id": "",
            "instance_owner_id": "",
            "local_gateway_id": "",
            "nat_gateway_id": "nat-0a900caa2831d586e",
            "network_interface_id": "",
            "origin": "CreateRoute",
            "route_table_id": "rtb-0a74c1a4616f1798e",
            "state": "active",
            "timeouts": {
              "create": "5m",
              "delete": null,
              "update": null
            },
            "transit_gateway_id": "",
            "vpc_endpoint_id": "",
            "vpc_peering_connection_id": ""
          },
          "sensitive_attributes": [],
          "private": "eyJlMmJmYjczMC1lY2FhLTExZTYtOGY4OC0zNDM2M2JjN2M0YzAiOnsiY3JlYXRlIjozMDAwMDAwMDAwMDAsImRlbGV0ZSI6MzAwMDAwMDAwMDAwLCJ1cGRhdGUiOjEyMDAwMDAwMDAwMH19",
          "dependencies": [
            "module.vpc.aws_eip.nat",
            "module.vpc.aws_internet_gateway.this",
            "module.vpc.aws_nat_gateway.this",
            "module.vpc.aws_route_table.private",
            "module.vpc.aws_subnet.public",
            "module.vpc.aws_vpc.this",
            "module.vpc.aws_vpc_ipv4_cidr_block_association.this"
          ]
        }
      ]
    },
    {
      "module": "module.vpc",
      "mode": "managed",
      "type": "aws_route",
      "name": "public_internet_gateway",
      "provider": "provider[\"registry.terraform.io/hashicorp/aws\"]",
      "instances": [
        {
          "index_key": 0,
          "schema_version": 0,
          "attributes": {
            "carrier_gateway_id": "",
            "core_network_arn": "",
            "destination_cidr_block": "0.0.0.0/0",
            "destination_ipv6_cidr_block": "",
            "destination_prefix_list_id": "",
            "egress_only_gateway_id": "",
            "gateway_id": "igw-02b33518110a22a5c",
            "id": "r-rtb-0550c1b1e2ec62b8d1080289494",
            "instance_id": "",
            "instance_owner_id": "",
            "local_gateway_id": "",
            "nat_gateway_id": "",
            "network_interface_id": "",
            "origin": "CreateRoute",
            "route_table_id": "rtb-0550c1b1e2ec62b8d",
            "state": "active",
            "timeouts": {
              "create": "5m",
              "delete": null,
              "update": null
            },
            "transit_gateway_id": "",
            "vpc_endpoint_id": "",
            "vpc_peering_connection_id": ""
          },
          "sensitive_attributes": [],
          "private": "eyJlMmJmYjczMC1lY2FhLTExZTYtOGY4OC0zNDM2M2JjN2M0YzAiOnsiY3JlYXRlIjozMDAwMDAwMDAwMDAsImRlbGV0ZSI6MzAwMDAwMDAwMDAwLCJ1cGRhdGUiOjEyMDAwMDAwMDAwMH19",
          "dependencies": [
            "module.vpc.aws_internet_gateway.this",
            "module.vpc.aws_route_table.public",
            "module.vpc.aws_vpc.this",
            "module.vpc.aws_vpc_ipv4_cidr_block_association.this"
          ]
        }
      ]
    },
    {
      "module": "module.vpc",
      "mode": "managed",
      "type": "aws_route_table",
      "name": "private",
      "provider": "provider[\"registry.terraform.io/hashicorp/aws\"]",
      "instances": [
        {
          "index_key": 0,
          "schema_version": 0,
          "attributes": {
            "arn": "arn:aws:ec2:eu-central-1:905418387368:route-table/rtb-0222f8def98ebfdf6",
            "id": "rtb-0222f8def98ebfdf6",
            "owner_id": "905418387368",
            "propagating_vgws": [],
            "route": [
              {
                "carrier_gateway_id": "",
                "cidr_block": "0.0.0.0/0",
                "core_network_arn": "",
                "destination_prefix_list_id": "",
                "egress_only_gateway_id": "",
                "gateway_id": "",
                "ipv6_cidr_block": "",
                "local_gateway_id": "",
                "nat_gateway_id": "nat-0a759ffe04d56f84e",
                "network_interface_id": "",
                "transit_gateway_id": "",
                "vpc_endpoint_id": "",
                "vpc_peering_connection_id": ""
              }
            ],
            "tags": {
              "Environment": "dev",
              "Name": "laravel-private-vpc-private-eu-central-1a",
              "Terraform": "true"
            },
            "tags_all": {
              "Environment": "dev",
              "Name": "laravel-private-vpc-private-eu-central-1a",
              "Terraform": "true"
            },
            "timeouts": null,
            "vpc_id": "vpc-0b3f8fcc60d846be5"
          },
          "sensitive_attributes": [],
          "private": "eyJlMmJmYjczMC1lY2FhLTExZTYtOGY4OC0zNDM2M2JjN2M0YzAiOnsiY3JlYXRlIjozMDAwMDAwMDAwMDAsImRlbGV0ZSI6MzAwMDAwMDAwMDAwLCJ1cGRhdGUiOjEyMDAwMDAwMDAwMH19",
          "dependencies": [
            "module.vpc.aws_vpc.this",
            "module.vpc.aws_vpc_ipv4_cidr_block_association.this"
          ]
        },
        {
          "index_key": 1,
          "schema_version": 0,
          "attributes": {
            "arn": "arn:aws:ec2:eu-central-1:905418387368:route-table/rtb-08b1a2d08770872f7",
            "id": "rtb-08b1a2d08770872f7",
            "owner_id": "905418387368",
            "propagating_vgws": [],
            "route": [
              {
                "carrier_gateway_id": "",
                "cidr_block": "0.0.0.0/0",
                "core_network_arn": "",
                "destination_prefix_list_id": "",
                "egress_only_gateway_id": "",
                "gateway_id": "",
                "ipv6_cidr_block": "",
                "local_gateway_id": "",
                "nat_gateway_id": "nat-0be635180440c2360",
                "network_interface_id": "",
                "transit_gateway_id": "",
                "vpc_endpoint_id": "",
                "vpc_peering_connection_id": ""
              }
            ],
            "tags": {
              "Environment": "dev",
              "Name": "laravel-private-vpc-private-eu-central-1b",
              "Terraform": "true"
            },
            "tags_all": {
              "Environment": "dev",
              "Name": "laravel-private-vpc-private-eu-central-1b",
              "Terraform": "true"
            },
            "timeouts": null,
            "vpc_id": "vpc-0b3f8fcc60d846be5"
          },
          "sensitive_attributes": [],
          "private": "eyJlMmJmYjczMC1lY2FhLTExZTYtOGY4OC0zNDM2M2JjN2M0YzAiOnsiY3JlYXRlIjozMDAwMDAwMDAwMDAsImRlbGV0ZSI6MzAwMDAwMDAwMDAwLCJ1cGRhdGUiOjEyMDAwMDAwMDAwMH19",
          "dependencies": [
            "module.vpc.aws_vpc.this",
            "module.vpc.aws_vpc_ipv4_cidr_block_association.this"
          ]
        },
        {
          "index_key": 2,
          "schema_version": 0,
          "attributes": {
            "arn": "arn:aws:ec2:eu-central-1:905418387368:route-table/rtb-0a74c1a4616f1798e",
            "id": "rtb-0a74c1a4616f1798e",
            "owner_id": "905418387368",
            "propagating_vgws": [],
            "route": [
              {
                "carrier_gateway_id": "",
                "cidr_block": "0.0.0.0/0",
                "core_network_arn": "",
                "destination_prefix_list_id": "",
                "egress_only_gateway_id": "",
                "gateway_id": "",
                "ipv6_cidr_block": "",
                "local_gateway_id": "",
                "nat_gateway_id": "nat-0a900caa2831d586e",
                "network_interface_id": "",
                "transit_gateway_id": "",
                "vpc_endpoint_id": "",
                "vpc_peering_connection_id": ""
              }
            ],
            "tags": {
              "Environment": "dev",
              "Name": "laravel-private-vpc-private-eu-central-1c",
              "Terraform": "true"
            },
            "tags_all": {
              "Environment": "dev",
              "Name": "laravel-private-vpc-private-eu-central-1c",
              "Terraform": "true"
            },
            "timeouts": null,
            "vpc_id": "vpc-0b3f8fcc60d846be5"
          },
          "sensitive_attributes": [],
          "private": "eyJlMmJmYjczMC1lY2FhLTExZTYtOGY4OC0zNDM2M2JjN2M0YzAiOnsiY3JlYXRlIjozMDAwMDAwMDAwMDAsImRlbGV0ZSI6MzAwMDAwMDAwMDAwLCJ1cGRhdGUiOjEyMDAwMDAwMDAwMH19",
          "dependencies": [
            "module.vpc.aws_vpc.this",
            "module.vpc.aws_vpc_ipv4_cidr_block_association.this"
          ]
        }
      ]
    },
    {
      "module": "module.vpc",
      "mode": "managed",
      "type": "aws_route_table",
      "name": "public",
      "provider": "provider[\"registry.terraform.io/hashicorp/aws\"]",
      "instances": [
        {
          "index_key": 0,
          "schema_version": 0,
          "attributes": {
            "arn": "arn:aws:ec2:eu-central-1:905418387368:route-table/rtb-0550c1b1e2ec62b8d",
            "id": "rtb-0550c1b1e2ec62b8d",
            "owner_id": "905418387368",
            "propagating_vgws": [],
            "route": [
              {
                "carrier_gateway_id": "",
                "cidr_block": "0.0.0.0/0",
                "core_network_arn": "",
                "destination_prefix_list_id": "",
                "egress_only_gateway_id": "",
                "gateway_id": "igw-02b33518110a22a5c",
                "ipv6_cidr_block": "",
                "local_gateway_id": "",
                "nat_gateway_id": "",
                "network_interface_id": "",
                "transit_gateway_id": "",
                "vpc_endpoint_id": "",
                "vpc_peering_connection_id": ""
              }
            ],
            "tags": {
              "Environment": "dev",
              "Name": "laravel-private-vpc-public",
              "Terraform": "true"
            },
            "tags_all": {
              "Environment": "dev",
              "Name": "laravel-private-vpc-public",
              "Terraform": "true"
            },
            "timeouts": null,
            "vpc_id": "vpc-0b3f8fcc60d846be5"
          },
          "sensitive_attributes": [],
          "private": "eyJlMmJmYjczMC1lY2FhLTExZTYtOGY4OC0zNDM2M2JjN2M0YzAiOnsiY3JlYXRlIjozMDAwMDAwMDAwMDAsImRlbGV0ZSI6MzAwMDAwMDAwMDAwLCJ1cGRhdGUiOjEyMDAwMDAwMDAwMH19",
          "dependencies": [
            "module.vpc.aws_vpc.this",
            "module.vpc.aws_vpc_ipv4_cidr_block_association.this"
          ]
        }
      ]
    },
    {
      "module": "module.vpc",
      "mode": "managed",
      "type": "aws_route_table_association",
      "name": "private",
      "provider": "provider[\"registry.terraform.io/hashicorp/aws\"]",
      "instances": [
        {
          "index_key": 0,
          "schema_version": 0,
          "attributes": {
            "gateway_id": "",
            "id": "rtbassoc-0367b9e8e0a767457",
            "route_table_id": "rtb-0222f8def98ebfdf6",
            "subnet_id": "subnet-0ee049a5441094c92",
            "timeouts": null
          },
          "sensitive_attributes": [],
          "private": "eyJlMmJmYjczMC1lY2FhLTExZTYtOGY4OC0zNDM2M2JjN2M0YzAiOnsiY3JlYXRlIjozMDAwMDAwMDAwMDAsImRlbGV0ZSI6MzAwMDAwMDAwMDAwLCJ1cGRhdGUiOjEyMDAwMDAwMDAwMH19",
          "dependencies": [
            "module.vpc.aws_route_table.private",
            "module.vpc.aws_subnet.private",
            "module.vpc.aws_vpc.this",
            "module.vpc.aws_vpc_ipv4_cidr_block_association.this"
          ]
        },
        {
          "index_key": 1,
          "schema_version": 0,
          "attributes": {
            "gateway_id": "",
            "id": "rtbassoc-0543f559ec83572d5",
            "route_table_id": "rtb-08b1a2d08770872f7",
            "subnet_id": "subnet-0c130a67e9bff3e7b",
            "timeouts": null
          },
          "sensitive_attributes": [],
          "private": "eyJlMmJmYjczMC1lY2FhLTExZTYtOGY4OC0zNDM2M2JjN2M0YzAiOnsiY3JlYXRlIjozMDAwMDAwMDAwMDAsImRlbGV0ZSI6MzAwMDAwMDAwMDAwLCJ1cGRhdGUiOjEyMDAwMDAwMDAwMH19",
          "dependencies": [
            "module.vpc.aws_route_table.private",
            "module.vpc.aws_subnet.private",
            "module.vpc.aws_vpc.this",
            "module.vpc.aws_vpc_ipv4_cidr_block_association.this"
          ]
        },
        {
          "index_key": 2,
          "schema_version": 0,
          "attributes": {
            "gateway_id": "",
            "id": "rtbassoc-0fe4326ab299de313",
            "route_table_id": "rtb-0a74c1a4616f1798e",
            "subnet_id": "subnet-0c3022649c3fe0148",
            "timeouts": null
          },
          "sensitive_attributes": [],
          "private": "eyJlMmJmYjczMC1lY2FhLTExZTYtOGY4OC0zNDM2M2JjN2M0YzAiOnsiY3JlYXRlIjozMDAwMDAwMDAwMDAsImRlbGV0ZSI6MzAwMDAwMDAwMDAwLCJ1cGRhdGUiOjEyMDAwMDAwMDAwMH19",
          "dependencies": [
            "module.vpc.aws_route_table.private",
            "module.vpc.aws_subnet.private",
            "module.vpc.aws_vpc.this",
            "module.vpc.aws_vpc_ipv4_cidr_block_association.this"
          ]
        }
      ]
    },
    {
      "module": "module.vpc",
      "mode": "managed",
      "type": "aws_route_table_association",
      "name": "public",
      "provider": "provider[\"registry.terraform.io/hashicorp/aws\"]",
      "instances": [
        {
          "index_key": 0,
          "schema_version": 0,
          "attributes": {
            "gateway_id": "",
            "id": "rtbassoc-08cf98c9f63c0b976",
            "route_table_id": "rtb-0550c1b1e2ec62b8d",
            "subnet_id": "subnet-00c9d09819aad4c45",
            "timeouts": null
          },
          "sensitive_attributes": [],
          "private": "eyJlMmJmYjczMC1lY2FhLTExZTYtOGY4OC0zNDM2M2JjN2M0YzAiOnsiY3JlYXRlIjozMDAwMDAwMDAwMDAsImRlbGV0ZSI6MzAwMDAwMDAwMDAwLCJ1cGRhdGUiOjEyMDAwMDAwMDAwMH19",
          "dependencies": [
            "module.vpc.aws_route_table.public",
            "module.vpc.aws_subnet.public",
            "module.vpc.aws_vpc.this",
            "module.vpc.aws_vpc_ipv4_cidr_block_association.this"
          ]
        },
        {
          "index_key": 1,
          "schema_version": 0,
          "attributes": {
            "gateway_id": "",
            "id": "rtbassoc-0b17201c75108e7f2",
            "route_table_id": "rtb-0550c1b1e2ec62b8d",
            "subnet_id": "subnet-0c04e67a81c88e880",
            "timeouts": null
          },
          "sensitive_attributes": [],
          "private": "eyJlMmJmYjczMC1lY2FhLTExZTYtOGY4OC0zNDM2M2JjN2M0YzAiOnsiY3JlYXRlIjozMDAwMDAwMDAwMDAsImRlbGV0ZSI6MzAwMDAwMDAwMDAwLCJ1cGRhdGUiOjEyMDAwMDAwMDAwMH19",
          "dependencies": [
            "module.vpc.aws_route_table.public",
            "module.vpc.aws_subnet.public",
            "module.vpc.aws_vpc.this",
            "module.vpc.aws_vpc_ipv4_cidr_block_association.this"
          ]
        },
        {
          "index_key": 2,
          "schema_version": 0,
          "attributes": {
            "gateway_id": "",
            "id": "rtbassoc-025035ab010dddf28",
            "route_table_id": "rtb-0550c1b1e2ec62b8d",
            "subnet_id": "subnet-0373189fb3d914f15",
            "timeouts": null
          },
          "sensitive_attributes": [],
          "private": "eyJlMmJmYjczMC1lY2FhLTExZTYtOGY4OC0zNDM2M2JjN2M0YzAiOnsiY3JlYXRlIjozMDAwMDAwMDAwMDAsImRlbGV0ZSI6MzAwMDAwMDAwMDAwLCJ1cGRhdGUiOjEyMDAwMDAwMDAwMH19",
          "dependencies": [
            "module.vpc.aws_route_table.public",
            "module.vpc.aws_subnet.public",
            "module.vpc.aws_vpc.this",
            "module.vpc.aws_vpc_ipv4_cidr_block_association.this"
          ]
        }
      ]
    },
    {
      "module": "module.vpc",
      "mode": "managed",
      "type": "aws_subnet",
      "name": "private",
      "provider": "provider[\"registry.terraform.io/hashicorp/aws\"]",
      "instances": [
        {
          "index_key": 0,
          "schema_version": 1,
          "attributes": {
            "arn": "arn:aws:ec2:eu-central-1:905418387368:subnet/subnet-0ee049a5441094c92",
            "assign_ipv6_address_on_creation": false,
            "availability_zone": "eu-central-1a",
            "availability_zone_id": "euc1-az2",
            "cidr_block": "10.0.1.0/24",
            "customer_owned_ipv4_pool": "",
            "enable_dns64": false,
            "enable_lni_at_device_index": 0,
            "enable_resource_name_dns_a_record_on_launch": false,
            "enable_resource_name_dns_aaaa_record_on_launch": false,
            "id": "subnet-0ee049a5441094c92",
            "ipv6_cidr_block": "",
            "ipv6_cidr_block_association_id": "",
            "ipv6_native": false,
            "map_customer_owned_ip_on_launch": false,
            "map_public_ip_on_launch": false,
            "outpost_arn": "",
            "owner_id": "905418387368",
            "private_dns_hostname_type_on_launch": "ip-name",
            "tags": {
              "Environment": "dev",
              "Name": "laravel-private-vpc-private-eu-central-1a",
              "Terraform": "true"
            },
            "tags_all": {
              "Environment": "dev",
              "Name": "laravel-private-vpc-private-eu-central-1a",
              "Terraform": "true"
            },
            "timeouts": null,
            "vpc_id": "vpc-0b3f8fcc60d846be5"
          },
          "sensitive_attributes": [],
          "private": "eyJlMmJmYjczMC1lY2FhLTExZTYtOGY4OC0zNDM2M2JjN2M0YzAiOnsiY3JlYXRlIjo2MDAwMDAwMDAwMDAsImRlbGV0ZSI6MTIwMDAwMDAwMDAwMH0sInNjaGVtYV92ZXJzaW9uIjoiMSJ9",
          "dependencies": [
            "module.vpc.aws_vpc.this",
            "module.vpc.aws_vpc_ipv4_cidr_block_association.this"
          ]
        },
        {
          "index_key": 1,
          "schema_version": 1,
          "attributes": {
            "arn": "arn:aws:ec2:eu-central-1:905418387368:subnet/subnet-0c130a67e9bff3e7b",
            "assign_ipv6_address_on_creation": false,
            "availability_zone": "eu-central-1b",
            "availability_zone_id": "euc1-az3",
            "cidr_block": "10.0.2.0/24",
            "customer_owned_ipv4_pool": "",
            "enable_dns64": false,
            "enable_lni_at_device_index": 0,
            "enable_resource_name_dns_a_record_on_launch": false,
            "enable_resource_name_dns_aaaa_record_on_launch": false,
            "id": "subnet-0c130a67e9bff3e7b",
            "ipv6_cidr_block": "",
            "ipv6_cidr_block_association_id": "",
            "ipv6_native": false,
            "map_customer_owned_ip_on_launch": false,
            "map_public_ip_on_launch": false,
            "outpost_arn": "",
            "owner_id": "905418387368",
            "private_dns_hostname_type_on_launch": "ip-name",
            "tags": {
              "Environment": "dev",
              "Name": "laravel-private-vpc-private-eu-central-1b",
              "Terraform": "true"
            },
            "tags_all": {
              "Environment": "dev",
              "Name": "laravel-private-vpc-private-eu-central-1b",
              "Terraform": "true"
            },
            "timeouts": null,
            "vpc_id": "vpc-0b3f8fcc60d846be5"
          },
          "sensitive_attributes": [],
          "private": "eyJlMmJmYjczMC1lY2FhLTExZTYtOGY4OC0zNDM2M2JjN2M0YzAiOnsiY3JlYXRlIjo2MDAwMDAwMDAwMDAsImRlbGV0ZSI6MTIwMDAwMDAwMDAwMH0sInNjaGVtYV92ZXJzaW9uIjoiMSJ9",
          "dependencies": [
            "module.vpc.aws_vpc.this",
            "module.vpc.aws_vpc_ipv4_cidr_block_association.this"
          ]
        },
        {
          "index_key": 2,
          "schema_version": 1,
          "attributes": {
            "arn": "arn:aws:ec2:eu-central-1:905418387368:subnet/subnet-0c3022649c3fe0148",
            "assign_ipv6_address_on_creation": false,
            "availability_zone": "eu-central-1c",
            "availability_zone_id": "euc1-az1",
            "cidr_block": "10.0.3.0/24",
            "customer_owned_ipv4_pool": "",
            "enable_dns64": false,
            "enable_lni_at_device_index": 0,
            "enable_resource_name_dns_a_record_on_launch": false,
            "enable_resource_name_dns_aaaa_record_on_launch": false,
            "id": "subnet-0c3022649c3fe0148",
            "ipv6_cidr_block": "",
            "ipv6_cidr_block_association_id": "",
            "ipv6_native": false,
            "map_customer_owned_ip_on_launch": false,
            "map_public_ip_on_launch": false,
            "outpost_arn": "",
            "owner_id": "905418387368",
            "private_dns_hostname_type_on_launch": "ip-name",
            "tags": {
              "Environment": "dev",
              "Name": "laravel-private-vpc-private-eu-central-1c",
              "Terraform": "true"
            },
            "tags_all": {
              "Environment": "dev",
              "Name": "laravel-private-vpc-private-eu-central-1c",
              "Terraform": "true"
            },
            "timeouts": null,
            "vpc_id": "vpc-0b3f8fcc60d846be5"
          },
          "sensitive_attributes": [],
          "private": "eyJlMmJmYjczMC1lY2FhLTExZTYtOGY4OC0zNDM2M2JjN2M0YzAiOnsiY3JlYXRlIjo2MDAwMDAwMDAwMDAsImRlbGV0ZSI6MTIwMDAwMDAwMDAwMH0sInNjaGVtYV92ZXJzaW9uIjoiMSJ9",
          "dependencies": [
            "module.vpc.aws_vpc.this",
            "module.vpc.aws_vpc_ipv4_cidr_block_association.this"
          ]
        }
      ]
    },
    {
      "module": "module.vpc",
      "mode": "managed",
      "type": "aws_subnet",
      "name": "public",
      "provider": "provider[\"registry.terraform.io/hashicorp/aws\"]",
      "instances": [
        {
          "index_key": 0,
          "schema_version": 1,
          "attributes": {
            "arn": "arn:aws:ec2:eu-central-1:905418387368:subnet/subnet-00c9d09819aad4c45",
            "assign_ipv6_address_on_creation": false,
            "availability_zone": "eu-central-1a",
            "availability_zone_id": "euc1-az2",
            "cidr_block": "10.0.101.0/24",
            "customer_owned_ipv4_pool": "",
            "enable_dns64": false,
            "enable_lni_at_device_index": 0,
            "enable_resource_name_dns_a_record_on_launch": false,
            "enable_resource_name_dns_aaaa_record_on_launch": false,
            "id": "subnet-00c9d09819aad4c45",
            "ipv6_cidr_block": "",
            "ipv6_cidr_block_association_id": "",
            "ipv6_native": false,
            "map_customer_owned_ip_on_launch": false,
            "map_public_ip_on_launch": false,
            "outpost_arn": "",
            "owner_id": "905418387368",
            "private_dns_hostname_type_on_launch": "ip-name",
            "tags": {
              "Environment": "dev",
              "Name": "laravel-private-vpc-public-eu-central-1a",
              "Terraform": "true"
            },
            "tags_all": {
              "Environment": "dev",
              "Name": "laravel-private-vpc-public-eu-central-1a",
              "Terraform": "true"
            },
            "timeouts": null,
            "vpc_id": "vpc-0b3f8fcc60d846be5"
          },
          "sensitive_attributes": [],
          "private": "eyJlMmJmYjczMC1lY2FhLTExZTYtOGY4OC0zNDM2M2JjN2M0YzAiOnsiY3JlYXRlIjo2MDAwMDAwMDAwMDAsImRlbGV0ZSI6MTIwMDAwMDAwMDAwMH0sInNjaGVtYV92ZXJzaW9uIjoiMSJ9",
          "dependencies": [
            "module.vpc.aws_vpc.this",
            "module.vpc.aws_vpc_ipv4_cidr_block_association.this"
          ]
        },
        {
          "index_key": 1,
          "schema_version": 1,
          "attributes": {
            "arn": "arn:aws:ec2:eu-central-1:905418387368:subnet/subnet-0c04e67a81c88e880",
            "assign_ipv6_address_on_creation": false,
            "availability_zone": "eu-central-1b",
            "availability_zone_id": "euc1-az3",
            "cidr_block": "10.0.102.0/24",
            "customer_owned_ipv4_pool": "",
            "enable_dns64": false,
            "enable_lni_at_device_index": 0,
            "enable_resource_name_dns_a_record_on_launch": false,
            "enable_resource_name_dns_aaaa_record_on_launch": false,
            "id": "subnet-0c04e67a81c88e880",
            "ipv6_cidr_block": "",
            "ipv6_cidr_block_association_id": "",
            "ipv6_native": false,
            "map_customer_owned_ip_on_launch": false,
            "map_public_ip_on_launch": false,
            "outpost_arn": "",
            "owner_id": "905418387368",
            "private_dns_hostname_type_on_launch": "ip-name",
            "tags": {
              "Environment": "dev",
              "Name": "laravel-private-vpc-public-eu-central-1b",
              "Terraform": "true"
            },
            "tags_all": {
              "Environment": "dev",
              "Name": "laravel-private-vpc-public-eu-central-1b",
              "Terraform": "true"
            },
            "timeouts": null,
            "vpc_id": "vpc-0b3f8fcc60d846be5"
          },
          "sensitive_attributes": [],
          "private": "eyJlMmJmYjczMC1lY2FhLTExZTYtOGY4OC0zNDM2M2JjN2M0YzAiOnsiY3JlYXRlIjo2MDAwMDAwMDAwMDAsImRlbGV0ZSI6MTIwMDAwMDAwMDAwMH0sInNjaGVtYV92ZXJzaW9uIjoiMSJ9",
          "dependencies": [
            "module.vpc.aws_vpc.this",
            "module.vpc.aws_vpc_ipv4_cidr_block_association.this"
          ]
        },
        {
          "index_key": 2,
          "schema_version": 1,
          "attributes": {
            "arn": "arn:aws:ec2:eu-central-1:905418387368:subnet/subnet-0373189fb3d914f15",
            "assign_ipv6_address_on_creation": false,
            "availability_zone": "eu-central-1c",
            "availability_zone_id": "euc1-az1",
            "cidr_block": "10.0.103.0/24",
            "customer_owned_ipv4_pool": "",
            "enable_dns64": false,
            "enable_lni_at_device_index": 0,
            "enable_resource_name_dns_a_record_on_launch": false,
            "enable_resource_name_dns_aaaa_record_on_launch": false,
            "id": "subnet-0373189fb3d914f15",
            "ipv6_cidr_block": "",
            "ipv6_cidr_block_association_id": "",
            "ipv6_native": false,
            "map_customer_owned_ip_on_launch": false,
            "map_public_ip_on_launch": false,
            "outpost_arn": "",
            "owner_id": "905418387368",
            "private_dns_hostname_type_on_launch": "ip-name",
            "tags": {
              "Environment": "dev",
              "Name": "laravel-private-vpc-public-eu-central-1c",
              "Terraform": "true"
            },
            "tags_all": {
              "Environment": "dev",
              "Name": "laravel-private-vpc-public-eu-central-1c",
              "Terraform": "true"
            },
            "timeouts": null,
            "vpc_id": "vpc-0b3f8fcc60d846be5"
          },
          "sensitive_attributes": [],
          "private": "eyJlMmJmYjczMC1lY2FhLTExZTYtOGY4OC0zNDM2M2JjN2M0YzAiOnsiY3JlYXRlIjo2MDAwMDAwMDAwMDAsImRlbGV0ZSI6MTIwMDAwMDAwMDAwMH0sInNjaGVtYV92ZXJzaW9uIjoiMSJ9",
          "dependencies": [
            "module.vpc.aws_vpc.this",
            "module.vpc.aws_vpc_ipv4_cidr_block_association.this"
          ]
        }
      ]
    },
    {
      "module": "module.vpc",
      "mode": "managed",
      "type": "aws_vpc",
      "name": "this",
      "provider": "provider[\"registry.terraform.io/hashicorp/aws\"]",
      "instances": [
        {
          "index_key": 0,
          "schema_version": 1,
          "attributes": {
            "arn": "arn:aws:ec2:eu-central-1:905418387368:vpc/vpc-0b3f8fcc60d846be5",
            "assign_generated_ipv6_cidr_block": false,
            "cidr_block": "10.0.0.0/16",
            "default_network_acl_id": "acl-05957361c2acc42c7",
            "default_route_table_id": "rtb-0bf0572864d85d1f5",
            "default_security_group_id": "sg-05aea5401911f8a49",
            "dhcp_options_id": "dopt-0b9e48f7a58967c5f",
            "enable_dns_hostnames": true,
            "enable_dns_support": true,
            "enable_network_address_usage_metrics": false,
            "id": "vpc-0b3f8fcc60d846be5",
            "instance_tenancy": "default",
            "ipv4_ipam_pool_id": null,
            "ipv4_netmask_length": null,
            "ipv6_association_id": "",
            "ipv6_cidr_block": "",
            "ipv6_cidr_block_network_border_group": "",
            "ipv6_ipam_pool_id": "",
            "ipv6_netmask_length": 0,
            "main_route_table_id": "rtb-0bf0572864d85d1f5",
            "owner_id": "905418387368",
            "tags": {
              "Environment": "dev",
              "Name": "laravel-private-vpc",
              "Terraform": "true"
            },
            "tags_all": {
              "Environment": "dev",
              "Name": "laravel-private-vpc",
              "Terraform": "true"
            }
          },
          "sensitive_attributes": [],
          "private": "eyJzY2hlbWFfdmVyc2lvbiI6IjEifQ=="
        }
      ]
    }
  ],
  "check_results": null
}
